// !$*UTF8*$!
{
	archiveVersion = 1;
	classes = {
	};
	objectVersion = 46;
	objects = {

/* Begin PBXBuildFile section */
		120B77FF1EA395EC00D34440 /* Main.storyboard in Resources */ = {isa = PBXBuildFile; fileRef = 120B77FD1EA395EC00D34440 /* Main.storyboard */; };
		120B78011EA3960D00D34440 /* LaunchScreen.xib in Resources */ = {isa = PBXBuildFile; fileRef = 120B78001EA3960D00D34440 /* LaunchScreen.xib */; };
		120B78031EA3968700D34440 /* ViewController.swift in Sources */ = {isa = PBXBuildFile; fileRef = 120B78021EA3968700D34440 /* ViewController.swift */; };
		120B78051EA3969600D34440 /* RecognizerController.swift in Sources */ = {isa = PBXBuildFile; fileRef = 120B78041EA3969600D34440 /* RecognizerController.swift */; };
		120B78071EA396A000D34440 /* GeneratorController.swift in Sources */ = {isa = PBXBuildFile; fileRef = 120B78061EA396A000D34440 /* GeneratorController.swift */; };
		120B780A1EA3977300D34440 /* UIImage+.swift in Sources */ = {isa = PBXBuildFile; fileRef = 120B78091EA3977300D34440 /* UIImage+.swift */; };
		120B78411EA39E1B00D34440 /* AppDelegate.swift in Sources */ = {isa = PBXBuildFile; fileRef = 120B78401EA39E1B00D34440 /* AppDelegate.swift */; };
		120B785D1EA3A9FE00D34440 /* EFQRCode.framework in Frameworks */ = {isa = PBXBuildFile; fileRef = 120B784E1EA3A9E100D34440 /* EFQRCode.framework */; };
		120B785E1EA3AA1100D34440 /* EFQRCode.framework in Copy Frameworks */ = {isa = PBXBuildFile; fileRef = 120B784E1EA3A9E100D34440 /* EFQRCode.framework */; settings = {ATTRIBUTES = (CodeSignOnCopy, RemoveHeadersOnCopy, ); }; };
		126EBCB11F99D91400D0B536 /* ConstraintMultiplierTarget.swift in Sources */ = {isa = PBXBuildFile; fileRef = 126EBC8D1F99D91400D0B536 /* ConstraintMultiplierTarget.swift */; };
		126EBCB21F99D91400D0B536 /* LayoutConstraintItem.swift in Sources */ = {isa = PBXBuildFile; fileRef = 126EBC8E1F99D91400D0B536 /* LayoutConstraintItem.swift */; };
		126EBCB31F99D91400D0B536 /* ConstraintDescription.swift in Sources */ = {isa = PBXBuildFile; fileRef = 126EBC8F1F99D91400D0B536 /* ConstraintDescription.swift */; };
		126EBCB41F99D91400D0B536 /* ConstraintMakerPriortizable.swift in Sources */ = {isa = PBXBuildFile; fileRef = 126EBC901F99D91400D0B536 /* ConstraintMakerPriortizable.swift */; };
		126EBCB51F99D91400D0B536 /* ConstraintAttributes.swift in Sources */ = {isa = PBXBuildFile; fileRef = 126EBC911F99D91400D0B536 /* ConstraintAttributes.swift */; };
		126EBCB61F99D91400D0B536 /* ConstraintViewDSL.swift in Sources */ = {isa = PBXBuildFile; fileRef = 126EBC921F99D91400D0B536 /* ConstraintViewDSL.swift */; };
		126EBCB71F99D91400D0B536 /* ConstraintPriorityTarget.swift in Sources */ = {isa = PBXBuildFile; fileRef = 126EBC931F99D91400D0B536 /* ConstraintPriorityTarget.swift */; };
		126EBCB81F99D91400D0B536 /* ConstraintInsets.swift in Sources */ = {isa = PBXBuildFile; fileRef = 126EBC941F99D91400D0B536 /* ConstraintInsets.swift */; };
		126EBCB91F99D91400D0B536 /* ConstraintMakerFinalizable.swift in Sources */ = {isa = PBXBuildFile; fileRef = 126EBC951F99D91400D0B536 /* ConstraintMakerFinalizable.swift */; };
		126EBCBA1F99D91400D0B536 /* ConstraintDSL.swift in Sources */ = {isa = PBXBuildFile; fileRef = 126EBC961F99D91400D0B536 /* ConstraintDSL.swift */; };
		126EBCBB1F99D91400D0B536 /* ConstraintMakerExtendable.swift in Sources */ = {isa = PBXBuildFile; fileRef = 126EBC971F99D91400D0B536 /* ConstraintMakerExtendable.swift */; };
		126EBCBC1F99D91400D0B536 /* ConstraintPriority.swift in Sources */ = {isa = PBXBuildFile; fileRef = 126EBC981F99D91400D0B536 /* ConstraintPriority.swift */; };
		126EBCBD1F99D91400D0B536 /* ConstraintInsetTarget.swift in Sources */ = {isa = PBXBuildFile; fileRef = 126EBC991F99D91400D0B536 /* ConstraintInsetTarget.swift */; };
		126EBCBE1F99D91400D0B536 /* ConstraintConfig.swift in Sources */ = {isa = PBXBuildFile; fileRef = 126EBC9B1F99D91400D0B536 /* ConstraintConfig.swift */; };
		126EBCBF1F99D91500D0B536 /* UILayoutSupport+Extensions.swift in Sources */ = {isa = PBXBuildFile; fileRef = 126EBC9C1F99D91400D0B536 /* UILayoutSupport+Extensions.swift */; };
		126EBCC01F99D91500D0B536 /* ConstraintView.swift in Sources */ = {isa = PBXBuildFile; fileRef = 126EBC9D1F99D91400D0B536 /* ConstraintView.swift */; };
		126EBCC11F99D91500D0B536 /* ConstraintLayoutGuide.swift in Sources */ = {isa = PBXBuildFile; fileRef = 126EBC9E1F99D91400D0B536 /* ConstraintLayoutGuide.swift */; };
		126EBCC21F99D91500D0B536 /* ConstraintLayoutSupport.swift in Sources */ = {isa = PBXBuildFile; fileRef = 126EBC9F1F99D91400D0B536 /* ConstraintLayoutSupport.swift */; };
		126EBCC31F99D91500D0B536 /* Typealiases.swift in Sources */ = {isa = PBXBuildFile; fileRef = 126EBCA01F99D91400D0B536 /* Typealiases.swift */; };
		126EBCC41F99D91500D0B536 /* ConstraintConstantTarget.swift in Sources */ = {isa = PBXBuildFile; fileRef = 126EBCA11F99D91400D0B536 /* ConstraintConstantTarget.swift */; };
		126EBCC51F99D91500D0B536 /* ConstraintOffsetTarget.swift in Sources */ = {isa = PBXBuildFile; fileRef = 126EBCA21F99D91400D0B536 /* ConstraintOffsetTarget.swift */; };
		126EBCC61F99D91500D0B536 /* ConstraintMakerEditable.swift in Sources */ = {isa = PBXBuildFile; fileRef = 126EBCA31F99D91400D0B536 /* ConstraintMakerEditable.swift */; };
		126EBCC71F99D91500D0B536 /* ConstraintMaker.swift in Sources */ = {isa = PBXBuildFile; fileRef = 126EBCA41F99D91400D0B536 /* ConstraintMaker.swift */; };
		126EBCC81F99D91500D0B536 /* ConstraintRelation.swift in Sources */ = {isa = PBXBuildFile; fileRef = 126EBCA51F99D91400D0B536 /* ConstraintRelation.swift */; };
		126EBCC91F99D91500D0B536 /* ConstraintLayoutGuideDSL.swift in Sources */ = {isa = PBXBuildFile; fileRef = 126EBCA61F99D91400D0B536 /* ConstraintLayoutGuideDSL.swift */; };
		126EBCCA1F99D91500D0B536 /* ConstraintView+Extensions.swift in Sources */ = {isa = PBXBuildFile; fileRef = 126EBCA71F99D91400D0B536 /* ConstraintView+Extensions.swift */; };
		126EBCCB1F99D91500D0B536 /* ConstraintItem.swift in Sources */ = {isa = PBXBuildFile; fileRef = 126EBCA81F99D91400D0B536 /* ConstraintItem.swift */; };
		126EBCCC1F99D91500D0B536 /* Constraint.swift in Sources */ = {isa = PBXBuildFile; fileRef = 126EBCA91F99D91400D0B536 /* Constraint.swift */; };
		126EBCCD1F99D91500D0B536 /* Debugging.swift in Sources */ = {isa = PBXBuildFile; fileRef = 126EBCAA1F99D91400D0B536 /* Debugging.swift */; };
		126EBCCE1F99D91500D0B536 /* ConstraintRelatableTarget.swift in Sources */ = {isa = PBXBuildFile; fileRef = 126EBCAB1F99D91400D0B536 /* ConstraintRelatableTarget.swift */; };
		126EBCD01F99D91500D0B536 /* LayoutConstraint.swift in Sources */ = {isa = PBXBuildFile; fileRef = 126EBCAD1F99D91400D0B536 /* LayoutConstraint.swift */; };
		126EBCD11F99D91500D0B536 /* ConstraintLayoutGuide+Extensions.swift in Sources */ = {isa = PBXBuildFile; fileRef = 126EBCAE1F99D91400D0B536 /* ConstraintLayoutGuide+Extensions.swift */; };
		126EBCD21F99D91500D0B536 /* ConstraintLayoutSupportDSL.swift in Sources */ = {isa = PBXBuildFile; fileRef = 126EBCAF1F99D91400D0B536 /* ConstraintLayoutSupportDSL.swift */; };
		126EBCD31F99D91500D0B536 /* ConstraintMakerRelatable.swift in Sources */ = {isa = PBXBuildFile; fileRef = 126EBCB01F99D91400D0B536 /* ConstraintMakerRelatable.swift */; };
		12981D8A1F99F75D00156E1E /* CGFloat+.swift in Sources */ = {isa = PBXBuildFile; fileRef = 12981D891F99F75D00156E1E /* CGFloat+.swift */; };
		12C322421F80F1AD003E9BF4 /* EFSliderView.swift in Sources */ = {isa = PBXBuildFile; fileRef = 12C322371F80F1AD003E9BF4 /* EFSliderView.swift */; };
		12C322431F80F1AD003E9BF4 /* EFColorComponentView.swift in Sources */ = {isa = PBXBuildFile; fileRef = 12C322381F80F1AD003E9BF4 /* EFColorComponentView.swift */; };
		12C322441F80F1AD003E9BF4 /* EFHSBView.swift in Sources */ = {isa = PBXBuildFile; fileRef = 12C322391F80F1AD003E9BF4 /* EFHSBView.swift */; };
		12C322451F80F1AD003E9BF4 /* EFColorUtils.swift in Sources */ = {isa = PBXBuildFile; fileRef = 12C3223A1F80F1AD003E9BF4 /* EFColorUtils.swift */; };
		12C322461F80F1AD003E9BF4 /* EFColorSelectionView.swift in Sources */ = {isa = PBXBuildFile; fileRef = 12C3223B1F80F1AD003E9BF4 /* EFColorSelectionView.swift */; };
		12C322471F80F1AD003E9BF4 /* EFColorWheelView.swift in Sources */ = {isa = PBXBuildFile; fileRef = 12C3223C1F80F1AD003E9BF4 /* EFColorWheelView.swift */; };
		12C322481F80F1AD003E9BF4 /* EFRGBView.swift in Sources */ = {isa = PBXBuildFile; fileRef = 12C3223D1F80F1AD003E9BF4 /* EFRGBView.swift */; };
		12C322491F80F1AD003E9BF4 /* EFControl.swift in Sources */ = {isa = PBXBuildFile; fileRef = 12C3223E1F80F1AD003E9BF4 /* EFControl.swift */; };
		12C3224A1F80F1AD003E9BF4 /* EFColorView.swift in Sources */ = {isa = PBXBuildFile; fileRef = 12C3223F1F80F1AD003E9BF4 /* EFColorView.swift */; };
		12C3224B1F80F1AD003E9BF4 /* EFThumbView.swift in Sources */ = {isa = PBXBuildFile; fileRef = 12C322401F80F1AD003E9BF4 /* EFThumbView.swift */; };
		12C3224C1F80F1AD003E9BF4 /* EFColorSelectionViewController.swift in Sources */ = {isa = PBXBuildFile; fileRef = 12C322411F80F1AD003E9BF4 /* EFColorSelectionViewController.swift */; };
		4C6D2C8F1C67EFEC00846168 /* Assets.xcassets in Resources */ = {isa = PBXBuildFile; fileRef = 4C6D2C8C1C67EFEC00846168 /* Assets.xcassets */; };
		5282BCE71FF3AD9000DFB36B /* Interface.storyboard in Resources */ = {isa = PBXBuildFile; fileRef = 5282BCE51FF3AD9000DFB36B /* Interface.storyboard */; };
		5282BCF01FF3AD9100DFB36B /* watchOS Example Extension.appex in Embed App Extensions */ = {isa = PBXBuildFile; fileRef = 5282BCEF1FF3AD9100DFB36B /* watchOS Example Extension.appex */; settings = {ATTRIBUTES = (RemoveHeadersOnCopy, ); }; };
		5282BCF51FF3AD9100DFB36B /* InterfaceController.swift in Sources */ = {isa = PBXBuildFile; fileRef = 5282BCF41FF3AD9100DFB36B /* InterfaceController.swift */; };
		5282BCF71FF3AD9100DFB36B /* ExtensionDelegate.swift in Sources */ = {isa = PBXBuildFile; fileRef = 5282BCF61FF3AD9100DFB36B /* ExtensionDelegate.swift */; };
		5282BCF91FF3AD9100DFB36B /* Assets.xcassets in Resources */ = {isa = PBXBuildFile; fileRef = 5282BCF81FF3AD9100DFB36B /* Assets.xcassets */; };
		5282BCFD1FF3AD9100DFB36B /* watchOS Example.app in Embed Watch Content */ = {isa = PBXBuildFile; fileRef = 5282BCE31FF3AD9000DFB36B /* watchOS Example.app */; };
		5282BD1E1FF3FD8A00DFB36B /* EFQRCode.framework in Frameworks */ = {isa = PBXBuildFile; fileRef = 5282BD091FF3AD9100DFB36B /* EFQRCode.framework */; };
		5282BD1F1FF3FD8A00DFB36B /* EFQRCode.framework in Embed Frameworks */ = {isa = PBXBuildFile; fileRef = 5282BD091FF3AD9100DFB36B /* EFQRCode.framework */; settings = {ATTRIBUTES = (CodeSignOnCopy, RemoveHeadersOnCopy, ); }; };
		5282BD241FF40F3B00DFB36B /* VersionDisplayInterfaceController.swift in Sources */ = {isa = PBXBuildFile; fileRef = 5282BD231FF40F3B00DFB36B /* VersionDisplayInterfaceController.swift */; };
		5282BD261FF4137F00DFB36B /* NumberPadInterfaceController.swift in Sources */ = {isa = PBXBuildFile; fileRef = 5282BD251FF4137F00DFB36B /* NumberPadInterfaceController.swift */; };
		5282BD281FF41A8200DFB36B /* ParametersInterfaceController.swift in Sources */ = {isa = PBXBuildFile; fileRef = 5282BD271FF41A8200DFB36B /* ParametersInterfaceController.swift */; };
		5282BD2A1FF46D9800DFB36B /* Assets.xcassets in Resources */ = {isa = PBXBuildFile; fileRef = 5282BD291FF46D9800DFB36B /* Assets.xcassets */; };
		5282BD321FF4764100DFB36B /* UnitTestInterfaceController.swift in Sources */ = {isa = PBXBuildFile; fileRef = 5282BD311FF4764100DFB36B /* UnitTestInterfaceController.swift */; };
		5282BD391FF480EB00DFB36B /* UnitTestcaseRowType.swift in Sources */ = {isa = PBXBuildFile; fileRef = 5282BD381FF480EB00DFB36B /* UnitTestcaseRowType.swift */; };
		5282BD3C1FF4819200DFB36B /* Tests.swift in Sources */ = {isa = PBXBuildFile; fileRef = 5282BD3B1FF4819200DFB36B /* Tests.swift */; };
/* End PBXBuildFile section */

/* Begin PBXContainerItemProxy section */
		120B784D1EA3A9E100D34440 /* PBXContainerItemProxy */ = {
			isa = PBXContainerItemProxy;
			containerPortal = 120B78421EA3A9E100D34440 /* EFQRCode.xcodeproj */;
			proxyType = 2;
			remoteGlobalIDString = F8111E3319A95C8B0040E7D1;
			remoteInfo = "EFQRCode iOS";
		};
		120B784F1EA3A9E100D34440 /* PBXContainerItemProxy */ = {
			isa = PBXContainerItemProxy;
			containerPortal = 120B78421EA3A9E100D34440 /* EFQRCode.xcodeproj */;
			proxyType = 2;
			remoteGlobalIDString = F8111E3E19A95C8B0040E7D1;
			remoteInfo = "EFQRCode iOS Tests";
		};
		120B78511EA3A9E100D34440 /* PBXContainerItemProxy */ = {
			isa = PBXContainerItemProxy;
			containerPortal = 120B78421EA3A9E100D34440 /* EFQRCode.xcodeproj */;
			proxyType = 2;
			remoteGlobalIDString = 4DD67C0B1A5C55C900ED2280;
			remoteInfo = "EFQRCode macOS";
		};
		120B78531EA3A9E100D34440 /* PBXContainerItemProxy */ = {
			isa = PBXContainerItemProxy;
			containerPortal = 120B78421EA3A9E100D34440 /* EFQRCode.xcodeproj */;
			proxyType = 2;
			remoteGlobalIDString = F829C6B21A7A94F100A2CD59;
			remoteInfo = "EFQRCode macOS Tests";
		};
		120B78551EA3A9E100D34440 /* PBXContainerItemProxy */ = {
			isa = PBXContainerItemProxy;
			containerPortal = 120B78421EA3A9E100D34440 /* EFQRCode.xcodeproj */;
			proxyType = 2;
			remoteGlobalIDString = 4CF626EF1BA7CB3E0011A099;
			remoteInfo = "EFQRCode tvOS";
		};
		120B78571EA3A9E100D34440 /* PBXContainerItemProxy */ = {
			isa = PBXContainerItemProxy;
			containerPortal = 120B78421EA3A9E100D34440 /* EFQRCode.xcodeproj */;
			proxyType = 2;
			remoteGlobalIDString = 4CF626F81BA7CB3E0011A099;
			remoteInfo = "EFQRCode tvOS Tests";
		};
		120B785B1EA3A9F500D34440 /* PBXContainerItemProxy */ = {
			isa = PBXContainerItemProxy;
			containerPortal = 120B78421EA3A9E100D34440 /* EFQRCode.xcodeproj */;
			proxyType = 1;
			remoteGlobalIDString = F8111E3219A95C8B0040E7D1;
			remoteInfo = "EFQRCode iOS";
		};
		5282BCF11FF3AD9100DFB36B /* PBXContainerItemProxy */ = {
			isa = PBXContainerItemProxy;
			containerPortal = F8111DFD19A951050040E7D1 /* Project object */;
			proxyType = 1;
			remoteGlobalIDString = 5282BCEE1FF3AD9100DFB36B;
			remoteInfo = "watchOS Example Extension";
		};
		5282BCFB1FF3AD9100DFB36B /* PBXContainerItemProxy */ = {
			isa = PBXContainerItemProxy;
			containerPortal = F8111DFD19A951050040E7D1 /* Project object */;
			proxyType = 1;
			remoteGlobalIDString = 5282BCE21FF3AD9000DFB36B;
			remoteInfo = "watchOS Example";
		};
		5282BD081FF3AD9100DFB36B /* PBXContainerItemProxy */ = {
			isa = PBXContainerItemProxy;
			containerPortal = 120B78421EA3A9E100D34440 /* EFQRCode.xcodeproj */;
			proxyType = 2;
			remoteGlobalIDString = 5282BCAD1FF38F8100DFB36B;
			remoteInfo = "EFQRCode watchOS";
		};
		5282BD201FF3FD8A00DFB36B /* PBXContainerItemProxy */ = {
			isa = PBXContainerItemProxy;
			containerPortal = 120B78421EA3A9E100D34440 /* EFQRCode.xcodeproj */;
			proxyType = 1;
			remoteGlobalIDString = 5282BCAC1FF38F8100DFB36B;
			remoteInfo = "EFQRCode watchOS";
		};
/* End PBXContainerItemProxy section */

/* Begin PBXCopyFilesBuildPhase section */
		5282BD0B1FF3AD9100DFB36B /* Embed App Extensions */ = {
			isa = PBXCopyFilesBuildPhase;
			buildActionMask = 2147483647;
			dstPath = "";
			dstSubfolderSpec = 13;
			files = (
				5282BCF01FF3AD9100DFB36B /* watchOS Example Extension.appex in Embed App Extensions */,
			);
			name = "Embed App Extensions";
			runOnlyForDeploymentPostprocessing = 0;
		};
		5282BD0D1FF3AD9100DFB36B /* Embed Watch Content */ = {
			isa = PBXCopyFilesBuildPhase;
			buildActionMask = 2147483647;
			dstPath = "$(CONTENTS_FOLDER_PATH)/Watch";
			dstSubfolderSpec = 16;
			files = (
				5282BCFD1FF3AD9100DFB36B /* watchOS Example.app in Embed Watch Content */,
			);
			name = "Embed Watch Content";
			runOnlyForDeploymentPostprocessing = 0;
		};
		5282BD221FF3FD8B00DFB36B /* Embed Frameworks */ = {
			isa = PBXCopyFilesBuildPhase;
			buildActionMask = 2147483647;
			dstPath = "";
			dstSubfolderSpec = 10;
			files = (
				5282BD1F1FF3FD8A00DFB36B /* EFQRCode.framework in Embed Frameworks */,
			);
			name = "Embed Frameworks";
			runOnlyForDeploymentPostprocessing = 0;
		};
		F818D0E519CA8D15006034B1 /* Copy Frameworks */ = {
			isa = PBXCopyFilesBuildPhase;
			buildActionMask = 2147483647;
			dstPath = "";
			dstSubfolderSpec = 10;
			files = (
				120B785E1EA3AA1100D34440 /* EFQRCode.framework in Copy Frameworks */,
			);
			name = "Copy Frameworks";
			runOnlyForDeploymentPostprocessing = 0;
		};
/* End PBXCopyFilesBuildPhase section */

/* Begin PBXFileReference section */
		120B77FE1EA395EC00D34440 /* Base */ = {isa = PBXFileReference; lastKnownFileType = file.storyboard; name = Base; path = Resources/Base.lproj/Main.storyboard; sourceTree = SOURCE_ROOT; };
		120B78001EA3960D00D34440 /* LaunchScreen.xib */ = {isa = PBXFileReference; fileEncoding = 4; lastKnownFileType = file.xib; name = LaunchScreen.xib; path = Resources/LaunchScreen.xib; sourceTree = SOURCE_ROOT; };
		120B78021EA3968700D34440 /* ViewController.swift */ = {isa = PBXFileReference; fileEncoding = 4; lastKnownFileType = sourcecode.swift; path = ViewController.swift; sourceTree = SOURCE_ROOT; };
		120B78041EA3969600D34440 /* RecognizerController.swift */ = {isa = PBXFileReference; fileEncoding = 4; lastKnownFileType = sourcecode.swift; path = RecognizerController.swift; sourceTree = SOURCE_ROOT; };
		120B78061EA396A000D34440 /* GeneratorController.swift */ = {isa = PBXFileReference; fileEncoding = 4; lastKnownFileType = sourcecode.swift; path = GeneratorController.swift; sourceTree = SOURCE_ROOT; };
		120B78091EA3977300D34440 /* UIImage+.swift */ = {isa = PBXFileReference; fileEncoding = 4; lastKnownFileType = sourcecode.swift; path = "UIImage+.swift"; sourceTree = SOURCE_ROOT; };
		120B78401EA39E1B00D34440 /* AppDelegate.swift */ = {isa = PBXFileReference; fileEncoding = 4; lastKnownFileType = sourcecode.swift; path = AppDelegate.swift; sourceTree = SOURCE_ROOT; };
		120B78421EA3A9E100D34440 /* EFQRCode.xcodeproj */ = {isa = PBXFileReference; lastKnownFileType = "wrapper.pb-project"; name = EFQRCode.xcodeproj; path = ../../EFQRCode.xcodeproj; sourceTree = "<group>"; };
		126EBC8D1F99D91400D0B536 /* ConstraintMultiplierTarget.swift */ = {isa = PBXFileReference; fileEncoding = 4; lastKnownFileType = sourcecode.swift; path = ConstraintMultiplierTarget.swift; sourceTree = "<group>"; };
		126EBC8E1F99D91400D0B536 /* LayoutConstraintItem.swift */ = {isa = PBXFileReference; fileEncoding = 4; lastKnownFileType = sourcecode.swift; path = LayoutConstraintItem.swift; sourceTree = "<group>"; };
		126EBC8F1F99D91400D0B536 /* ConstraintDescription.swift */ = {isa = PBXFileReference; fileEncoding = 4; lastKnownFileType = sourcecode.swift; path = ConstraintDescription.swift; sourceTree = "<group>"; };
		126EBC901F99D91400D0B536 /* ConstraintMakerPriortizable.swift */ = {isa = PBXFileReference; fileEncoding = 4; lastKnownFileType = sourcecode.swift; path = ConstraintMakerPriortizable.swift; sourceTree = "<group>"; };
		126EBC911F99D91400D0B536 /* ConstraintAttributes.swift */ = {isa = PBXFileReference; fileEncoding = 4; lastKnownFileType = sourcecode.swift; path = ConstraintAttributes.swift; sourceTree = "<group>"; };
		126EBC921F99D91400D0B536 /* ConstraintViewDSL.swift */ = {isa = PBXFileReference; fileEncoding = 4; lastKnownFileType = sourcecode.swift; path = ConstraintViewDSL.swift; sourceTree = "<group>"; };
		126EBC931F99D91400D0B536 /* ConstraintPriorityTarget.swift */ = {isa = PBXFileReference; fileEncoding = 4; lastKnownFileType = sourcecode.swift; path = ConstraintPriorityTarget.swift; sourceTree = "<group>"; };
		126EBC941F99D91400D0B536 /* ConstraintInsets.swift */ = {isa = PBXFileReference; fileEncoding = 4; lastKnownFileType = sourcecode.swift; path = ConstraintInsets.swift; sourceTree = "<group>"; };
		126EBC951F99D91400D0B536 /* ConstraintMakerFinalizable.swift */ = {isa = PBXFileReference; fileEncoding = 4; lastKnownFileType = sourcecode.swift; path = ConstraintMakerFinalizable.swift; sourceTree = "<group>"; };
		126EBC961F99D91400D0B536 /* ConstraintDSL.swift */ = {isa = PBXFileReference; fileEncoding = 4; lastKnownFileType = sourcecode.swift; path = ConstraintDSL.swift; sourceTree = "<group>"; };
		126EBC971F99D91400D0B536 /* ConstraintMakerExtendable.swift */ = {isa = PBXFileReference; fileEncoding = 4; lastKnownFileType = sourcecode.swift; path = ConstraintMakerExtendable.swift; sourceTree = "<group>"; };
		126EBC981F99D91400D0B536 /* ConstraintPriority.swift */ = {isa = PBXFileReference; fileEncoding = 4; lastKnownFileType = sourcecode.swift; path = ConstraintPriority.swift; sourceTree = "<group>"; };
		126EBC991F99D91400D0B536 /* ConstraintInsetTarget.swift */ = {isa = PBXFileReference; fileEncoding = 4; lastKnownFileType = sourcecode.swift; path = ConstraintInsetTarget.swift; sourceTree = "<group>"; };
		126EBC9B1F99D91400D0B536 /* ConstraintConfig.swift */ = {isa = PBXFileReference; fileEncoding = 4; lastKnownFileType = sourcecode.swift; path = ConstraintConfig.swift; sourceTree = "<group>"; };
		126EBC9C1F99D91400D0B536 /* UILayoutSupport+Extensions.swift */ = {isa = PBXFileReference; fileEncoding = 4; lastKnownFileType = sourcecode.swift; path = "UILayoutSupport+Extensions.swift"; sourceTree = "<group>"; };
		126EBC9D1F99D91400D0B536 /* ConstraintView.swift */ = {isa = PBXFileReference; fileEncoding = 4; lastKnownFileType = sourcecode.swift; path = ConstraintView.swift; sourceTree = "<group>"; };
		126EBC9E1F99D91400D0B536 /* ConstraintLayoutGuide.swift */ = {isa = PBXFileReference; fileEncoding = 4; lastKnownFileType = sourcecode.swift; path = ConstraintLayoutGuide.swift; sourceTree = "<group>"; };
		126EBC9F1F99D91400D0B536 /* ConstraintLayoutSupport.swift */ = {isa = PBXFileReference; fileEncoding = 4; lastKnownFileType = sourcecode.swift; path = ConstraintLayoutSupport.swift; sourceTree = "<group>"; };
		126EBCA01F99D91400D0B536 /* Typealiases.swift */ = {isa = PBXFileReference; fileEncoding = 4; lastKnownFileType = sourcecode.swift; path = Typealiases.swift; sourceTree = "<group>"; };
		126EBCA11F99D91400D0B536 /* ConstraintConstantTarget.swift */ = {isa = PBXFileReference; fileEncoding = 4; lastKnownFileType = sourcecode.swift; path = ConstraintConstantTarget.swift; sourceTree = "<group>"; };
		126EBCA21F99D91400D0B536 /* ConstraintOffsetTarget.swift */ = {isa = PBXFileReference; fileEncoding = 4; lastKnownFileType = sourcecode.swift; path = ConstraintOffsetTarget.swift; sourceTree = "<group>"; };
		126EBCA31F99D91400D0B536 /* ConstraintMakerEditable.swift */ = {isa = PBXFileReference; fileEncoding = 4; lastKnownFileType = sourcecode.swift; path = ConstraintMakerEditable.swift; sourceTree = "<group>"; };
		126EBCA41F99D91400D0B536 /* ConstraintMaker.swift */ = {isa = PBXFileReference; fileEncoding = 4; lastKnownFileType = sourcecode.swift; path = ConstraintMaker.swift; sourceTree = "<group>"; };
		126EBCA51F99D91400D0B536 /* ConstraintRelation.swift */ = {isa = PBXFileReference; fileEncoding = 4; lastKnownFileType = sourcecode.swift; path = ConstraintRelation.swift; sourceTree = "<group>"; };
		126EBCA61F99D91400D0B536 /* ConstraintLayoutGuideDSL.swift */ = {isa = PBXFileReference; fileEncoding = 4; lastKnownFileType = sourcecode.swift; path = ConstraintLayoutGuideDSL.swift; sourceTree = "<group>"; };
		126EBCA71F99D91400D0B536 /* ConstraintView+Extensions.swift */ = {isa = PBXFileReference; fileEncoding = 4; lastKnownFileType = sourcecode.swift; path = "ConstraintView+Extensions.swift"; sourceTree = "<group>"; };
		126EBCA81F99D91400D0B536 /* ConstraintItem.swift */ = {isa = PBXFileReference; fileEncoding = 4; lastKnownFileType = sourcecode.swift; path = ConstraintItem.swift; sourceTree = "<group>"; };
		126EBCA91F99D91400D0B536 /* Constraint.swift */ = {isa = PBXFileReference; fileEncoding = 4; lastKnownFileType = sourcecode.swift; path = Constraint.swift; sourceTree = "<group>"; };
		126EBCAA1F99D91400D0B536 /* Debugging.swift */ = {isa = PBXFileReference; fileEncoding = 4; lastKnownFileType = sourcecode.swift; path = Debugging.swift; sourceTree = "<group>"; };
		126EBCAB1F99D91400D0B536 /* ConstraintRelatableTarget.swift */ = {isa = PBXFileReference; fileEncoding = 4; lastKnownFileType = sourcecode.swift; path = ConstraintRelatableTarget.swift; sourceTree = "<group>"; };
		126EBCAD1F99D91400D0B536 /* LayoutConstraint.swift */ = {isa = PBXFileReference; fileEncoding = 4; lastKnownFileType = sourcecode.swift; path = LayoutConstraint.swift; sourceTree = "<group>"; };
		126EBCAE1F99D91400D0B536 /* ConstraintLayoutGuide+Extensions.swift */ = {isa = PBXFileReference; fileEncoding = 4; lastKnownFileType = sourcecode.swift; path = "ConstraintLayoutGuide+Extensions.swift"; sourceTree = "<group>"; };
		126EBCAF1F99D91400D0B536 /* ConstraintLayoutSupportDSL.swift */ = {isa = PBXFileReference; fileEncoding = 4; lastKnownFileType = sourcecode.swift; path = ConstraintLayoutSupportDSL.swift; sourceTree = "<group>"; };
		126EBCB01F99D91400D0B536 /* ConstraintMakerRelatable.swift */ = {isa = PBXFileReference; fileEncoding = 4; lastKnownFileType = sourcecode.swift; path = ConstraintMakerRelatable.swift; sourceTree = "<group>"; };
		12981D891F99F75D00156E1E /* CGFloat+.swift */ = {isa = PBXFileReference; lastKnownFileType = sourcecode.swift; path = "CGFloat+.swift"; sourceTree = SOURCE_ROOT; };
		12C322371F80F1AD003E9BF4 /* EFSliderView.swift */ = {isa = PBXFileReference; fileEncoding = 4; lastKnownFileType = sourcecode.swift; path = EFSliderView.swift; sourceTree = "<group>"; };
		12C322381F80F1AD003E9BF4 /* EFColorComponentView.swift */ = {isa = PBXFileReference; fileEncoding = 4; lastKnownFileType = sourcecode.swift; path = EFColorComponentView.swift; sourceTree = "<group>"; };
		12C322391F80F1AD003E9BF4 /* EFHSBView.swift */ = {isa = PBXFileReference; fileEncoding = 4; lastKnownFileType = sourcecode.swift; path = EFHSBView.swift; sourceTree = "<group>"; };
		12C3223A1F80F1AD003E9BF4 /* EFColorUtils.swift */ = {isa = PBXFileReference; fileEncoding = 4; lastKnownFileType = sourcecode.swift; path = EFColorUtils.swift; sourceTree = "<group>"; };
		12C3223B1F80F1AD003E9BF4 /* EFColorSelectionView.swift */ = {isa = PBXFileReference; fileEncoding = 4; lastKnownFileType = sourcecode.swift; path = EFColorSelectionView.swift; sourceTree = "<group>"; };
		12C3223C1F80F1AD003E9BF4 /* EFColorWheelView.swift */ = {isa = PBXFileReference; fileEncoding = 4; lastKnownFileType = sourcecode.swift; path = EFColorWheelView.swift; sourceTree = "<group>"; };
		12C3223D1F80F1AD003E9BF4 /* EFRGBView.swift */ = {isa = PBXFileReference; fileEncoding = 4; lastKnownFileType = sourcecode.swift; path = EFRGBView.swift; sourceTree = "<group>"; };
		12C3223E1F80F1AD003E9BF4 /* EFControl.swift */ = {isa = PBXFileReference; fileEncoding = 4; lastKnownFileType = sourcecode.swift; path = EFControl.swift; sourceTree = "<group>"; };
		12C3223F1F80F1AD003E9BF4 /* EFColorView.swift */ = {isa = PBXFileReference; fileEncoding = 4; lastKnownFileType = sourcecode.swift; path = EFColorView.swift; sourceTree = "<group>"; };
		12C322401F80F1AD003E9BF4 /* EFThumbView.swift */ = {isa = PBXFileReference; fileEncoding = 4; lastKnownFileType = sourcecode.swift; path = EFThumbView.swift; sourceTree = "<group>"; };
		12C322411F80F1AD003E9BF4 /* EFColorSelectionViewController.swift */ = {isa = PBXFileReference; fileEncoding = 4; lastKnownFileType = sourcecode.swift; path = EFColorSelectionViewController.swift; sourceTree = "<group>"; };
		4C6D2C8C1C67EFEC00846168 /* Assets.xcassets */ = {isa = PBXFileReference; lastKnownFileType = folder.assetcatalog; name = Assets.xcassets; path = Resources/Assets.xcassets; sourceTree = SOURCE_ROOT; };
		4C6D2C8D1C67EFEC00846168 /* Info.plist */ = {isa = PBXFileReference; fileEncoding = 4; lastKnownFileType = text.plist.xml; name = Info.plist; path = Resources/Info.plist; sourceTree = SOURCE_ROOT; };
		5282BCE31FF3AD9000DFB36B /* watchOS Example.app */ = {isa = PBXFileReference; explicitFileType = wrapper.application; includeInIndex = 0; path = "watchOS Example.app"; sourceTree = BUILT_PRODUCTS_DIR; };
		5282BCE61FF3AD9000DFB36B /* Base */ = {isa = PBXFileReference; lastKnownFileType = file.storyboard; name = Base; path = Base.lproj/Interface.storyboard; sourceTree = "<group>"; };
		5282BCEA1FF3AD9000DFB36B /* Info.plist */ = {isa = PBXFileReference; lastKnownFileType = text.plist.xml; path = Info.plist; sourceTree = "<group>"; };
		5282BCEF1FF3AD9100DFB36B /* watchOS Example Extension.appex */ = {isa = PBXFileReference; explicitFileType = "wrapper.app-extension"; includeInIndex = 0; path = "watchOS Example Extension.appex"; sourceTree = BUILT_PRODUCTS_DIR; };
		5282BCF41FF3AD9100DFB36B /* InterfaceController.swift */ = {isa = PBXFileReference; lastKnownFileType = sourcecode.swift; path = InterfaceController.swift; sourceTree = "<group>"; };
		5282BCF61FF3AD9100DFB36B /* ExtensionDelegate.swift */ = {isa = PBXFileReference; lastKnownFileType = sourcecode.swift; path = ExtensionDelegate.swift; sourceTree = "<group>"; };
		5282BCF81FF3AD9100DFB36B /* Assets.xcassets */ = {isa = PBXFileReference; lastKnownFileType = folder.assetcatalog; path = Assets.xcassets; sourceTree = "<group>"; };
		5282BCFA1FF3AD9100DFB36B /* Info.plist */ = {isa = PBXFileReference; lastKnownFileType = text.plist.xml; path = Info.plist; sourceTree = "<group>"; };
		5282BD231FF40F3B00DFB36B /* VersionDisplayInterfaceController.swift */ = {isa = PBXFileReference; lastKnownFileType = sourcecode.swift; path = VersionDisplayInterfaceController.swift; sourceTree = "<group>"; };
		5282BD251FF4137F00DFB36B /* NumberPadInterfaceController.swift */ = {isa = PBXFileReference; lastKnownFileType = sourcecode.swift; path = NumberPadInterfaceController.swift; sourceTree = "<group>"; };
		5282BD271FF41A8200DFB36B /* ParametersInterfaceController.swift */ = {isa = PBXFileReference; lastKnownFileType = sourcecode.swift; path = ParametersInterfaceController.swift; sourceTree = "<group>"; };
		5282BD291FF46D9800DFB36B /* Assets.xcassets */ = {isa = PBXFileReference; lastKnownFileType = folder.assetcatalog; path = Assets.xcassets; sourceTree = "<group>"; };
		5282BD311FF4764100DFB36B /* UnitTestInterfaceController.swift */ = {isa = PBXFileReference; lastKnownFileType = sourcecode.swift; path = UnitTestInterfaceController.swift; sourceTree = "<group>"; };
		5282BD381FF480EB00DFB36B /* UnitTestcaseRowType.swift */ = {isa = PBXFileReference; lastKnownFileType = sourcecode.swift; path = UnitTestcaseRowType.swift; sourceTree = "<group>"; };
		5282BD3B1FF4819200DFB36B /* Tests.swift */ = {isa = PBXFileReference; lastKnownFileType = sourcecode.swift; path = Tests.swift; sourceTree = "<group>"; };
		F8111E0519A951050040E7D1 /* EFQRCode.iOS.app */ = {isa = PBXFileReference; explicitFileType = wrapper.application; includeInIndex = 0; path = EFQRCode.iOS.app; sourceTree = BUILT_PRODUCTS_DIR; };
/* End PBXFileReference section */

/* Begin PBXFrameworksBuildPhase section */
		5282BCEC1FF3AD9100DFB36B /* Frameworks */ = {
			isa = PBXFrameworksBuildPhase;
			buildActionMask = 2147483647;
			files = (
				5282BD1E1FF3FD8A00DFB36B /* EFQRCode.framework in Frameworks */,
			);
			runOnlyForDeploymentPostprocessing = 0;
		};
		F8111E0219A951050040E7D1 /* Frameworks */ = {
			isa = PBXFrameworksBuildPhase;
			buildActionMask = 2147483647;
			files = (
				120B785D1EA3A9FE00D34440 /* EFQRCode.framework in Frameworks */,
			);
			runOnlyForDeploymentPostprocessing = 0;
		};
/* End PBXFrameworksBuildPhase section */

/* Begin PBXGroup section */
		120B77F81EA394FB00D34440 /* Controller */ = {
			isa = PBXGroup;
			children = (
				120B78021EA3968700D34440 /* ViewController.swift */,
				120B78041EA3969600D34440 /* RecognizerController.swift */,
				120B78061EA396A000D34440 /* GeneratorController.swift */,
			);
			name = Controller;
			sourceTree = "<group>";
		};
		120B77F91EA3951100D34440 /* Extension */ = {
			isa = PBXGroup;
			children = (
				120B78091EA3977300D34440 /* UIImage+.swift */,
				12981D891F99F75D00156E1E /* CGFloat+.swift */,
			);
			name = Extension;
			sourceTree = "<group>";
		};
		120B77FA1EA3951700D34440 /* Res */ = {
			isa = PBXGroup;
			children = (
				120B77FD1EA395EC00D34440 /* Main.storyboard */,
				4C6D2C8C1C67EFEC00846168 /* Assets.xcassets */,
				120B78001EA3960D00D34440 /* LaunchScreen.xib */,
			);
			name = Res;
			sourceTree = "<group>";
		};
		120B78431EA3A9E100D34440 /* Products */ = {
			isa = PBXGroup;
			children = (
				120B784E1EA3A9E100D34440 /* EFQRCode.framework */,
				120B78501EA3A9E100D34440 /* EFQRCode iOS Tests.xctest */,
				120B78521EA3A9E100D34440 /* EFQRCode.framework */,
				120B78541EA3A9E100D34440 /* EFQRCode macOS Tests.xctest */,
				120B78561EA3A9E100D34440 /* EFQRCode.framework */,
				120B78581EA3A9E100D34440 /* EFQRCode tvOS Tests.xctest */,
				5282BD091FF3AD9100DFB36B /* EFQRCode.framework */,
			);
			name = Products;
			sourceTree = "<group>";
		};
		126EBC8C1F99D91400D0B536 /* SnapKit */ = {
			isa = PBXGroup;
			children = (
				126EBC8D1F99D91400D0B536 /* ConstraintMultiplierTarget.swift */,
				126EBC8E1F99D91400D0B536 /* LayoutConstraintItem.swift */,
				126EBC8F1F99D91400D0B536 /* ConstraintDescription.swift */,
				126EBC901F99D91400D0B536 /* ConstraintMakerPriortizable.swift */,
				126EBC911F99D91400D0B536 /* ConstraintAttributes.swift */,
				126EBC921F99D91400D0B536 /* ConstraintViewDSL.swift */,
				126EBC931F99D91400D0B536 /* ConstraintPriorityTarget.swift */,
				126EBC941F99D91400D0B536 /* ConstraintInsets.swift */,
				126EBC951F99D91400D0B536 /* ConstraintMakerFinalizable.swift */,
				126EBC961F99D91400D0B536 /* ConstraintDSL.swift */,
				126EBC971F99D91400D0B536 /* ConstraintMakerExtendable.swift */,
				126EBC981F99D91400D0B536 /* ConstraintPriority.swift */,
				126EBC991F99D91400D0B536 /* ConstraintInsetTarget.swift */,
				126EBC9B1F99D91400D0B536 /* ConstraintConfig.swift */,
				126EBC9C1F99D91400D0B536 /* UILayoutSupport+Extensions.swift */,
				126EBC9D1F99D91400D0B536 /* ConstraintView.swift */,
				126EBC9E1F99D91400D0B536 /* ConstraintLayoutGuide.swift */,
				126EBC9F1F99D91400D0B536 /* ConstraintLayoutSupport.swift */,
				126EBCA01F99D91400D0B536 /* Typealiases.swift */,
				126EBCA11F99D91400D0B536 /* ConstraintConstantTarget.swift */,
				126EBCA21F99D91400D0B536 /* ConstraintOffsetTarget.swift */,
				126EBCA31F99D91400D0B536 /* ConstraintMakerEditable.swift */,
				126EBCA41F99D91400D0B536 /* ConstraintMaker.swift */,
				126EBCA51F99D91400D0B536 /* ConstraintRelation.swift */,
				126EBCA61F99D91400D0B536 /* ConstraintLayoutGuideDSL.swift */,
				126EBCA71F99D91400D0B536 /* ConstraintView+Extensions.swift */,
				126EBCA81F99D91400D0B536 /* ConstraintItem.swift */,
				126EBCA91F99D91400D0B536 /* Constraint.swift */,
				126EBCAA1F99D91400D0B536 /* Debugging.swift */,
				126EBCAB1F99D91400D0B536 /* ConstraintRelatableTarget.swift */,
				126EBCAD1F99D91400D0B536 /* LayoutConstraint.swift */,
				126EBCAE1F99D91400D0B536 /* ConstraintLayoutGuide+Extensions.swift */,
				126EBCAF1F99D91400D0B536 /* ConstraintLayoutSupportDSL.swift */,
				126EBCB01F99D91400D0B536 /* ConstraintMakerRelatable.swift */,
			);
			path = SnapKit;
			sourceTree = SOURCE_ROOT;
		};
		12C322351F80F192003E9BF4 /* 3rd */ = {
			isa = PBXGroup;
			children = (
				126EBC8C1F99D91400D0B536 /* SnapKit */,
				12C322361F80F1AD003E9BF4 /* EFColorPicker */,
			);
			name = 3rd;
			sourceTree = "<group>";
		};
		12C322361F80F1AD003E9BF4 /* EFColorPicker */ = {
			isa = PBXGroup;
			children = (
				12C322371F80F1AD003E9BF4 /* EFSliderView.swift */,
				12C322381F80F1AD003E9BF4 /* EFColorComponentView.swift */,
				12C322391F80F1AD003E9BF4 /* EFHSBView.swift */,
				12C3223A1F80F1AD003E9BF4 /* EFColorUtils.swift */,
				12C3223B1F80F1AD003E9BF4 /* EFColorSelectionView.swift */,
				12C3223C1F80F1AD003E9BF4 /* EFColorWheelView.swift */,
				12C3223D1F80F1AD003E9BF4 /* EFRGBView.swift */,
				12C3223E1F80F1AD003E9BF4 /* EFControl.swift */,
				12C3223F1F80F1AD003E9BF4 /* EFColorView.swift */,
				12C322401F80F1AD003E9BF4 /* EFThumbView.swift */,
				12C322411F80F1AD003E9BF4 /* EFColorSelectionViewController.swift */,
			);
			path = EFColorPicker;
			sourceTree = SOURCE_ROOT;
		};
		5282BCE41FF3AD9000DFB36B /* watchOS Example */ = {
			isa = PBXGroup;
			children = (
				5282BCE51FF3AD9000DFB36B /* Interface.storyboard */,
				5282BD291FF46D9800DFB36B /* Assets.xcassets */,
				5282BCEA1FF3AD9000DFB36B /* Info.plist */,
			);
			path = "watchOS Example";
			sourceTree = "<group>";
		};
		5282BCF31FF3AD9100DFB36B /* watchOS Example Extension */ = {
			isa = PBXGroup;
			children = (
				5282BCF61FF3AD9100DFB36B /* ExtensionDelegate.swift */,
				5282BD2C1FF4746900DFB36B /* Res */,
				5282BD2D1FF4747B00DFB36B /* Controller */,
				5282BD3A1FF480F600DFB36B /* Unit Tests */,
				5282BD2B1FF4744A00DFB36B /* Supporting Files */,
			);
			path = "watchOS Example Extension";
			sourceTree = "<group>";
		};
		5282BD2B1FF4744A00DFB36B /* Supporting Files */ = {
			isa = PBXGroup;
			children = (
				5282BCFA1FF3AD9100DFB36B /* Info.plist */,
			);
			name = "Supporting Files";
			sourceTree = "<group>";
		};
		5282BD2C1FF4746900DFB36B /* Res */ = {
			isa = PBXGroup;
			children = (
				5282BCF81FF3AD9100DFB36B /* Assets.xcassets */,
			);
			name = Res;
			sourceTree = "<group>";
		};
		5282BD2D1FF4747B00DFB36B /* Controller */ = {
			isa = PBXGroup;
			children = (
				5282BD231FF40F3B00DFB36B /* VersionDisplayInterfaceController.swift */,
				5282BD271FF41A8200DFB36B /* ParametersInterfaceController.swift */,
				5282BD251FF4137F00DFB36B /* NumberPadInterfaceController.swift */,
				5282BCF41FF3AD9100DFB36B /* InterfaceController.swift */,
			);
			name = Controller;
			sourceTree = "<group>";
		};
		5282BD3A1FF480F600DFB36B /* Unit Tests */ = {
			isa = PBXGroup;
			children = (
				5282BD3B1FF4819200DFB36B /* Tests.swift */,
				5282BD311FF4764100DFB36B /* UnitTestInterfaceController.swift */,
				5282BD381FF480EB00DFB36B /* UnitTestcaseRowType.swift */,
			);
			name = "Unit Tests";
			sourceTree = "<group>";
		};
		F8111DFC19A951050040E7D1 = {
			isa = PBXGroup;
			children = (
				F8111E0719A951050040E7D1 /* iOS Example */,
				5282BCE41FF3AD9000DFB36B /* watchOS Example */,
				5282BCF31FF3AD9100DFB36B /* watchOS Example Extension */,
				F8111E0619A951050040E7D1 /* Products */,
				120B78421EA3A9E100D34440 /* EFQRCode.xcodeproj */,
			);
			indentWidth = 4;
			sourceTree = "<group>";
			tabWidth = 4;
			usesTabs = 0;
		};
		F8111E0619A951050040E7D1 /* Products */ = {
			isa = PBXGroup;
			children = (
				F8111E0519A951050040E7D1 /* EFQRCode.iOS.app */,
				5282BCE31FF3AD9000DFB36B /* watchOS Example.app */,
				5282BCEF1FF3AD9100DFB36B /* watchOS Example Extension.appex */,
			);
			name = Products;
			sourceTree = "<group>";
		};
		F8111E0719A951050040E7D1 /* iOS Example */ = {
			isa = PBXGroup;
			children = (
				120B78401EA39E1B00D34440 /* AppDelegate.swift */,
				12C322351F80F192003E9BF4 /* 3rd */,
				120B77FA1EA3951700D34440 /* Res */,
				120B77F91EA3951100D34440 /* Extension */,
				120B77F81EA394FB00D34440 /* Controller */,
				F8111E0819A951050040E7D1 /* Supporting Files */,
			);
			name = "iOS Example";
			sourceTree = "<group>";
		};
		F8111E0819A951050040E7D1 /* Supporting Files */ = {
			isa = PBXGroup;
			children = (
				4C6D2C8D1C67EFEC00846168 /* Info.plist */,
			);
			name = "Supporting Files";
			sourceTree = "<group>";
		};
/* End PBXGroup section */

/* Begin PBXNativeTarget section */
		5282BCE21FF3AD9000DFB36B /* watchOS Example */ = {
			isa = PBXNativeTarget;
			buildConfigurationList = 5282BD0C1FF3AD9100DFB36B /* Build configuration list for PBXNativeTarget "watchOS Example" */;
			buildPhases = (
				5282BCE11FF3AD9000DFB36B /* Resources */,
				5282BD0B1FF3AD9100DFB36B /* Embed App Extensions */,
			);
			buildRules = (
			);
			dependencies = (
				5282BCF21FF3AD9100DFB36B /* PBXTargetDependency */,
			);
			name = "watchOS Example";
			productName = "watchOS Example";
			productReference = 5282BCE31FF3AD9000DFB36B /* watchOS Example.app */;
			productType = "com.apple.product-type.application.watchapp2";
		};
		5282BCEE1FF3AD9100DFB36B /* watchOS Example Extension */ = {
			isa = PBXNativeTarget;
			buildConfigurationList = 5282BD0A1FF3AD9100DFB36B /* Build configuration list for PBXNativeTarget "watchOS Example Extension" */;
			buildPhases = (
				5282BCEB1FF3AD9100DFB36B /* Sources */,
				5282BCEC1FF3AD9100DFB36B /* Frameworks */,
				5282BCED1FF3AD9100DFB36B /* Resources */,
				5282BD221FF3FD8B00DFB36B /* Embed Frameworks */,
			);
			buildRules = (
			);
			dependencies = (
				5282BD211FF3FD8A00DFB36B /* PBXTargetDependency */,
			);
			name = "watchOS Example Extension";
			productName = "watchOS Example Extension";
			productReference = 5282BCEF1FF3AD9100DFB36B /* watchOS Example Extension.appex */;
			productType = "com.apple.product-type.watchkit2-extension";
		};
		F8111E0419A951050040E7D1 /* iOS Example */ = {
			isa = PBXNativeTarget;
			buildConfigurationList = F8111E2319A951050040E7D1 /* Build configuration list for PBXNativeTarget "iOS Example" */;
			buildPhases = (
				F8111E0119A951050040E7D1 /* Sources */,
				F8111E0219A951050040E7D1 /* Frameworks */,
				F8111E0319A951050040E7D1 /* Resources */,
				F818D0E519CA8D15006034B1 /* Copy Frameworks */,
				5282BD0D1FF3AD9100DFB36B /* Embed Watch Content */,
			);
			buildRules = (
			);
			dependencies = (
				120B785C1EA3A9F500D34440 /* PBXTargetDependency */,
				5282BCFC1FF3AD9100DFB36B /* PBXTargetDependency */,
			);
			name = "iOS Example";
			productName = Alamofire;
			productReference = F8111E0519A951050040E7D1 /* EFQRCode.iOS.app */;
			productType = "com.apple.product-type.application";
		};
/* End PBXNativeTarget section */

/* Begin PBXProject section */
		F8111DFD19A951050040E7D1 /* Project object */ = {
			isa = PBXProject;
			attributes = {
				LastSwiftUpdateCheck = 0920;
				LastUpgradeCheck = 0900;
				ORGANIZATIONNAME = EyreFree;
				TargetAttributes = {
					5282BCE21FF3AD9000DFB36B = {
						CreatedOnToolsVersion = 9.2;
						DevelopmentTeam = P3X2725LYY;
						ProvisioningStyle = Automatic;
					};
					5282BCEE1FF3AD9100DFB36B = {
						CreatedOnToolsVersion = 9.2;
						DevelopmentTeam = P3X2725LYY;
						ProvisioningStyle = Automatic;
					};
					F8111E0419A951050040E7D1 = {
						CreatedOnToolsVersion = 6.0;
						DevelopmentTeam = P3X2725LYY;
						LastSwiftMigration = 0900;
					};
				};
			};
			buildConfigurationList = F8111E0019A951050040E7D1 /* Build configuration list for PBXProject "iOS Example" */;
			compatibilityVersion = "Xcode 3.2";
			developmentRegion = English;
			hasScannedForEncodings = 0;
			knownRegions = (
				en,
				Base,
			);
			mainGroup = F8111DFC19A951050040E7D1;
			productRefGroup = F8111E0619A951050040E7D1 /* Products */;
			projectDirPath = "";
			projectReferences = (
				{
					ProductGroup = 120B78431EA3A9E100D34440 /* Products */;
					ProjectRef = 120B78421EA3A9E100D34440 /* EFQRCode.xcodeproj */;
				},
			);
			projectRoot = "";
			targets = (
				F8111E0419A951050040E7D1 /* iOS Example */,
				5282BCE21FF3AD9000DFB36B /* watchOS Example */,
				5282BCEE1FF3AD9100DFB36B /* watchOS Example Extension */,
			);
		};
/* End PBXProject section */

/* Begin PBXReferenceProxy section */
		120B784E1EA3A9E100D34440 /* EFQRCode.framework */ = {
			isa = PBXReferenceProxy;
			fileType = wrapper.framework;
			path = EFQRCode.framework;
			remoteRef = 120B784D1EA3A9E100D34440 /* PBXContainerItemProxy */;
			sourceTree = BUILT_PRODUCTS_DIR;
		};
		120B78501EA3A9E100D34440 /* EFQRCode iOS Tests.xctest */ = {
			isa = PBXReferenceProxy;
			fileType = wrapper.cfbundle;
			path = "EFQRCode iOS Tests.xctest";
			remoteRef = 120B784F1EA3A9E100D34440 /* PBXContainerItemProxy */;
			sourceTree = BUILT_PRODUCTS_DIR;
		};
		120B78521EA3A9E100D34440 /* EFQRCode.framework */ = {
			isa = PBXReferenceProxy;
			fileType = wrapper.framework;
			path = EFQRCode.framework;
			remoteRef = 120B78511EA3A9E100D34440 /* PBXContainerItemProxy */;
			sourceTree = BUILT_PRODUCTS_DIR;
		};
		120B78541EA3A9E100D34440 /* EFQRCode macOS Tests.xctest */ = {
			isa = PBXReferenceProxy;
			fileType = wrapper.cfbundle;
			path = "EFQRCode macOS Tests.xctest";
			remoteRef = 120B78531EA3A9E100D34440 /* PBXContainerItemProxy */;
			sourceTree = BUILT_PRODUCTS_DIR;
		};
		120B78561EA3A9E100D34440 /* EFQRCode.framework */ = {
			isa = PBXReferenceProxy;
			fileType = wrapper.framework;
			path = EFQRCode.framework;
			remoteRef = 120B78551EA3A9E100D34440 /* PBXContainerItemProxy */;
			sourceTree = BUILT_PRODUCTS_DIR;
		};
		120B78581EA3A9E100D34440 /* EFQRCode tvOS Tests.xctest */ = {
			isa = PBXReferenceProxy;
			fileType = wrapper.cfbundle;
			path = "EFQRCode tvOS Tests.xctest";
			remoteRef = 120B78571EA3A9E100D34440 /* PBXContainerItemProxy */;
			sourceTree = BUILT_PRODUCTS_DIR;
		};
		5282BD091FF3AD9100DFB36B /* EFQRCode.framework */ = {
			isa = PBXReferenceProxy;
			fileType = wrapper.framework;
			path = EFQRCode.framework;
			remoteRef = 5282BD081FF3AD9100DFB36B /* PBXContainerItemProxy */;
			sourceTree = BUILT_PRODUCTS_DIR;
		};
/* End PBXReferenceProxy section */

/* Begin PBXResourcesBuildPhase section */
		5282BCE11FF3AD9000DFB36B /* Resources */ = {
			isa = PBXResourcesBuildPhase;
			buildActionMask = 2147483647;
			files = (
				5282BD2A1FF46D9800DFB36B /* Assets.xcassets in Resources */,
				5282BCE71FF3AD9000DFB36B /* Interface.storyboard in Resources */,
			);
			runOnlyForDeploymentPostprocessing = 0;
		};
		5282BCED1FF3AD9100DFB36B /* Resources */ = {
			isa = PBXResourcesBuildPhase;
			buildActionMask = 2147483647;
			files = (
				5282BCF91FF3AD9100DFB36B /* Assets.xcassets in Resources */,
			);
			runOnlyForDeploymentPostprocessing = 0;
		};
		F8111E0319A951050040E7D1 /* Resources */ = {
			isa = PBXResourcesBuildPhase;
			buildActionMask = 2147483647;
			files = (
				120B77FF1EA395EC00D34440 /* Main.storyboard in Resources */,
				120B78011EA3960D00D34440 /* LaunchScreen.xib in Resources */,
				4C6D2C8F1C67EFEC00846168 /* Assets.xcassets in Resources */,
			);
			runOnlyForDeploymentPostprocessing = 0;
		};
/* End PBXResourcesBuildPhase section */

/* Begin PBXSourcesBuildPhase section */
		5282BCEB1FF3AD9100DFB36B /* Sources */ = {
			isa = PBXSourcesBuildPhase;
			buildActionMask = 2147483647;
			files = (
				5282BD391FF480EB00DFB36B /* UnitTestcaseRowType.swift in Sources */,
				5282BD3C1FF4819200DFB36B /* Tests.swift in Sources */,
				5282BD261FF4137F00DFB36B /* NumberPadInterfaceController.swift in Sources */,
				5282BD241FF40F3B00DFB36B /* VersionDisplayInterfaceController.swift in Sources */,
				5282BCF71FF3AD9100DFB36B /* ExtensionDelegate.swift in Sources */,
				5282BD321FF4764100DFB36B /* UnitTestInterfaceController.swift in Sources */,
				5282BD281FF41A8200DFB36B /* ParametersInterfaceController.swift in Sources */,
				5282BCF51FF3AD9100DFB36B /* InterfaceController.swift in Sources */,
			);
			runOnlyForDeploymentPostprocessing = 0;
		};
		F8111E0119A951050040E7D1 /* Sources */ = {
			isa = PBXSourcesBuildPhase;
			buildActionMask = 2147483647;
			files = (
				126EBCD21F99D91500D0B536 /* ConstraintLayoutSupportDSL.swift in Sources */,
				12C322471F80F1AD003E9BF4 /* EFColorWheelView.swift in Sources */,
				12C3224A1F80F1AD003E9BF4 /* EFColorView.swift in Sources */,
				126EBCC31F99D91500D0B536 /* Typealiases.swift in Sources */,
				12C322421F80F1AD003E9BF4 /* EFSliderView.swift in Sources */,
				120B78031EA3968700D34440 /* ViewController.swift in Sources */,
				126EBCB41F99D91400D0B536 /* ConstraintMakerPriortizable.swift in Sources */,
				126EBCCE1F99D91500D0B536 /* ConstraintRelatableTarget.swift in Sources */,
				126EBCC81F99D91500D0B536 /* ConstraintRelation.swift in Sources */,
				12C322491F80F1AD003E9BF4 /* EFControl.swift in Sources */,
				126EBCC11F99D91500D0B536 /* ConstraintLayoutGuide.swift in Sources */,
				12C322481F80F1AD003E9BF4 /* EFRGBView.swift in Sources */,
				126EBCB91F99D91400D0B536 /* ConstraintMakerFinalizable.swift in Sources */,
				126EBCCA1F99D91500D0B536 /* ConstraintView+Extensions.swift in Sources */,
				126EBCD11F99D91500D0B536 /* ConstraintLayoutGuide+Extensions.swift in Sources */,
				126EBCC51F99D91500D0B536 /* ConstraintOffsetTarget.swift in Sources */,
				120B78051EA3969600D34440 /* RecognizerController.swift in Sources */,
				126EBCC91F99D91500D0B536 /* ConstraintLayoutGuideDSL.swift in Sources */,
				126EBCB11F99D91400D0B536 /* ConstraintMultiplierTarget.swift in Sources */,
				126EBCB51F99D91400D0B536 /* ConstraintAttributes.swift in Sources */,
				126EBCB71F99D91400D0B536 /* ConstraintPriorityTarget.swift in Sources */,
				12C3224B1F80F1AD003E9BF4 /* EFThumbView.swift in Sources */,
				126EBCD31F99D91500D0B536 /* ConstraintMakerRelatable.swift in Sources */,
				126EBCB81F99D91400D0B536 /* ConstraintInsets.swift in Sources */,
				126EBCD01F99D91500D0B536 /* LayoutConstraint.swift in Sources */,
				120B780A1EA3977300D34440 /* UIImage+.swift in Sources */,
				126EBCC01F99D91500D0B536 /* ConstraintView.swift in Sources */,
				12C322461F80F1AD003E9BF4 /* EFColorSelectionView.swift in Sources */,
				126EBCBE1F99D91400D0B536 /* ConstraintConfig.swift in Sources */,
				126EBCBD1F99D91400D0B536 /* ConstraintInsetTarget.swift in Sources */,
				126EBCB31F99D91400D0B536 /* ConstraintDescription.swift in Sources */,
				126EBCC71F99D91500D0B536 /* ConstraintMaker.swift in Sources */,
				126EBCB21F99D91400D0B536 /* LayoutConstraintItem.swift in Sources */,
				126EBCC21F99D91500D0B536 /* ConstraintLayoutSupport.swift in Sources */,
				12C322451F80F1AD003E9BF4 /* EFColorUtils.swift in Sources */,
				120B78411EA39E1B00D34440 /* AppDelegate.swift in Sources */,
				12C322441F80F1AD003E9BF4 /* EFHSBView.swift in Sources */,
				12981D8A1F99F75D00156E1E /* CGFloat+.swift in Sources */,
				126EBCC41F99D91500D0B536 /* ConstraintConstantTarget.swift in Sources */,
				120B78071EA396A000D34440 /* GeneratorController.swift in Sources */,
				126EBCBC1F99D91400D0B536 /* ConstraintPriority.swift in Sources */,
				126EBCCB1F99D91500D0B536 /* ConstraintItem.swift in Sources */,
				126EBCBA1F99D91400D0B536 /* ConstraintDSL.swift in Sources */,
				126EBCCD1F99D91500D0B536 /* Debugging.swift in Sources */,
				12C3224C1F80F1AD003E9BF4 /* EFColorSelectionViewController.swift in Sources */,
				12C322431F80F1AD003E9BF4 /* EFColorComponentView.swift in Sources */,
				126EBCB61F99D91400D0B536 /* ConstraintViewDSL.swift in Sources */,
				126EBCCC1F99D91500D0B536 /* Constraint.swift in Sources */,
				126EBCC61F99D91500D0B536 /* ConstraintMakerEditable.swift in Sources */,
				126EBCBB1F99D91400D0B536 /* ConstraintMakerExtendable.swift in Sources */,
				126EBCBF1F99D91500D0B536 /* UILayoutSupport+Extensions.swift in Sources */,
			);
			runOnlyForDeploymentPostprocessing = 0;
		};
/* End PBXSourcesBuildPhase section */

/* Begin PBXTargetDependency section */
		120B785C1EA3A9F500D34440 /* PBXTargetDependency */ = {
			isa = PBXTargetDependency;
			name = "EFQRCode iOS";
			targetProxy = 120B785B1EA3A9F500D34440 /* PBXContainerItemProxy */;
		};
		5282BCF21FF3AD9100DFB36B /* PBXTargetDependency */ = {
			isa = PBXTargetDependency;
			target = 5282BCEE1FF3AD9100DFB36B /* watchOS Example Extension */;
			targetProxy = 5282BCF11FF3AD9100DFB36B /* PBXContainerItemProxy */;
		};
		5282BCFC1FF3AD9100DFB36B /* PBXTargetDependency */ = {
			isa = PBXTargetDependency;
			target = 5282BCE21FF3AD9000DFB36B /* watchOS Example */;
			targetProxy = 5282BCFB1FF3AD9100DFB36B /* PBXContainerItemProxy */;
		};
		5282BD211FF3FD8A00DFB36B /* PBXTargetDependency */ = {
			isa = PBXTargetDependency;
			name = "EFQRCode watchOS";
			targetProxy = 5282BD201FF3FD8A00DFB36B /* PBXContainerItemProxy */;
		};
/* End PBXTargetDependency section */

/* Begin PBXVariantGroup section */
		120B77FD1EA395EC00D34440 /* Main.storyboard */ = {
			isa = PBXVariantGroup;
			children = (
				120B77FE1EA395EC00D34440 /* Base */,
			);
			name = Main.storyboard;
			sourceTree = "<group>";
		};
		5282BCE51FF3AD9000DFB36B /* Interface.storyboard */ = {
			isa = PBXVariantGroup;
			children = (
				5282BCE61FF3AD9000DFB36B /* Base */,
			);
			name = Interface.storyboard;
			sourceTree = "<group>";
		};
/* End PBXVariantGroup section */

/* Begin XCBuildConfiguration section */
		5282BCFE1FF3AD9100DFB36B /* Debug */ = {
			isa = XCBuildConfiguration;
			buildSettings = {
				ALWAYS_EMBED_SWIFT_STANDARD_LIBRARIES = YES;
				ASSETCATALOG_COMPILER_APPICON_NAME = AppIcon;
				CLANG_ANALYZER_NONNULL = YES;
				CLANG_ANALYZER_NUMBER_OBJECT_CONVERSION = YES_AGGRESSIVE;
				CLANG_CXX_LANGUAGE_STANDARD = "gnu++14";
				CLANG_WARN_DOCUMENTATION_COMMENTS = YES;
				CLANG_WARN_UNGUARDED_AVAILABILITY = YES_AGGRESSIVE;
				CODE_SIGN_STYLE = Automatic;
				DEBUG_INFORMATION_FORMAT = dwarf;
				DEVELOPMENT_TEAM = P3X2725LYY;
				GCC_C_LANGUAGE_STANDARD = gnu11;
				IBSC_MODULE = watchOS_Example_Extension;
				INFOPLIST_FILE = "watchOS Example/Info.plist";
				PRODUCT_BUNDLE_IDENTIFIER = AppStore.EFQRCode.watchkitapp;
				PRODUCT_NAME = "$(TARGET_NAME)";
				SDKROOT = watchos;
				SKIP_INSTALL = YES;
				SWIFT_ACTIVE_COMPILATION_CONDITIONS = DEBUG;
				SWIFT_VERSION = 4.0;
				TARGETED_DEVICE_FAMILY = 4;
			};
			name = Debug;
		};
		5282BCFF1FF3AD9100DFB36B /* Release */ = {
			isa = XCBuildConfiguration;
			buildSettings = {
				ALWAYS_EMBED_SWIFT_STANDARD_LIBRARIES = YES;
				ASSETCATALOG_COMPILER_APPICON_NAME = AppIcon;
				CLANG_ANALYZER_NONNULL = YES;
				CLANG_ANALYZER_NUMBER_OBJECT_CONVERSION = YES_AGGRESSIVE;
				CLANG_CXX_LANGUAGE_STANDARD = "gnu++14";
				CLANG_WARN_DOCUMENTATION_COMMENTS = YES;
				CLANG_WARN_UNGUARDED_AVAILABILITY = YES_AGGRESSIVE;
				CODE_SIGN_STYLE = Automatic;
				COPY_PHASE_STRIP = NO;
				DEBUG_INFORMATION_FORMAT = "dwarf-with-dsym";
				DEVELOPMENT_TEAM = P3X2725LYY;
				GCC_C_LANGUAGE_STANDARD = gnu11;
				IBSC_MODULE = watchOS_Example_Extension;
				INFOPLIST_FILE = "watchOS Example/Info.plist";
				PRODUCT_BUNDLE_IDENTIFIER = AppStore.EFQRCode.watchkitapp;
				PRODUCT_NAME = "$(TARGET_NAME)";
				SDKROOT = watchos;
				SKIP_INSTALL = YES;
				SWIFT_OPTIMIZATION_LEVEL = "-Owholemodule";
				SWIFT_VERSION = 4.0;
				TARGETED_DEVICE_FAMILY = 4;
			};
			name = Release;
		};
		5282BD001FF3AD9100DFB36B /* Debug */ = {
			isa = XCBuildConfiguration;
			buildSettings = {
				ASSETCATALOG_COMPILER_COMPLICATION_NAME = Complication;
				CLANG_ANALYZER_NONNULL = YES;
				CLANG_ANALYZER_NUMBER_OBJECT_CONVERSION = YES_AGGRESSIVE;
				CLANG_CXX_LANGUAGE_STANDARD = "gnu++14";
				CLANG_WARN_DOCUMENTATION_COMMENTS = YES;
				CLANG_WARN_UNGUARDED_AVAILABILITY = YES_AGGRESSIVE;
				CODE_SIGN_STYLE = Automatic;
				DEBUG_INFORMATION_FORMAT = dwarf;
				DEVELOPMENT_TEAM = P3X2725LYY;
				GCC_C_LANGUAGE_STANDARD = gnu11;
				INFOPLIST_FILE = "watchOS Example Extension/Info.plist";
				LD_RUNPATH_SEARCH_PATHS = "$(inherited) @executable_path/Frameworks @executable_path/../../Frameworks";
				PRODUCT_BUNDLE_IDENTIFIER = AppStore.EFQRCode.watchkitapp.watchkitextension;
				PRODUCT_NAME = "${TARGET_NAME}";
				SDKROOT = watchos;
				SKIP_INSTALL = YES;
				SWIFT_ACTIVE_COMPILATION_CONDITIONS = DEBUG;
				SWIFT_VERSION = 4.0;
				TARGETED_DEVICE_FAMILY = 4;
			};
			name = Debug;
		};
		5282BD011FF3AD9100DFB36B /* Release */ = {
			isa = XCBuildConfiguration;
			buildSettings = {
				ASSETCATALOG_COMPILER_COMPLICATION_NAME = Complication;
				CLANG_ANALYZER_NONNULL = YES;
				CLANG_ANALYZER_NUMBER_OBJECT_CONVERSION = YES_AGGRESSIVE;
				CLANG_CXX_LANGUAGE_STANDARD = "gnu++14";
				CLANG_WARN_DOCUMENTATION_COMMENTS = YES;
				CLANG_WARN_UNGUARDED_AVAILABILITY = YES_AGGRESSIVE;
				CODE_SIGN_STYLE = Automatic;
				COPY_PHASE_STRIP = NO;
				DEBUG_INFORMATION_FORMAT = "dwarf-with-dsym";
				DEVELOPMENT_TEAM = P3X2725LYY;
				GCC_C_LANGUAGE_STANDARD = gnu11;
				INFOPLIST_FILE = "watchOS Example Extension/Info.plist";
				LD_RUNPATH_SEARCH_PATHS = "$(inherited) @executable_path/Frameworks @executable_path/../../Frameworks";
				PRODUCT_BUNDLE_IDENTIFIER = AppStore.EFQRCode.watchkitapp.watchkitextension;
				PRODUCT_NAME = "${TARGET_NAME}";
				SDKROOT = watchos;
				SKIP_INSTALL = YES;
				SWIFT_OPTIMIZATION_LEVEL = "-Owholemodule";
				SWIFT_VERSION = 4.0;
				TARGETED_DEVICE_FAMILY = 4;
			};
			name = Release;
		};
		F8111E2119A951050040E7D1 /* Debug */ = {
			isa = XCBuildConfiguration;
			buildSettings = {
				ALWAYS_SEARCH_USER_PATHS = NO;
				CLANG_CXX_LANGUAGE_STANDARD = "gnu++0x";
				CLANG_CXX_LIBRARY = "libc++";
				CLANG_ENABLE_MODULES = YES;
				CLANG_ENABLE_OBJC_ARC = YES;
				CLANG_WARN_BLOCK_CAPTURE_AUTORELEASING = YES;
				CLANG_WARN_BOOL_CONVERSION = YES;
				CLANG_WARN_COMMA = YES;
				CLANG_WARN_CONSTANT_CONVERSION = YES;
				CLANG_WARN_DIRECT_OBJC_ISA_USAGE = YES_ERROR;
				CLANG_WARN_EMPTY_BODY = YES;
				CLANG_WARN_ENUM_CONVERSION = YES;
				CLANG_WARN_INFINITE_RECURSION = YES;
				CLANG_WARN_INT_CONVERSION = YES;
				CLANG_WARN_NON_LITERAL_NULL_CONVERSION = YES;
				CLANG_WARN_OBJC_LITERAL_CONVERSION = YES;
				CLANG_WARN_OBJC_ROOT_CLASS = YES_ERROR;
				CLANG_WARN_RANGE_LOOP_ANALYSIS = YES;
				CLANG_WARN_STRICT_PROTOTYPES = YES;
				CLANG_WARN_SUSPICIOUS_MOVE = YES;
				CLANG_WARN_UNREACHABLE_CODE = YES;
				CLANG_WARN__DUPLICATE_METHOD_MATCH = YES;
				CODE_SIGN_IDENTITY = "iPhone Developer";
				"CODE_SIGN_IDENTITY[sdk=iphoneos*]" = "iPhone Developer";
				COPY_PHASE_STRIP = NO;
				ENABLE_STRICT_OBJC_MSGSEND = YES;
				ENABLE_TESTABILITY = YES;
				GCC_C_LANGUAGE_STANDARD = gnu99;
				GCC_DYNAMIC_NO_PIC = NO;
				GCC_NO_COMMON_BLOCKS = YES;
				GCC_OPTIMIZATION_LEVEL = 0;
				GCC_PREPROCESSOR_DEFINITIONS = (
					"DEBUG=1",
					"$(inherited)",
				);
				GCC_SYMBOLS_PRIVATE_EXTERN = NO;
				GCC_WARN_64_TO_32_BIT_CONVERSION = YES;
				GCC_WARN_ABOUT_RETURN_TYPE = YES_ERROR;
				GCC_WARN_UNDECLARED_SELECTOR = YES;
				GCC_WARN_UNINITIALIZED_AUTOS = YES_AGGRESSIVE;
				GCC_WARN_UNUSED_FUNCTION = YES;
				GCC_WARN_UNUSED_VARIABLE = YES;
				IPHONEOS_DEPLOYMENT_TARGET = 8.0;
				MACOSX_DEPLOYMENT_TARGET = 10.11;
				MTL_ENABLE_DEBUG_INFO = YES;
				ONLY_ACTIVE_ARCH = YES;
				SDKROOT = iphoneos;
				SWIFT_OPTIMIZATION_LEVEL = "-Onone";
				SWIFT_VERSION = 4.0;
				TARGETED_DEVICE_FAMILY = "1,2";
				TVOS_DEPLOYMENT_TARGET = 9.0;
				WATCHOS_DEPLOYMENT_TARGET = 2.0;
			};
			name = Debug;
		};
		F8111E2219A951050040E7D1 /* Release */ = {
			isa = XCBuildConfiguration;
			buildSettings = {
				ALWAYS_SEARCH_USER_PATHS = NO;
				CLANG_CXX_LANGUAGE_STANDARD = "gnu++0x";
				CLANG_CXX_LIBRARY = "libc++";
				CLANG_ENABLE_MODULES = YES;
				CLANG_ENABLE_OBJC_ARC = YES;
				CLANG_WARN_BLOCK_CAPTURE_AUTORELEASING = YES;
				CLANG_WARN_BOOL_CONVERSION = YES;
				CLANG_WARN_COMMA = YES;
				CLANG_WARN_CONSTANT_CONVERSION = YES;
				CLANG_WARN_DIRECT_OBJC_ISA_USAGE = YES_ERROR;
				CLANG_WARN_EMPTY_BODY = YES;
				CLANG_WARN_ENUM_CONVERSION = YES;
				CLANG_WARN_INFINITE_RECURSION = YES;
				CLANG_WARN_INT_CONVERSION = YES;
				CLANG_WARN_NON_LITERAL_NULL_CONVERSION = YES;
				CLANG_WARN_OBJC_LITERAL_CONVERSION = YES;
				CLANG_WARN_OBJC_ROOT_CLASS = YES_ERROR;
				CLANG_WARN_RANGE_LOOP_ANALYSIS = YES;
				CLANG_WARN_STRICT_PROTOTYPES = YES;
				CLANG_WARN_SUSPICIOUS_MOVE = YES;
				CLANG_WARN_UNREACHABLE_CODE = YES;
				CLANG_WARN__DUPLICATE_METHOD_MATCH = YES;
				CODE_SIGN_IDENTITY = "iPhone Developer";
				"CODE_SIGN_IDENTITY[sdk=iphoneos*]" = "iPhone Developer";
				COPY_PHASE_STRIP = YES;
				ENABLE_NS_ASSERTIONS = NO;
				ENABLE_STRICT_OBJC_MSGSEND = YES;
				GCC_C_LANGUAGE_STANDARD = gnu99;
				GCC_NO_COMMON_BLOCKS = YES;
				GCC_WARN_64_TO_32_BIT_CONVERSION = YES;
				GCC_WARN_ABOUT_RETURN_TYPE = YES_ERROR;
				GCC_WARN_UNDECLARED_SELECTOR = YES;
				GCC_WARN_UNINITIALIZED_AUTOS = YES_AGGRESSIVE;
				GCC_WARN_UNUSED_FUNCTION = YES;
				GCC_WARN_UNUSED_VARIABLE = YES;
				IPHONEOS_DEPLOYMENT_TARGET = 8.0;
				MACOSX_DEPLOYMENT_TARGET = 10.11;
				MTL_ENABLE_DEBUG_INFO = NO;
				SDKROOT = iphoneos;
				SWIFT_VERSION = 4.0;
				TARGETED_DEVICE_FAMILY = "1,2";
				TVOS_DEPLOYMENT_TARGET = 9.0;
				VALIDATE_PRODUCT = YES;
				WATCHOS_DEPLOYMENT_TARGET = 2.0;
			};
			name = Release;
		};
		F8111E2419A951050040E7D1 /* Debug */ = {
			isa = XCBuildConfiguration;
			buildSettings = {
				ASSETCATALOG_COMPILER_APPICON_NAME = AppIcon;
				CLANG_ENABLE_MODULES = YES;
				DEVELOPMENT_TEAM = P3X2725LYY;
				INFOPLIST_FILE = Resources/Info.plist;
				IPHONEOS_DEPLOYMENT_TARGET = 8.0;
				LD_RUNPATH_SEARCH_PATHS = "$(inherited) @executable_path/Frameworks";
				PRODUCT_BUNDLE_IDENTIFIER = AppStore.EFQRCode;
				PRODUCT_NAME = EFQRCode.iOS;
				SWIFT_OPTIMIZATION_LEVEL = "-Onone";
				SWIFT_SWIFT3_OBJC_INFERENCE = Default;
				SWIFT_VERSION = 4.0;
				TARGETED_DEVICE_FAMILY = "1,2";
			};
			name = Debug;
		};
		F8111E2519A951050040E7D1 /* Release */ = {
			isa = XCBuildConfiguration;
			buildSettings = {
				ASSETCATALOG_COMPILER_APPICON_NAME = AppIcon;
				CLANG_ENABLE_MODULES = YES;
				DEVELOPMENT_TEAM = P3X2725LYY;
				INFOPLIST_FILE = Resources/Info.plist;
				IPHONEOS_DEPLOYMENT_TARGET = 8.0;
				LD_RUNPATH_SEARCH_PATHS = "$(inherited) @executable_path/Frameworks";
				PRODUCT_BUNDLE_IDENTIFIER = AppStore.EFQRCode;
				PRODUCT_NAME = EFQRCode.iOS;
				SWIFT_OPTIMIZATION_LEVEL = "-Owholemodule";
				SWIFT_SWIFT3_OBJC_INFERENCE = Default;
				SWIFT_VERSION = 4.0;
				TARGETED_DEVICE_FAMILY = "1,2";
			};
			name = Release;
		};
/* End XCBuildConfiguration section */

/* Begin XCConfigurationList section */
		5282BD0A1FF3AD9100DFB36B /* Build configuration list for PBXNativeTarget "watchOS Example Extension" */ = {
			isa = XCConfigurationList;
			buildConfigurations = (
				5282BD001FF3AD9100DFB36B /* Debug */,
				5282BD011FF3AD9100DFB36B /* Release */,
			);
			defaultConfigurationIsVisible = 0;
			defaultConfigurationName = Release;
		};
		5282BD0C1FF3AD9100DFB36B /* Build configuration list for PBXNativeTarget "watchOS Example" */ = {
			isa = XCConfigurationList;
			buildConfigurations = (
				5282BCFE1FF3AD9100DFB36B /* Debug */,
				5282BCFF1FF3AD9100DFB36B /* Release */,
			);
			defaultConfigurationIsVisible = 0;
			defaultConfigurationName = Release;
		};
		F8111E0019A951050040E7D1 /* Build configuration list for PBXProject "iOS Example" */ = {
			isa = XCConfigurationList;
			buildConfigurations = (
				F8111E2119A951050040E7D1 /* Debug */,
				F8111E2219A951050040E7D1 /* Release */,
			);
			defaultConfigurationIsVisible = 0;
			defaultConfigurationName = Release;
		};
		F8111E2319A951050040E7D1 /* Build configuration list for PBXNativeTarget "iOS Example" */ = {
			isa = XCConfigurationList;
			buildConfigurations = (
				F8111E2419A951050040E7D1 /* Debug */,
				F8111E2519A951050040E7D1 /* Release */,
			);
			defaultConfigurationIsVisible = 0;
			defaultConfigurationName = Release;
		};
/* End XCConfigurationList section */
	};
	rootObject = F8111DFD19A951050040E7D1 /* Project object */;
}
