{
  "object": {
    "pins": [
      {
        "package": "swift_qrcodejs",
        "repositoryURL": "https://github.com/EFPrefix/swift_qrcodejs.git",
        "state": {
          "branch": null,
          "revision": "d1605333f7edac39b4518538ef4f2638fdd2e4d6",
          "version": "2.3.1"
        }
      },
      {
        "package": "SwiftDraw",
        "repositoryURL": "https://github.com/swhitty/SwiftDraw.git",
        "state": {
          "branch": null,
          "revision": "a19594794cdcdee5135caad3bc119096c50c92c2",
          "version": "0.22.0"
        }
      }
    ]
  },
  "version": 1
}
