{
  "object": {
    "pins": [
      {
        "package": "swift_qrcodejs",
        "repositoryURL": "https://github.com/ApolloZhu/swift_qrcodejs.git",
        "state": {
          "branch": null,
          "revision": "2f8286e9e6e0f10d42bf4ac3e7b60111593499ff",
          "version": "1.1.2"
        }
      }
    ]
  },
  "version": 1
}
