// !$*UTF8*$!
{
	archiveVersion = 1;
	classes = {
	};
	objectVersion = 46;
	objects = {

/* Begin PBXBuildFile section */
		1215B6F81EAC956F00DC5A86 /* Main.storyboard in Resources */ = {isa = PBXBuildFile; fileRef = 1215B6F61EAC956F00DC5A86 /* Main.storyboard */; };
		1215B6FA1EAC957000DC5A86 /* Assets.xcassets in Resources */ = {isa = PBXBuildFile; fileRef = 1215B6F91EAC957000DC5A86 /* Assets.xcassets */; };
		1215B7231EAC96DD00DC5A86 /* EFQRCode.framework in Frameworks */ = {isa = PBXBuildFile; fileRef = 1215B7151EAC95AE00DC5A86 /* EFQRCode.framework */; };
		1215B72A1EAC96FB00DC5A86 /* EFQRCode.framework in Copy Frameworks */ = {isa = PBXBuildFile; fileRef = 1215B7151EAC95AE00DC5A86 /* EFQRCode.framework */; settings = {ATTRIBUTES = (CodeSignOnCopy, RemoveHeadersOnCopy, ); }; };
		1215B72E1EAC9FA800DC5A86 /* UIImage+.swift in Sources */ = {isa = PBXBuildFile; fileRef = 1215B72D1EAC9FA800DC5A86 /* UIImage+.swift */; };
		1215B7341EAC9FD300DC5A86 /* ViewController.swift in Sources */ = {isa = PBXBuildFile; fileRef = 1215B7311EAC9FD300DC5A86 /* ViewController.swift */; };
		1215B7381EACA23E00DC5A86 /* AppDelegate.swift in Sources */ = {isa = PBXBuildFile; fileRef = 1215B7371EACA23E00DC5A86 /* AppDelegate.swift */; };
		122D54881ED1D7020055969D /* GeneratorController.swift in Sources */ = {isa = PBXBuildFile; fileRef = 122D54871ED1D7020055969D /* GeneratorController.swift */; };
		12664E691FA9B57900D56500 /* ConstraintMultiplierTarget.swift in Sources */ = {isa = PBXBuildFile; fileRef = 12664E451FA9B57900D56500 /* ConstraintMultiplierTarget.swift */; };
		12664E6A1FA9B57900D56500 /* LayoutConstraintItem.swift in Sources */ = {isa = PBXBuildFile; fileRef = 12664E461FA9B57900D56500 /* LayoutConstraintItem.swift */; };
		12664E6B1FA9B57900D56500 /* ConstraintDescription.swift in Sources */ = {isa = PBXBuildFile; fileRef = 12664E471FA9B57900D56500 /* ConstraintDescription.swift */; };
		12664E6C1FA9B57900D56500 /* ConstraintMakerPriortizable.swift in Sources */ = {isa = PBXBuildFile; fileRef = 12664E481FA9B57900D56500 /* ConstraintMakerPriortizable.swift */; };
		12664E6D1FA9B57900D56500 /* ConstraintAttributes.swift in Sources */ = {isa = PBXBuildFile; fileRef = 12664E491FA9B57900D56500 /* ConstraintAttributes.swift */; };
		12664E6E1FA9B57900D56500 /* ConstraintViewDSL.swift in Sources */ = {isa = PBXBuildFile; fileRef = 12664E4A1FA9B57900D56500 /* ConstraintViewDSL.swift */; };
		12664E6F1FA9B57900D56500 /* ConstraintPriorityTarget.swift in Sources */ = {isa = PBXBuildFile; fileRef = 12664E4B1FA9B57900D56500 /* ConstraintPriorityTarget.swift */; };
		12664E701FA9B57900D56500 /* ConstraintInsets.swift in Sources */ = {isa = PBXBuildFile; fileRef = 12664E4C1FA9B57900D56500 /* ConstraintInsets.swift */; };
		12664E711FA9B57900D56500 /* ConstraintMakerFinalizable.swift in Sources */ = {isa = PBXBuildFile; fileRef = 12664E4D1FA9B57900D56500 /* ConstraintMakerFinalizable.swift */; };
		12664E721FA9B57900D56500 /* ConstraintDSL.swift in Sources */ = {isa = PBXBuildFile; fileRef = 12664E4E1FA9B57900D56500 /* ConstraintDSL.swift */; };
		12664E731FA9B57900D56500 /* ConstraintMakerExtendable.swift in Sources */ = {isa = PBXBuildFile; fileRef = 12664E4F1FA9B57900D56500 /* ConstraintMakerExtendable.swift */; };
		12664E741FA9B57900D56500 /* ConstraintPriority.swift in Sources */ = {isa = PBXBuildFile; fileRef = 12664E501FA9B57900D56500 /* ConstraintPriority.swift */; };
		12664E751FA9B57900D56500 /* ConstraintInsetTarget.swift in Sources */ = {isa = PBXBuildFile; fileRef = 12664E511FA9B57900D56500 /* ConstraintInsetTarget.swift */; };
		12664E761FA9B57900D56500 /* ConstraintConfig.swift in Sources */ = {isa = PBXBuildFile; fileRef = 12664E531FA9B57900D56500 /* ConstraintConfig.swift */; };
		12664E771FA9B57900D56500 /* UILayoutSupport+Extensions.swift in Sources */ = {isa = PBXBuildFile; fileRef = 12664E541FA9B57900D56500 /* UILayoutSupport+Extensions.swift */; };
		12664E781FA9B57900D56500 /* ConstraintView.swift in Sources */ = {isa = PBXBuildFile; fileRef = 12664E551FA9B57900D56500 /* ConstraintView.swift */; };
		12664E791FA9B57900D56500 /* ConstraintLayoutGuide.swift in Sources */ = {isa = PBXBuildFile; fileRef = 12664E561FA9B57900D56500 /* ConstraintLayoutGuide.swift */; };
		12664E7A1FA9B57900D56500 /* ConstraintLayoutSupport.swift in Sources */ = {isa = PBXBuildFile; fileRef = 12664E571FA9B57900D56500 /* ConstraintLayoutSupport.swift */; };
		12664E7B1FA9B57900D56500 /* Typealiases.swift in Sources */ = {isa = PBXBuildFile; fileRef = 12664E581FA9B57900D56500 /* Typealiases.swift */; };
		12664E7C1FA9B57900D56500 /* ConstraintConstantTarget.swift in Sources */ = {isa = PBXBuildFile; fileRef = 12664E591FA9B57900D56500 /* ConstraintConstantTarget.swift */; };
		12664E7D1FA9B57900D56500 /* ConstraintOffsetTarget.swift in Sources */ = {isa = PBXBuildFile; fileRef = 12664E5A1FA9B57900D56500 /* ConstraintOffsetTarget.swift */; };
		12664E7E1FA9B57900D56500 /* ConstraintMakerEditable.swift in Sources */ = {isa = PBXBuildFile; fileRef = 12664E5B1FA9B57900D56500 /* ConstraintMakerEditable.swift */; };
		12664E7F1FA9B57900D56500 /* ConstraintMaker.swift in Sources */ = {isa = PBXBuildFile; fileRef = 12664E5C1FA9B57900D56500 /* ConstraintMaker.swift */; };
		12664E801FA9B57900D56500 /* ConstraintRelation.swift in Sources */ = {isa = PBXBuildFile; fileRef = 12664E5D1FA9B57900D56500 /* ConstraintRelation.swift */; };
		12664E811FA9B57900D56500 /* ConstraintLayoutGuideDSL.swift in Sources */ = {isa = PBXBuildFile; fileRef = 12664E5E1FA9B57900D56500 /* ConstraintLayoutGuideDSL.swift */; };
		12664E821FA9B57900D56500 /* ConstraintView+Extensions.swift in Sources */ = {isa = PBXBuildFile; fileRef = 12664E5F1FA9B57900D56500 /* ConstraintView+Extensions.swift */; };
		12664E831FA9B57900D56500 /* ConstraintItem.swift in Sources */ = {isa = PBXBuildFile; fileRef = 12664E601FA9B57900D56500 /* ConstraintItem.swift */; };
		12664E841FA9B57900D56500 /* Constraint.swift in Sources */ = {isa = PBXBuildFile; fileRef = 12664E611FA9B57900D56500 /* Constraint.swift */; };
		12664E851FA9B57900D56500 /* Debugging.swift in Sources */ = {isa = PBXBuildFile; fileRef = 12664E621FA9B57900D56500 /* Debugging.swift */; };
		12664E861FA9B57900D56500 /* ConstraintRelatableTarget.swift in Sources */ = {isa = PBXBuildFile; fileRef = 12664E631FA9B57900D56500 /* ConstraintRelatableTarget.swift */; };
		12664E881FA9B57900D56500 /* LayoutConstraint.swift in Sources */ = {isa = PBXBuildFile; fileRef = 12664E651FA9B57900D56500 /* LayoutConstraint.swift */; };
		12664E891FA9B57900D56500 /* ConstraintLayoutGuide+Extensions.swift in Sources */ = {isa = PBXBuildFile; fileRef = 12664E661FA9B57900D56500 /* ConstraintLayoutGuide+Extensions.swift */; };
		12664E8A1FA9B57900D56500 /* ConstraintLayoutSupportDSL.swift in Sources */ = {isa = PBXBuildFile; fileRef = 12664E671FA9B57900D56500 /* ConstraintLayoutSupportDSL.swift */; };
		12664E8B1FA9B57900D56500 /* ConstraintMakerRelatable.swift in Sources */ = {isa = PBXBuildFile; fileRef = 12664E681FA9B57900D56500 /* ConstraintMakerRelatable.swift */; };
		12664E8D1FA9B5BD00D56500 /* CGFloat+.swift in Sources */ = {isa = PBXBuildFile; fileRef = 12664E8C1FA9B5BD00D56500 /* CGFloat+.swift */; };
/* End PBXBuildFile section */

/* Begin PBXContainerItemProxy section */
		1215B70C1EAC95AE00DC5A86 /* PBXContainerItemProxy */ = {
			isa = PBXContainerItemProxy;
			containerPortal = 1215B7031EAC95AE00DC5A86 /* EFQRCode.xcodeproj */;
			proxyType = 2;
			remoteGlobalIDString = F8111E3319A95C8B0040E7D1;
			remoteInfo = "EFQRCode iOS";
		};
		1215B70E1EAC95AE00DC5A86 /* PBXContainerItemProxy */ = {
			isa = PBXContainerItemProxy;
			containerPortal = 1215B7031EAC95AE00DC5A86 /* EFQRCode.xcodeproj */;
			proxyType = 2;
			remoteGlobalIDString = F8111E3E19A95C8B0040E7D1;
			remoteInfo = "EFQRCode iOS Tests";
		};
		1215B7101EAC95AE00DC5A86 /* PBXContainerItemProxy */ = {
			isa = PBXContainerItemProxy;
			containerPortal = 1215B7031EAC95AE00DC5A86 /* EFQRCode.xcodeproj */;
			proxyType = 2;
			remoteGlobalIDString = 4DD67C0B1A5C55C900ED2280;
			remoteInfo = "EFQRCode macOS";
		};
		1215B7121EAC95AE00DC5A86 /* PBXContainerItemProxy */ = {
			isa = PBXContainerItemProxy;
			containerPortal = 1215B7031EAC95AE00DC5A86 /* EFQRCode.xcodeproj */;
			proxyType = 2;
			remoteGlobalIDString = F829C6B21A7A94F100A2CD59;
			remoteInfo = "EFQRCode macOS Tests";
		};
		1215B7141EAC95AE00DC5A86 /* PBXContainerItemProxy */ = {
			isa = PBXContainerItemProxy;
			containerPortal = 1215B7031EAC95AE00DC5A86 /* EFQRCode.xcodeproj */;
			proxyType = 2;
			remoteGlobalIDString = 4CF626EF1BA7CB3E0011A099;
			remoteInfo = "EFQRCode tvOS";
		};
		1215B7161EAC95AE00DC5A86 /* PBXContainerItemProxy */ = {
			isa = PBXContainerItemProxy;
			containerPortal = 1215B7031EAC95AE00DC5A86 /* EFQRCode.xcodeproj */;
			proxyType = 2;
			remoteGlobalIDString = 4CF626F81BA7CB3E0011A099;
			remoteInfo = "EFQRCode tvOS Tests";
		};
		1215B7211EAC96D800DC5A86 /* PBXContainerItemProxy */ = {
			isa = PBXContainerItemProxy;
			containerPortal = 1215B7031EAC95AE00DC5A86 /* EFQRCode.xcodeproj */;
			proxyType = 1;
			remoteGlobalIDString = 4CF626EE1BA7CB3E0011A099;
			remoteInfo = "EFQRCode tvOS";
		};
		5282BD141FF3ADFA00DFB36B /* PBXContainerItemProxy */ = {
			isa = PBXContainerItemProxy;
			containerPortal = 1215B7031EAC95AE00DC5A86 /* EFQRCode.xcodeproj */;
			proxyType = 2;
			remoteGlobalIDString = 5282BCAD1FF38F8100DFB36B;
			remoteInfo = "EFQRCode watchOS";
		};
/* End PBXContainerItemProxy section */

/* Begin PBXCopyFilesBuildPhase section */
		1215B7291EAC96EE00DC5A86 /* Copy Frameworks */ = {
			isa = PBXCopyFilesBuildPhase;
			buildActionMask = 2147483647;
			dstPath = "";
			dstSubfolderSpec = 10;
			files = (
				1215B72A1EAC96FB00DC5A86 /* EFQRCode.framework in Copy Frameworks */,
			);
			name = "Copy Frameworks";
			runOnlyForDeploymentPostprocessing = 0;
		};
/* End PBXCopyFilesBuildPhase section */

/* Begin PBXFileReference section */
		1215B6EF1EAC956F00DC5A86 /* EFQRCode.tvOS.app */ = {isa = PBXFileReference; explicitFileType = wrapper.application; includeInIndex = 0; path = EFQRCode.tvOS.app; sourceTree = BUILT_PRODUCTS_DIR; };
		1215B6F71EAC956F00DC5A86 /* Base */ = {isa = PBXFileReference; lastKnownFileType = file.storyboard; name = Base; path = Base.lproj/Main.storyboard; sourceTree = "<group>"; };
		1215B6F91EAC957000DC5A86 /* Assets.xcassets */ = {isa = PBXFileReference; lastKnownFileType = folder.assetcatalog; path = Assets.xcassets; sourceTree = "<group>"; };
		1215B6FB1EAC957000DC5A86 /* Info.plist */ = {isa = PBXFileReference; lastKnownFileType = text.plist.xml; path = Info.plist; sourceTree = "<group>"; };
		1215B7031EAC95AE00DC5A86 /* EFQRCode.xcodeproj */ = {isa = PBXFileReference; lastKnownFileType = "wrapper.pb-project"; name = EFQRCode.xcodeproj; path = ../../EFQRCode.xcodeproj; sourceTree = "<group>"; };
		1215B72D1EAC9FA800DC5A86 /* UIImage+.swift */ = {isa = PBXFileReference; fileEncoding = 4; lastKnownFileType = sourcecode.swift; name = "UIImage+.swift"; path = "../../iOS/UIImage+.swift"; sourceTree = "<group>"; };
		1215B7311EAC9FD300DC5A86 /* ViewController.swift */ = {isa = PBXFileReference; fileEncoding = 4; lastKnownFileType = sourcecode.swift; name = ViewController.swift; path = ../../iOS/ViewController.swift; sourceTree = "<group>"; };
		1215B7371EACA23E00DC5A86 /* AppDelegate.swift */ = {isa = PBXFileReference; fileEncoding = 4; lastKnownFileType = sourcecode.swift; name = AppDelegate.swift; path = ../../iOS/AppDelegate.swift; sourceTree = "<group>"; };
		122D54871ED1D7020055969D /* GeneratorController.swift */ = {isa = PBXFileReference; fileEncoding = 4; lastKnownFileType = sourcecode.swift; name = GeneratorController.swift; path = ../../iOS/GeneratorController.swift; sourceTree = "<group>"; };
		12664E451FA9B57900D56500 /* ConstraintMultiplierTarget.swift */ = {isa = PBXFileReference; fileEncoding = 4; lastKnownFileType = sourcecode.swift; path = ConstraintMultiplierTarget.swift; sourceTree = "<group>"; };
		12664E461FA9B57900D56500 /* LayoutConstraintItem.swift */ = {isa = PBXFileReference; fileEncoding = 4; lastKnownFileType = sourcecode.swift; path = LayoutConstraintItem.swift; sourceTree = "<group>"; };
		12664E471FA9B57900D56500 /* ConstraintDescription.swift */ = {isa = PBXFileReference; fileEncoding = 4; lastKnownFileType = sourcecode.swift; path = ConstraintDescription.swift; sourceTree = "<group>"; };
		12664E481FA9B57900D56500 /* ConstraintMakerPriortizable.swift */ = {isa = PBXFileReference; fileEncoding = 4; lastKnownFileType = sourcecode.swift; path = ConstraintMakerPriortizable.swift; sourceTree = "<group>"; };
		12664E491FA9B57900D56500 /* ConstraintAttributes.swift */ = {isa = PBXFileReference; fileEncoding = 4; lastKnownFileType = sourcecode.swift; path = ConstraintAttributes.swift; sourceTree = "<group>"; };
		12664E4A1FA9B57900D56500 /* ConstraintViewDSL.swift */ = {isa = PBXFileReference; fileEncoding = 4; lastKnownFileType = sourcecode.swift; path = ConstraintViewDSL.swift; sourceTree = "<group>"; };
		12664E4B1FA9B57900D56500 /* ConstraintPriorityTarget.swift */ = {isa = PBXFileReference; fileEncoding = 4; lastKnownFileType = sourcecode.swift; path = ConstraintPriorityTarget.swift; sourceTree = "<group>"; };
		12664E4C1FA9B57900D56500 /* ConstraintInsets.swift */ = {isa = PBXFileReference; fileEncoding = 4; lastKnownFileType = sourcecode.swift; path = ConstraintInsets.swift; sourceTree = "<group>"; };
		12664E4D1FA9B57900D56500 /* ConstraintMakerFinalizable.swift */ = {isa = PBXFileReference; fileEncoding = 4; lastKnownFileType = sourcecode.swift; path = ConstraintMakerFinalizable.swift; sourceTree = "<group>"; };
		12664E4E1FA9B57900D56500 /* ConstraintDSL.swift */ = {isa = PBXFileReference; fileEncoding = 4; lastKnownFileType = sourcecode.swift; path = ConstraintDSL.swift; sourceTree = "<group>"; };
		12664E4F1FA9B57900D56500 /* ConstraintMakerExtendable.swift */ = {isa = PBXFileReference; fileEncoding = 4; lastKnownFileType = sourcecode.swift; path = ConstraintMakerExtendable.swift; sourceTree = "<group>"; };
		12664E501FA9B57900D56500 /* ConstraintPriority.swift */ = {isa = PBXFileReference; fileEncoding = 4; lastKnownFileType = sourcecode.swift; path = ConstraintPriority.swift; sourceTree = "<group>"; };
		12664E511FA9B57900D56500 /* ConstraintInsetTarget.swift */ = {isa = PBXFileReference; fileEncoding = 4; lastKnownFileType = sourcecode.swift; path = ConstraintInsetTarget.swift; sourceTree = "<group>"; };
		12664E521FA9B57900D56500 /* SnapKit.h */ = {isa = PBXFileReference; fileEncoding = 4; lastKnownFileType = sourcecode.c.h; path = SnapKit.h; sourceTree = "<group>"; };
		12664E531FA9B57900D56500 /* ConstraintConfig.swift */ = {isa = PBXFileReference; fileEncoding = 4; lastKnownFileType = sourcecode.swift; path = ConstraintConfig.swift; sourceTree = "<group>"; };
		12664E541FA9B57900D56500 /* UILayoutSupport+Extensions.swift */ = {isa = PBXFileReference; fileEncoding = 4; lastKnownFileType = sourcecode.swift; path = "UILayoutSupport+Extensions.swift"; sourceTree = "<group>"; };
		12664E551FA9B57900D56500 /* ConstraintView.swift */ = {isa = PBXFileReference; fileEncoding = 4; lastKnownFileType = sourcecode.swift; path = ConstraintView.swift; sourceTree = "<group>"; };
		12664E561FA9B57900D56500 /* ConstraintLayoutGuide.swift */ = {isa = PBXFileReference; fileEncoding = 4; lastKnownFileType = sourcecode.swift; path = ConstraintLayoutGuide.swift; sourceTree = "<group>"; };
		12664E571FA9B57900D56500 /* ConstraintLayoutSupport.swift */ = {isa = PBXFileReference; fileEncoding = 4; lastKnownFileType = sourcecode.swift; path = ConstraintLayoutSupport.swift; sourceTree = "<group>"; };
		12664E581FA9B57900D56500 /* Typealiases.swift */ = {isa = PBXFileReference; fileEncoding = 4; lastKnownFileType = sourcecode.swift; path = Typealiases.swift; sourceTree = "<group>"; };
		12664E591FA9B57900D56500 /* ConstraintConstantTarget.swift */ = {isa = PBXFileReference; fileEncoding = 4; lastKnownFileType = sourcecode.swift; path = ConstraintConstantTarget.swift; sourceTree = "<group>"; };
		12664E5A1FA9B57900D56500 /* ConstraintOffsetTarget.swift */ = {isa = PBXFileReference; fileEncoding = 4; lastKnownFileType = sourcecode.swift; path = ConstraintOffsetTarget.swift; sourceTree = "<group>"; };
		12664E5B1FA9B57900D56500 /* ConstraintMakerEditable.swift */ = {isa = PBXFileReference; fileEncoding = 4; lastKnownFileType = sourcecode.swift; path = ConstraintMakerEditable.swift; sourceTree = "<group>"; };
		12664E5C1FA9B57900D56500 /* ConstraintMaker.swift */ = {isa = PBXFileReference; fileEncoding = 4; lastKnownFileType = sourcecode.swift; path = ConstraintMaker.swift; sourceTree = "<group>"; };
		12664E5D1FA9B57900D56500 /* ConstraintRelation.swift */ = {isa = PBXFileReference; fileEncoding = 4; lastKnownFileType = sourcecode.swift; path = ConstraintRelation.swift; sourceTree = "<group>"; };
		12664E5E1FA9B57900D56500 /* ConstraintLayoutGuideDSL.swift */ = {isa = PBXFileReference; fileEncoding = 4; lastKnownFileType = sourcecode.swift; path = ConstraintLayoutGuideDSL.swift; sourceTree = "<group>"; };
		12664E5F1FA9B57900D56500 /* ConstraintView+Extensions.swift */ = {isa = PBXFileReference; fileEncoding = 4; lastKnownFileType = sourcecode.swift; path = "ConstraintView+Extensions.swift"; sourceTree = "<group>"; };
		12664E601FA9B57900D56500 /* ConstraintItem.swift */ = {isa = PBXFileReference; fileEncoding = 4; lastKnownFileType = sourcecode.swift; path = ConstraintItem.swift; sourceTree = "<group>"; };
		12664E611FA9B57900D56500 /* Constraint.swift */ = {isa = PBXFileReference; fileEncoding = 4; lastKnownFileType = sourcecode.swift; path = Constraint.swift; sourceTree = "<group>"; };
		12664E621FA9B57900D56500 /* Debugging.swift */ = {isa = PBXFileReference; fileEncoding = 4; lastKnownFileType = sourcecode.swift; path = Debugging.swift; sourceTree = "<group>"; };
		12664E631FA9B57900D56500 /* ConstraintRelatableTarget.swift */ = {isa = PBXFileReference; fileEncoding = 4; lastKnownFileType = sourcecode.swift; path = ConstraintRelatableTarget.swift; sourceTree = "<group>"; };
		12664E641FA9B57900D56500 /* Info.plist */ = {isa = PBXFileReference; fileEncoding = 4; lastKnownFileType = text.plist.xml; path = Info.plist; sourceTree = "<group>"; };
		12664E651FA9B57900D56500 /* LayoutConstraint.swift */ = {isa = PBXFileReference; fileEncoding = 4; lastKnownFileType = sourcecode.swift; path = LayoutConstraint.swift; sourceTree = "<group>"; };
		12664E661FA9B57900D56500 /* ConstraintLayoutGuide+Extensions.swift */ = {isa = PBXFileReference; fileEncoding = 4; lastKnownFileType = sourcecode.swift; path = "ConstraintLayoutGuide+Extensions.swift"; sourceTree = "<group>"; };
		12664E671FA9B57900D56500 /* ConstraintLayoutSupportDSL.swift */ = {isa = PBXFileReference; fileEncoding = 4; lastKnownFileType = sourcecode.swift; path = ConstraintLayoutSupportDSL.swift; sourceTree = "<group>"; };
		12664E681FA9B57900D56500 /* ConstraintMakerRelatable.swift */ = {isa = PBXFileReference; fileEncoding = 4; lastKnownFileType = sourcecode.swift; path = ConstraintMakerRelatable.swift; sourceTree = "<group>"; };
		12664E8C1FA9B5BD00D56500 /* CGFloat+.swift */ = {isa = PBXFileReference; fileEncoding = 4; lastKnownFileType = sourcecode.swift; name = "CGFloat+.swift"; path = "../../iOS/CGFloat+.swift"; sourceTree = "<group>"; };
/* End PBXFileReference section */

/* Begin PBXFrameworksBuildPhase section */
		1215B6EC1EAC956F00DC5A86 /* Frameworks */ = {
			isa = PBXFrameworksBuildPhase;
			buildActionMask = 2147483647;
			files = (
				1215B7231EAC96DD00DC5A86 /* EFQRCode.framework in Frameworks */,
			);
			runOnlyForDeploymentPostprocessing = 0;
		};
/* End PBXFrameworksBuildPhase section */

/* Begin PBXGroup section */
		1215B6E61EAC956F00DC5A86 = {
			isa = PBXGroup;
			children = (
				1215B6F11EAC956F00DC5A86 /* tvOS Example */,
				1215B6F01EAC956F00DC5A86 /* Products */,
				1215B7031EAC95AE00DC5A86 /* EFQRCode.xcodeproj */,
			);
			sourceTree = "<group>";
		};
		1215B6F01EAC956F00DC5A86 /* Products */ = {
			isa = PBXGroup;
			children = (
				1215B6EF1EAC956F00DC5A86 /* EFQRCode.tvOS.app */,
			);
			name = Products;
			sourceTree = "<group>";
		};
		1215B6F11EAC956F00DC5A86 /* tvOS Example */ = {
			isa = PBXGroup;
			children = (
				1215B7371EACA23E00DC5A86 /* AppDelegate.swift */,
				12664E3E1FA9B55E00D56500 /* 3rd */,
				1215B71D1EAC967400DC5A86 /* Res */,
				1215B71E1EAC967A00DC5A86 /* Extension */,
				1215B71F1EAC967F00DC5A86 /* Controller */,
				1215B7201EAC968500DC5A86 /* Supporting Files */,
			);
			path = "tvOS Example";
			sourceTree = "<group>";
		};
		1215B7041EAC95AE00DC5A86 /* Products */ = {
			isa = PBXGroup;
			children = (
				1215B70D1EAC95AE00DC5A86 /* EFQRCode.framework */,
				1215B70F1EAC95AE00DC5A86 /* EFQRCode iOS Tests.xctest */,
				1215B7111EAC95AE00DC5A86 /* EFQRCode.framework */,
				1215B7131EAC95AE00DC5A86 /* EFQRCode macOS Tests.xctest */,
				1215B7151EAC95AE00DC5A86 /* EFQRCode.framework */,
				1215B7171EAC95AE00DC5A86 /* EFQRCode tvOS Tests.xctest */,
				5282BD151FF3ADFA00DFB36B /* EFQRCode.framework */,
			);
			name = Products;
			sourceTree = "<group>";
		};
		1215B71D1EAC967400DC5A86 /* Res */ = {
			isa = PBXGroup;
			children = (
				1215B6F61EAC956F00DC5A86 /* Main.storyboard */,
				1215B6F91EAC957000DC5A86 /* Assets.xcassets */,
			);
			name = Res;
			sourceTree = "<group>";
		};
		1215B71E1EAC967A00DC5A86 /* Extension */ = {
			isa = PBXGroup;
			children = (
				1215B72D1EAC9FA800DC5A86 /* UIImage+.swift */,
				12664E8C1FA9B5BD00D56500 /* CGFloat+.swift */,
			);
			name = Extension;
			sourceTree = "<group>";
		};
		1215B71F1EAC967F00DC5A86 /* Controller */ = {
			isa = PBXGroup;
			children = (
				1215B7311EAC9FD300DC5A86 /* ViewController.swift */,
				122D54871ED1D7020055969D /* GeneratorController.swift */,
			);
			name = Controller;
			sourceTree = "<group>";
		};
		1215B7201EAC968500DC5A86 /* Supporting Files */ = {
			isa = PBXGroup;
			children = (
				1215B6FB1EAC957000DC5A86 /* Info.plist */,
			);
			name = "Supporting Files";
			sourceTree = "<group>";
		};
		12664E3E1FA9B55E00D56500 /* 3rd */ = {
			isa = PBXGroup;
			children = (
				12664E441FA9B57900D56500 /* SnapKit */,
			);
			name = 3rd;
			sourceTree = "<group>";
		};
		12664E441FA9B57900D56500 /* SnapKit */ = {
			isa = PBXGroup;
			children = (
				12664E451FA9B57900D56500 /* ConstraintMultiplierTarget.swift */,
				12664E461FA9B57900D56500 /* LayoutConstraintItem.swift */,
				12664E471FA9B57900D56500 /* ConstraintDescription.swift */,
				12664E481FA9B57900D56500 /* ConstraintMakerPriortizable.swift */,
				12664E491FA9B57900D56500 /* ConstraintAttributes.swift */,
				12664E4A1FA9B57900D56500 /* ConstraintViewDSL.swift */,
				12664E4B1FA9B57900D56500 /* ConstraintPriorityTarget.swift */,
				12664E4C1FA9B57900D56500 /* ConstraintInsets.swift */,
				12664E4D1FA9B57900D56500 /* ConstraintMakerFinalizable.swift */,
				12664E4E1FA9B57900D56500 /* ConstraintDSL.swift */,
				12664E4F1FA9B57900D56500 /* ConstraintMakerExtendable.swift */,
				12664E501FA9B57900D56500 /* ConstraintPriority.swift */,
				12664E511FA9B57900D56500 /* ConstraintInsetTarget.swift */,
				12664E521FA9B57900D56500 /* SnapKit.h */,
				12664E531FA9B57900D56500 /* ConstraintConfig.swift */,
				12664E541FA9B57900D56500 /* UILayoutSupport+Extensions.swift */,
				12664E551FA9B57900D56500 /* ConstraintView.swift */,
				12664E561FA9B57900D56500 /* ConstraintLayoutGuide.swift */,
				12664E571FA9B57900D56500 /* ConstraintLayoutSupport.swift */,
				12664E581FA9B57900D56500 /* Typealiases.swift */,
				12664E591FA9B57900D56500 /* ConstraintConstantTarget.swift */,
				12664E5A1FA9B57900D56500 /* ConstraintOffsetTarget.swift */,
				12664E5B1FA9B57900D56500 /* ConstraintMakerEditable.swift */,
				12664E5C1FA9B57900D56500 /* ConstraintMaker.swift */,
				12664E5D1FA9B57900D56500 /* ConstraintRelation.swift */,
				12664E5E1FA9B57900D56500 /* ConstraintLayoutGuideDSL.swift */,
				12664E5F1FA9B57900D56500 /* ConstraintView+Extensions.swift */,
				12664E601FA9B57900D56500 /* ConstraintItem.swift */,
				12664E611FA9B57900D56500 /* Constraint.swift */,
				12664E621FA9B57900D56500 /* Debugging.swift */,
				12664E631FA9B57900D56500 /* ConstraintRelatableTarget.swift */,
				12664E641FA9B57900D56500 /* Info.plist */,
				12664E651FA9B57900D56500 /* LayoutConstraint.swift */,
				12664E661FA9B57900D56500 /* ConstraintLayoutGuide+Extensions.swift */,
				12664E671FA9B57900D56500 /* ConstraintLayoutSupportDSL.swift */,
				12664E681FA9B57900D56500 /* ConstraintMakerRelatable.swift */,
			);
			name = SnapKit;
			path = ../../iOS/SnapKit;
			sourceTree = "<group>";
		};
/* End PBXGroup section */

/* Begin PBXNativeTarget section */
		1215B6EE1EAC956F00DC5A86 /* tvOS Example */ = {
			isa = PBXNativeTarget;
			buildConfigurationList = 1215B6FE1EAC957000DC5A86 /* Build configuration list for PBXNativeTarget "tvOS Example" */;
			buildPhases = (
				1215B6EB1EAC956F00DC5A86 /* Sources */,
				1215B6EC1EAC956F00DC5A86 /* Frameworks */,
				1215B6ED1EAC956F00DC5A86 /* Resources */,
				1215B7291EAC96EE00DC5A86 /* Copy Frameworks */,
			);
			buildRules = (
			);
			dependencies = (
				1215B7221EAC96D800DC5A86 /* PBXTargetDependency */,
			);
			name = "tvOS Example";
			productName = "tvOS Example";
			productReference = 1215B6EF1EAC956F00DC5A86 /* EFQRCode.tvOS.app */;
			productType = "com.apple.product-type.application";
		};
/* End PBXNativeTarget section */

/* Begin PBXProject section */
		1215B6E71EAC956F00DC5A86 /* Project object */ = {
			isa = PBXProject;
			attributes = {
				LastSwiftUpdateCheck = 0830;
				LastUpgradeCheck = 0900;
				ORGANIZATIONNAME = EyreFree;
				TargetAttributes = {
					1215B6EE1EAC956F00DC5A86 = {
						CreatedOnToolsVersion = 8.3;
						DevelopmentTeam = P3X2725LYY;
						LastSwiftMigration = 0900;
						ProvisioningStyle = Automatic;
					};
				};
			};
			buildConfigurationList = 1215B6EA1EAC956F00DC5A86 /* Build configuration list for PBXProject "tvOS Example" */;
			compatibilityVersion = "Xcode 3.2";
			developmentRegion = English;
			hasScannedForEncodings = 0;
			knownRegions = (
				en,
				Base,
			);
			mainGroup = 1215B6E61EAC956F00DC5A86;
			productRefGroup = 1215B6F01EAC956F00DC5A86 /* Products */;
			projectDirPath = "";
			projectReferences = (
				{
					ProductGroup = 1215B7041EAC95AE00DC5A86 /* Products */;
					ProjectRef = 1215B7031EAC95AE00DC5A86 /* EFQRCode.xcodeproj */;
				},
			);
			projectRoot = "";
			targets = (
				1215B6EE1EAC956F00DC5A86 /* tvOS Example */,
			);
		};
/* End PBXProject section */

/* Begin PBXReferenceProxy section */
		1215B70D1EAC95AE00DC5A86 /* EFQRCode.framework */ = {
			isa = PBXReferenceProxy;
			fileType = wrapper.framework;
			path = EFQRCode.framework;
			remoteRef = 1215B70C1EAC95AE00DC5A86 /* PBXContainerItemProxy */;
			sourceTree = BUILT_PRODUCTS_DIR;
		};
		1215B70F1EAC95AE00DC5A86 /* EFQRCode iOS Tests.xctest */ = {
			isa = PBXReferenceProxy;
			fileType = wrapper.cfbundle;
			path = "EFQRCode iOS Tests.xctest";
			remoteRef = 1215B70E1EAC95AE00DC5A86 /* PBXContainerItemProxy */;
			sourceTree = BUILT_PRODUCTS_DIR;
		};
		1215B7111EAC95AE00DC5A86 /* EFQRCode.framework */ = {
			isa = PBXReferenceProxy;
			fileType = wrapper.framework;
			path = EFQRCode.framework;
			remoteRef = 1215B7101EAC95AE00DC5A86 /* PBXContainerItemProxy */;
			sourceTree = BUILT_PRODUCTS_DIR;
		};
		1215B7131EAC95AE00DC5A86 /* EFQRCode macOS Tests.xctest */ = {
			isa = PBXReferenceProxy;
			fileType = wrapper.cfbundle;
			path = "EFQRCode macOS Tests.xctest";
			remoteRef = 1215B7121EAC95AE00DC5A86 /* PBXContainerItemProxy */;
			sourceTree = BUILT_PRODUCTS_DIR;
		};
		1215B7151EAC95AE00DC5A86 /* EFQRCode.framework */ = {
			isa = PBXReferenceProxy;
			fileType = wrapper.framework;
			path = EFQRCode.framework;
			remoteRef = 1215B7141EAC95AE00DC5A86 /* PBXContainerItemProxy */;
			sourceTree = BUILT_PRODUCTS_DIR;
		};
		1215B7171EAC95AE00DC5A86 /* EFQRCode tvOS Tests.xctest */ = {
			isa = PBXReferenceProxy;
			fileType = wrapper.cfbundle;
			path = "EFQRCode tvOS Tests.xctest";
			remoteRef = 1215B7161EAC95AE00DC5A86 /* PBXContainerItemProxy */;
			sourceTree = BUILT_PRODUCTS_DIR;
		};
		5282BD151FF3ADFA00DFB36B /* EFQRCode.framework */ = {
			isa = PBXReferenceProxy;
			fileType = wrapper.framework;
			path = EFQRCode.framework;
			remoteRef = 5282BD141FF3ADFA00DFB36B /* PBXContainerItemProxy */;
			sourceTree = BUILT_PRODUCTS_DIR;
		};
/* End PBXReferenceProxy section */

/* Begin PBXResourcesBuildPhase section */
		1215B6ED1EAC956F00DC5A86 /* Resources */ = {
			isa = PBXResourcesBuildPhase;
			buildActionMask = 2147483647;
			files = (
				1215B6FA1EAC957000DC5A86 /* Assets.xcassets in Resources */,
				1215B6F81EAC956F00DC5A86 /* Main.storyboard in Resources */,
			);
			runOnlyForDeploymentPostprocessing = 0;
		};
/* End PBXResourcesBuildPhase section */

/* Begin PBXSourcesBuildPhase section */
		1215B6EB1EAC956F00DC5A86 /* Sources */ = {
			isa = PBXSourcesBuildPhase;
			buildActionMask = 2147483647;
			files = (
				12664E701FA9B57900D56500 /* ConstraintInsets.swift in Sources */,
				12664E6D1FA9B57900D56500 /* ConstraintAttributes.swift in Sources */,
				12664E7F1FA9B57900D56500 /* ConstraintMaker.swift in Sources */,
				12664E6E1FA9B57900D56500 /* ConstraintViewDSL.swift in Sources */,
				12664E851FA9B57900D56500 /* Debugging.swift in Sources */,
				12664E881FA9B57900D56500 /* LayoutConstraint.swift in Sources */,
				12664E7B1FA9B57900D56500 /* Typealiases.swift in Sources */,
				12664E821FA9B57900D56500 /* ConstraintView+Extensions.swift in Sources */,
				12664E6C1FA9B57900D56500 /* ConstraintMakerPriortizable.swift in Sources */,
				12664E831FA9B57900D56500 /* ConstraintItem.swift in Sources */,
				12664E7D1FA9B57900D56500 /* ConstraintOffsetTarget.swift in Sources */,
				12664E761FA9B57900D56500 /* ConstraintConfig.swift in Sources */,
				1215B7381EACA23E00DC5A86 /* AppDelegate.swift in Sources */,
				12664E811FA9B57900D56500 /* ConstraintLayoutGuideDSL.swift in Sources */,
				12664E791FA9B57900D56500 /* ConstraintLayoutGuide.swift in Sources */,
				12664E801FA9B57900D56500 /* ConstraintRelation.swift in Sources */,
				1215B7341EAC9FD300DC5A86 /* ViewController.swift in Sources */,
				12664E6F1FA9B57900D56500 /* ConstraintPriorityTarget.swift in Sources */,
				12664E841FA9B57900D56500 /* Constraint.swift in Sources */,
				12664E861FA9B57900D56500 /* ConstraintRelatableTarget.swift in Sources */,
				1215B72E1EAC9FA800DC5A86 /* UIImage+.swift in Sources */,
				12664E731FA9B57900D56500 /* ConstraintMakerExtendable.swift in Sources */,
				12664E8A1FA9B57900D56500 /* ConstraintLayoutSupportDSL.swift in Sources */,
				122D54881ED1D7020055969D /* GeneratorController.swift in Sources */,
				12664E741FA9B57900D56500 /* ConstraintPriority.swift in Sources */,
				12664E7E1FA9B57900D56500 /* ConstraintMakerEditable.swift in Sources */,
				12664E8B1FA9B57900D56500 /* ConstraintMakerRelatable.swift in Sources */,
				12664E891FA9B57900D56500 /* ConstraintLayoutGuide+Extensions.swift in Sources */,
				12664E691FA9B57900D56500 /* ConstraintMultiplierTarget.swift in Sources */,
				12664E7C1FA9B57900D56500 /* ConstraintConstantTarget.swift in Sources */,
				12664E6B1FA9B57900D56500 /* ConstraintDescription.swift in Sources */,
				12664E8D1FA9B5BD00D56500 /* CGFloat+.swift in Sources */,
				12664E751FA9B57900D56500 /* ConstraintInsetTarget.swift in Sources */,
				12664E781FA9B57900D56500 /* ConstraintView.swift in Sources */,
				12664E6A1FA9B57900D56500 /* LayoutConstraintItem.swift in Sources */,
				12664E771FA9B57900D56500 /* UILayoutSupport+Extensions.swift in Sources */,
				12664E721FA9B57900D56500 /* ConstraintDSL.swift in Sources */,
				12664E7A1FA9B57900D56500 /* ConstraintLayoutSupport.swift in Sources */,
				12664E711FA9B57900D56500 /* ConstraintMakerFinalizable.swift in Sources */,
			);
			runOnlyForDeploymentPostprocessing = 0;
		};
/* End PBXSourcesBuildPhase section */

/* Begin PBXTargetDependency section */
		1215B7221EAC96D800DC5A86 /* PBXTargetDependency */ = {
			isa = PBXTargetDependency;
			name = "EFQRCode tvOS";
			targetProxy = 1215B7211EAC96D800DC5A86 /* PBXContainerItemProxy */;
		};
/* End PBXTargetDependency section */

/* Begin PBXVariantGroup section */
		1215B6F61EAC956F00DC5A86 /* Main.storyboard */ = {
			isa = PBXVariantGroup;
			children = (
				1215B6F71EAC956F00DC5A86 /* Base */,
			);
			name = Main.storyboard;
			sourceTree = "<group>";
		};
/* End PBXVariantGroup section */

/* Begin XCBuildConfiguration section */
		1215B6FC1EAC957000DC5A86 /* Debug */ = {
			isa = XCBuildConfiguration;
			buildSettings = {
				ALWAYS_SEARCH_USER_PATHS = NO;
				CLANG_ANALYZER_NONNULL = YES;
				CLANG_ANALYZER_NUMBER_OBJECT_CONVERSION = YES_AGGRESSIVE;
				CLANG_CXX_LANGUAGE_STANDARD = "gnu++0x";
				CLANG_CXX_LIBRARY = "libc++";
				CLANG_ENABLE_MODULES = YES;
				CLANG_ENABLE_OBJC_ARC = YES;
				CLANG_WARN_BLOCK_CAPTURE_AUTORELEASING = YES;
				CLANG_WARN_BOOL_CONVERSION = YES;
				CLANG_WARN_COMMA = YES;
				CLANG_WARN_CONSTANT_CONVERSION = YES;
				CLANG_WARN_DIRECT_OBJC_ISA_USAGE = YES_ERROR;
				CLANG_WARN_DOCUMENTATION_COMMENTS = YES;
				CLANG_WARN_EMPTY_BODY = YES;
				CLANG_WARN_ENUM_CONVERSION = YES;
				CLANG_WARN_INFINITE_RECURSION = YES;
				CLANG_WARN_INT_CONVERSION = YES;
				CLANG_WARN_NON_LITERAL_NULL_CONVERSION = YES;
				CLANG_WARN_OBJC_LITERAL_CONVERSION = YES;
				CLANG_WARN_OBJC_ROOT_CLASS = YES_ERROR;
				CLANG_WARN_RANGE_LOOP_ANALYSIS = YES;
				CLANG_WARN_STRICT_PROTOTYPES = YES;
				CLANG_WARN_SUSPICIOUS_MOVE = YES;
				CLANG_WARN_UNREACHABLE_CODE = YES;
				CLANG_WARN__DUPLICATE_METHOD_MATCH = YES;
				COPY_PHASE_STRIP = NO;
				DEBUG_INFORMATION_FORMAT = dwarf;
				ENABLE_STRICT_OBJC_MSGSEND = YES;
				ENABLE_TESTABILITY = YES;
				GCC_C_LANGUAGE_STANDARD = gnu99;
				GCC_DYNAMIC_NO_PIC = NO;
				GCC_NO_COMMON_BLOCKS = YES;
				GCC_OPTIMIZATION_LEVEL = 0;
				GCC_PREPROCESSOR_DEFINITIONS = (
					"DEBUG=1",
					"$(inherited)",
				);
				GCC_WARN_64_TO_32_BIT_CONVERSION = YES;
				GCC_WARN_ABOUT_RETURN_TYPE = YES_ERROR;
				GCC_WARN_UNDECLARED_SELECTOR = YES;
				GCC_WARN_UNINITIALIZED_AUTOS = YES_AGGRESSIVE;
				GCC_WARN_UNUSED_FUNCTION = YES;
				GCC_WARN_UNUSED_VARIABLE = YES;
				MTL_ENABLE_DEBUG_INFO = YES;
				ONLY_ACTIVE_ARCH = YES;
				SDKROOT = appletvos;
				SWIFT_ACTIVE_COMPILATION_CONDITIONS = DEBUG;
				SWIFT_OPTIMIZATION_LEVEL = "-Onone";
				SWIFT_VERSION = 4.0;
				TARGETED_DEVICE_FAMILY = 3;
				TVOS_DEPLOYMENT_TARGET = 10.2;
			};
			name = Debug;
		};
		1215B6FD1EAC957000DC5A86 /* Release */ = {
			isa = XCBuildConfiguration;
			buildSettings = {
				ALWAYS_SEARCH_USER_PATHS = NO;
				CLANG_ANALYZER_NONNULL = YES;
				CLANG_ANALYZER_NUMBER_OBJECT_CONVERSION = YES_AGGRESSIVE;
				CLANG_CXX_LANGUAGE_STANDARD = "gnu++0x";
				CLANG_CXX_LIBRARY = "libc++";
				CLANG_ENABLE_MODULES = YES;
				CLANG_ENABLE_OBJC_ARC = YES;
				CLANG_WARN_BLOCK_CAPTURE_AUTORELEASING = YES;
				CLANG_WARN_BOOL_CONVERSION = YES;
				CLANG_WARN_COMMA = YES;
				CLANG_WARN_CONSTANT_CONVERSION = YES;
				CLANG_WARN_DIRECT_OBJC_ISA_USAGE = YES_ERROR;
				CLANG_WARN_DOCUMENTATION_COMMENTS = YES;
				CLANG_WARN_EMPTY_BODY = YES;
				CLANG_WARN_ENUM_CONVERSION = YES;
				CLANG_WARN_INFINITE_RECURSION = YES;
				CLANG_WARN_INT_CONVERSION = YES;
				CLANG_WARN_NON_LITERAL_NULL_CONVERSION = YES;
				CLANG_WARN_OBJC_LITERAL_CONVERSION = YES;
				CLANG_WARN_OBJC_ROOT_CLASS = YES_ERROR;
				CLANG_WARN_RANGE_LOOP_ANALYSIS = YES;
				CLANG_WARN_STRICT_PROTOTYPES = YES;
				CLANG_WARN_SUSPICIOUS_MOVE = YES;
				CLANG_WARN_UNREACHABLE_CODE = YES;
				CLANG_WARN__DUPLICATE_METHOD_MATCH = YES;
				COPY_PHASE_STRIP = NO;
				DEBUG_INFORMATION_FORMAT = "dwarf-with-dsym";
				ENABLE_NS_ASSERTIONS = NO;
				ENABLE_STRICT_OBJC_MSGSEND = YES;
				GCC_C_LANGUAGE_STANDARD = gnu99;
				GCC_NO_COMMON_BLOCKS = YES;
				GCC_WARN_64_TO_32_BIT_CONVERSION = YES;
				GCC_WARN_ABOUT_RETURN_TYPE = YES_ERROR;
				GCC_WARN_UNDECLARED_SELECTOR = YES;
				GCC_WARN_UNINITIALIZED_AUTOS = YES_AGGRESSIVE;
				GCC_WARN_UNUSED_FUNCTION = YES;
				GCC_WARN_UNUSED_VARIABLE = YES;
				MTL_ENABLE_DEBUG_INFO = NO;
				SDKROOT = appletvos;
				SWIFT_OPTIMIZATION_LEVEL = "-Owholemodule";
				SWIFT_VERSION = 4.0;
				TARGETED_DEVICE_FAMILY = 3;
				TVOS_DEPLOYMENT_TARGET = 10.2;
				VALIDATE_PRODUCT = YES;
			};
			name = Release;
		};
		1215B6FF1EAC957000DC5A86 /* Debug */ = {
			isa = XCBuildConfiguration;
			buildSettings = {
				ASSETCATALOG_COMPILER_APPICON_NAME = "App Icon & Top Shelf Image";
				ASSETCATALOG_COMPILER_LAUNCHIMAGE_NAME = LaunchImage;
				DEVELOPMENT_TEAM = P3X2725LYY;
				INFOPLIST_FILE = "tvOS Example/Info.plist";
				LD_RUNPATH_SEARCH_PATHS = "$(inherited) @executable_path/Frameworks";
				PRODUCT_BUNDLE_IDENTIFIER = AppStore.EFQRCode;
				PRODUCT_NAME = EFQRCode.tvOS;
				SWIFT_SWIFT3_OBJC_INFERENCE = Default;
				SWIFT_VERSION = 4.0;
				TVOS_DEPLOYMENT_TARGET = 9.0;
			};
			name = Debug;
		};
		1215B7001EAC957000DC5A86 /* Release */ = {
			isa = XCBuildConfiguration;
			buildSettings = {
				ASSETCATALOG_COMPILER_APPICON_NAME = "App Icon & Top Shelf Image";
				ASSETCATALOG_COMPILER_LAUNCHIMAGE_NAME = LaunchImage;
				DEVELOPMENT_TEAM = P3X2725LYY;
				INFOPLIST_FILE = "tvOS Example/Info.plist";
				LD_RUNPATH_SEARCH_PATHS = "$(inherited) @executable_path/Frameworks";
				PRODUCT_BUNDLE_IDENTIFIER = AppStore.EFQRCode;
				PRODUCT_NAME = EFQRCode.tvOS;
				SWIFT_SWIFT3_OBJC_INFERENCE = Default;
				SWIFT_VERSION = 4.0;
				TVOS_DEPLOYMENT_TARGET = 9.0;
			};
			name = Release;
		};
/* End XCBuildConfiguration section */

/* Begin XCConfigurationList section */
		1215B6EA1EAC956F00DC5A86 /* Build configuration list for PBXProject "tvOS Example" */ = {
			isa = XCConfigurationList;
			buildConfigurations = (
				1215B6FC1EAC957000DC5A86 /* Debug */,
				1215B6FD1EAC957000DC5A86 /* Release */,
			);
			defaultConfigurationIsVisible = 0;
			defaultConfigurationName = Release;
		};
		1215B6FE1EAC957000DC5A86 /* Build configuration list for PBXNativeTarget "tvOS Example" */ = {
			isa = XCConfigurationList;
			buildConfigurations = (
				1215B6FF1EAC957000DC5A86 /* Debug */,
				1215B7001EAC957000DC5A86 /* Release */,
			);
			defaultConfigurationIsVisible = 0;
			defaultConfigurationName = Release;
		};
/* End XCConfigurationList section */
	};
	rootObject = 1215B6E71EAC956F00DC5A86 /* Project object */;
}
