// !$*UTF8*$!
{
	archiveVersion = 1;
	classes = {
	};
	objectVersion = 54;
	objects = {

/* Begin PBXBuildFile section */
		1215B6F81EAC956F00DC5A86 /* Main.storyboard in Resources */ = {isa = PBXBuildFile; fileRef = 1215B6F61EAC956F00DC5A86 /* Main.storyboard */; };
		1215B6FA1EAC957000DC5A86 /* Assets.xcassets in Resources */ = {isa = PBXBuildFile; fileRef = 1215B6F91EAC957000DC5A86 /* Assets.xcassets */; };
		1215B7231EAC96DD00DC5A86 /* EFQRCode.framework in Frameworks */ = {isa = PBXBuildFile; fileRef = 1215B7151EAC95AE00DC5A86 /* EFQRCode.framework */; };
		1215B72A1EAC96FB00DC5A86 /* EFQRCode.framework in Copy Frameworks */ = {isa = PBXBuildFile; fileRef = 1215B7151EAC95AE00DC5A86 /* EFQRCode.framework */; settings = {ATTRIBUTES = (CodeSignOnCopy, RemoveHeadersOnCopy, ); }; };
		1215B7341EAC9FD300DC5A86 /* ViewController.swift in Sources */ = {isa = PBXBuildFile; fileRef = 1215B7311EAC9FD300DC5A86 /* ViewController.swift */; };
		1215B7381EACA23E00DC5A86 /* AppDelegate.swift in Sources */ = {isa = PBXBuildFile; fileRef = 1215B7371EACA23E00DC5A86 /* AppDelegate.swift */; };
		127D586C2A6C336800E843D1 /* SnapKit in Frameworks */ = {isa = PBXBuildFile; productRef = 127D586B2A6C336800E843D1 /* SnapKit */; };
		129783E52E0FE6F00066F378 /* UIImageView+Example.swift in Sources */ = {isa = PBXBuildFile; fileRef = 129783E42E0FE6F00066F378 /* UIImageView+Example.swift */; };
		12A22D0222106B340063EE1F /* StorageUserDefaults.swift in Sources */ = {isa = PBXBuildFile; fileRef = 12A22D0122106B340063EE1F /* StorageUserDefaults.swift */; };
		12D0B9BF234A491200ECCAD5 /* UIImage+Example.swift in Sources */ = {isa = PBXBuildFile; fileRef = 12D0B9BD234A491200ECCAD5 /* UIImage+Example.swift */; };
		12D0B9C0234A491200ECCAD5 /* CGFloat+Example.swift in Sources */ = {isa = PBXBuildFile; fileRef = 12D0B9BE234A491200ECCAD5 /* CGFloat+Example.swift */; };
		12DCACB42A5BCB3A009B5414 /* GeneratorController.swift in Sources */ = {isa = PBXBuildFile; fileRef = 12DCACB32A5BCB3A009B5414 /* GeneratorController.swift */; };
		12DCACB62A5BDBCC009B5414 /* ShowController.swift in Sources */ = {isa = PBXBuildFile; fileRef = 12DCACB52A5BDBCC009B5414 /* ShowController.swift */; };
		528EFA8922965AE50026663C /* Localized.swift in Sources */ = {isa = PBXBuildFile; fileRef = 528EFA8222965AE50026663C /* Localized.swift */; };
		D2FAEBD4274975A500DFA959 /* PointStyle.swift in Sources */ = {isa = PBXBuildFile; fileRef = D2FAEBD3274975A500DFA959 /* PointStyle.swift */; };
/* End PBXBuildFile section */

/* Begin PBXContainerItemProxy section */
		1215B70C1EAC95AE00DC5A86 /* PBXContainerItemProxy */ = {
			isa = PBXContainerItemProxy;
			containerPortal = 1215B7031EAC95AE00DC5A86 /* EFQRCode.xcodeproj */;
			proxyType = 2;
			remoteGlobalIDString = F8111E3319A95C8B0040E7D1;
			remoteInfo = "EFQRCode iOS";
		};
		1215B70E1EAC95AE00DC5A86 /* PBXContainerItemProxy */ = {
			isa = PBXContainerItemProxy;
			containerPortal = 1215B7031EAC95AE00DC5A86 /* EFQRCode.xcodeproj */;
			proxyType = 2;
			remoteGlobalIDString = F8111E3E19A95C8B0040E7D1;
			remoteInfo = "EFQRCode iOS Tests";
		};
		1215B7101EAC95AE00DC5A86 /* PBXContainerItemProxy */ = {
			isa = PBXContainerItemProxy;
			containerPortal = 1215B7031EAC95AE00DC5A86 /* EFQRCode.xcodeproj */;
			proxyType = 2;
			remoteGlobalIDString = 4DD67C0B1A5C55C900ED2280;
			remoteInfo = "EFQRCode macOS";
		};
		1215B7121EAC95AE00DC5A86 /* PBXContainerItemProxy */ = {
			isa = PBXContainerItemProxy;
			containerPortal = 1215B7031EAC95AE00DC5A86 /* EFQRCode.xcodeproj */;
			proxyType = 2;
			remoteGlobalIDString = F829C6B21A7A94F100A2CD59;
			remoteInfo = "EFQRCode macOS Tests";
		};
		1215B7141EAC95AE00DC5A86 /* PBXContainerItemProxy */ = {
			isa = PBXContainerItemProxy;
			containerPortal = 1215B7031EAC95AE00DC5A86 /* EFQRCode.xcodeproj */;
			proxyType = 2;
			remoteGlobalIDString = 4CF626EF1BA7CB3E0011A099;
			remoteInfo = "EFQRCode tvOS";
		};
		1215B7161EAC95AE00DC5A86 /* PBXContainerItemProxy */ = {
			isa = PBXContainerItemProxy;
			containerPortal = 1215B7031EAC95AE00DC5A86 /* EFQRCode.xcodeproj */;
			proxyType = 2;
			remoteGlobalIDString = 4CF626F81BA7CB3E0011A099;
			remoteInfo = "EFQRCode tvOS Tests";
		};
		1215B7211EAC96D800DC5A86 /* PBXContainerItemProxy */ = {
			isa = PBXContainerItemProxy;
			containerPortal = 1215B7031EAC95AE00DC5A86 /* EFQRCode.xcodeproj */;
			proxyType = 1;
			remoteGlobalIDString = 4CF626EE1BA7CB3E0011A099;
			remoteInfo = "EFQRCode tvOS";
		};
		5282BD141FF3ADFA00DFB36B /* PBXContainerItemProxy */ = {
			isa = PBXContainerItemProxy;
			containerPortal = 1215B7031EAC95AE00DC5A86 /* EFQRCode.xcodeproj */;
			proxyType = 2;
			remoteGlobalIDString = 5282BCAD1FF38F8100DFB36B;
			remoteInfo = "EFQRCode watchOS";
		};
/* End PBXContainerItemProxy section */

/* Begin PBXCopyFilesBuildPhase section */
		1215B7291EAC96EE00DC5A86 /* Copy Frameworks */ = {
			isa = PBXCopyFilesBuildPhase;
			buildActionMask = 2147483647;
			dstPath = "";
			dstSubfolderSpec = 10;
			files = (
				1215B72A1EAC96FB00DC5A86 /* EFQRCode.framework in Copy Frameworks */,
			);
			name = "Copy Frameworks";
			runOnlyForDeploymentPostprocessing = 0;
		};
/* End PBXCopyFilesBuildPhase section */

/* Begin PBXFileReference section */
		1215B6EF1EAC956F00DC5A86 /* EFQRCode.tvOS.app */ = {isa = PBXFileReference; explicitFileType = wrapper.application; includeInIndex = 0; path = EFQRCode.tvOS.app; sourceTree = BUILT_PRODUCTS_DIR; };
		1215B6F71EAC956F00DC5A86 /* Base */ = {isa = PBXFileReference; lastKnownFileType = file.storyboard; name = Base; path = Base.lproj/Main.storyboard; sourceTree = "<group>"; };
		1215B6F91EAC957000DC5A86 /* Assets.xcassets */ = {isa = PBXFileReference; lastKnownFileType = folder.assetcatalog; path = Assets.xcassets; sourceTree = "<group>"; };
		1215B6FB1EAC957000DC5A86 /* Info.plist */ = {isa = PBXFileReference; lastKnownFileType = text.plist.xml; path = Info.plist; sourceTree = "<group>"; };
		1215B7031EAC95AE00DC5A86 /* EFQRCode.xcodeproj */ = {isa = PBXFileReference; lastKnownFileType = "wrapper.pb-project"; name = EFQRCode.xcodeproj; path = ../../EFQRCode.xcodeproj; sourceTree = "<group>"; };
		1215B7311EAC9FD300DC5A86 /* ViewController.swift */ = {isa = PBXFileReference; fileEncoding = 4; lastKnownFileType = sourcecode.swift; name = ViewController.swift; path = ../../iOS/ViewController.swift; sourceTree = "<group>"; };
		1215B7371EACA23E00DC5A86 /* AppDelegate.swift */ = {isa = PBXFileReference; fileEncoding = 4; lastKnownFileType = sourcecode.swift; name = AppDelegate.swift; path = ../../iOS/AppDelegate.swift; sourceTree = "<group>"; };
		129783E42E0FE6F00066F378 /* UIImageView+Example.swift */ = {isa = PBXFileReference; lastKnownFileType = sourcecode.swift; name = "UIImageView+Example.swift"; path = "../iOS/UIImageView+Example.swift"; sourceTree = SOURCE_ROOT; };
		12A22D0122106B340063EE1F /* StorageUserDefaults.swift */ = {isa = PBXFileReference; fileEncoding = 4; lastKnownFileType = sourcecode.swift; name = StorageUserDefaults.swift; path = ../../iOS/StorageUserDefaults.swift; sourceTree = "<group>"; };
		12D0B9BD234A491200ECCAD5 /* UIImage+Example.swift */ = {isa = PBXFileReference; fileEncoding = 4; lastKnownFileType = sourcecode.swift; name = "UIImage+Example.swift"; path = "../../iOS/UIImage+Example.swift"; sourceTree = "<group>"; };
		12D0B9BE234A491200ECCAD5 /* CGFloat+Example.swift */ = {isa = PBXFileReference; fileEncoding = 4; lastKnownFileType = sourcecode.swift; name = "CGFloat+Example.swift"; path = "../../iOS/CGFloat+Example.swift"; sourceTree = "<group>"; };
		12DCACB32A5BCB3A009B5414 /* GeneratorController.swift */ = {isa = PBXFileReference; fileEncoding = 4; lastKnownFileType = sourcecode.swift; path = GeneratorController.swift; sourceTree = "<group>"; };
		12DCACB52A5BDBCC009B5414 /* ShowController.swift */ = {isa = PBXFileReference; fileEncoding = 4; lastKnownFileType = sourcecode.swift; name = ShowController.swift; path = ../../iOS/ShowController.swift; sourceTree = "<group>"; };
		528EFA8222965AE50026663C /* Localized.swift */ = {isa = PBXFileReference; fileEncoding = 4; lastKnownFileType = sourcecode.swift; name = Localized.swift; path = ../../iOS/Localized.swift; sourceTree = "<group>"; };
		52B3BFCB229625980035D5EC /* zh-Hans */ = {isa = PBXFileReference; lastKnownFileType = text.plist.strings; name = "zh-Hans"; path = "zh-Hans.lproj/Main.strings"; sourceTree = "<group>"; };
		D2FAEBD3274975A500DFA959 /* PointStyle.swift */ = {isa = PBXFileReference; fileEncoding = 4; lastKnownFileType = sourcecode.swift; path = PointStyle.swift; sourceTree = "<group>"; };
/* End PBXFileReference section */

/* Begin PBXFrameworksBuildPhase section */
		1215B6EC1EAC956F00DC5A86 /* Frameworks */ = {
			isa = PBXFrameworksBuildPhase;
			buildActionMask = 2147483647;
			files = (
				127D586C2A6C336800E843D1 /* SnapKit in Frameworks */,
				1215B7231EAC96DD00DC5A86 /* EFQRCode.framework in Frameworks */,
			);
			runOnlyForDeploymentPostprocessing = 0;
		};
/* End PBXFrameworksBuildPhase section */

/* Begin PBXGroup section */
		1215B6E61EAC956F00DC5A86 = {
			isa = PBXGroup;
			children = (
				D2FAEBC92749730700DFA959 /* Shared */,
				1215B6F11EAC956F00DC5A86 /* tvOS Example */,
				1215B6F01EAC956F00DC5A86 /* Products */,
				1215B7031EAC95AE00DC5A86 /* EFQRCode.xcodeproj */,
			);
			sourceTree = "<group>";
		};
		1215B6F01EAC956F00DC5A86 /* Products */ = {
			isa = PBXGroup;
			children = (
				1215B6EF1EAC956F00DC5A86 /* EFQRCode.tvOS.app */,
			);
			name = Products;
			sourceTree = "<group>";
		};
		1215B6F11EAC956F00DC5A86 /* tvOS Example */ = {
			isa = PBXGroup;
			children = (
				1215B7371EACA23E00DC5A86 /* AppDelegate.swift */,
				1215B71D1EAC967400DC5A86 /* Res */,
				12A22CF822106ACD0063EE1F /* Unit */,
				1215B71E1EAC967A00DC5A86 /* Extension */,
				1215B71F1EAC967F00DC5A86 /* Controller */,
				1215B7201EAC968500DC5A86 /* Supporting Files */,
			);
			path = "tvOS Example";
			sourceTree = "<group>";
		};
		1215B7041EAC95AE00DC5A86 /* Products */ = {
			isa = PBXGroup;
			children = (
				1215B70D1EAC95AE00DC5A86 /* EFQRCode.framework */,
				1215B70F1EAC95AE00DC5A86 /* EFQRCode iOS Tests.xctest */,
				1215B7111EAC95AE00DC5A86 /* EFQRCode.framework */,
				1215B7131EAC95AE00DC5A86 /* EFQRCode macOS Tests.xctest */,
				1215B7151EAC95AE00DC5A86 /* EFQRCode.framework */,
				1215B7171EAC95AE00DC5A86 /* EFQRCode tvOS Tests.xctest */,
				5282BD151FF3ADFA00DFB36B /* EFQRCode.framework */,
			);
			name = Products;
			sourceTree = "<group>";
		};
		1215B71D1EAC967400DC5A86 /* Res */ = {
			isa = PBXGroup;
			children = (
				1215B6F61EAC956F00DC5A86 /* Main.storyboard */,
				1215B6F91EAC957000DC5A86 /* Assets.xcassets */,
			);
			name = Res;
			sourceTree = "<group>";
		};
		1215B71E1EAC967A00DC5A86 /* Extension */ = {
			isa = PBXGroup;
			children = (
				129783E42E0FE6F00066F378 /* UIImageView+Example.swift */,
				12D0B9BE234A491200ECCAD5 /* CGFloat+Example.swift */,
				12D0B9BD234A491200ECCAD5 /* UIImage+Example.swift */,
			);
			name = Extension;
			sourceTree = "<group>";
		};
		1215B71F1EAC967F00DC5A86 /* Controller */ = {
			isa = PBXGroup;
			children = (
				12DCACB52A5BDBCC009B5414 /* ShowController.swift */,
				12DCACB32A5BCB3A009B5414 /* GeneratorController.swift */,
				1215B7311EAC9FD300DC5A86 /* ViewController.swift */,
			);
			name = Controller;
			sourceTree = "<group>";
		};
		1215B7201EAC968500DC5A86 /* Supporting Files */ = {
			isa = PBXGroup;
			children = (
				1215B6FB1EAC957000DC5A86 /* Info.plist */,
			);
			name = "Supporting Files";
			sourceTree = "<group>";
		};
		12A22CF822106ACD0063EE1F /* Unit */ = {
			isa = PBXGroup;
			children = (
				12A22D0122106B340063EE1F /* StorageUserDefaults.swift */,
				528EFA8222965AE50026663C /* Localized.swift */,
			);
			name = Unit;
			sourceTree = "<group>";
		};
		D2FAEBC92749730700DFA959 /* Shared */ = {
			isa = PBXGroup;
			children = (
				D2FAEBD3274975A500DFA959 /* PointStyle.swift */,
			);
			name = Shared;
			path = ../Shared;
			sourceTree = "<group>";
		};
/* End PBXGroup section */

/* Begin PBXNativeTarget section */
		1215B6EE1EAC956F00DC5A86 /* tvOS Example */ = {
			isa = PBXNativeTarget;
			buildConfigurationList = 1215B6FE1EAC957000DC5A86 /* Build configuration list for PBXNativeTarget "tvOS Example" */;
			buildPhases = (
				1215B6EB1EAC956F00DC5A86 /* Sources */,
				1215B6EC1EAC956F00DC5A86 /* Frameworks */,
				1215B6ED1EAC956F00DC5A86 /* Resources */,
				1215B7291EAC96EE00DC5A86 /* Copy Frameworks */,
			);
			buildRules = (
			);
			dependencies = (
				1215B7221EAC96D800DC5A86 /* PBXTargetDependency */,
			);
			name = "tvOS Example";
			packageProductDependencies = (
				127D586B2A6C336800E843D1 /* SnapKit */,
			);
			productName = "tvOS Example";
			productReference = 1215B6EF1EAC956F00DC5A86 /* EFQRCode.tvOS.app */;
			productType = "com.apple.product-type.application";
		};
/* End PBXNativeTarget section */

/* Begin PBXProject section */
		1215B6E71EAC956F00DC5A86 /* Project object */ = {
			isa = PBXProject;
			attributes = {
				LastSwiftUpdateCheck = 0830;
				LastUpgradeCheck = 1230;
				ORGANIZATIONNAME = EyreFree;
				TargetAttributes = {
					1215B6EE1EAC956F00DC5A86 = {
						CreatedOnToolsVersion = 8.3;
						LastSwiftMigration = 0900;
						ProvisioningStyle = Automatic;
					};
				};
			};
			buildConfigurationList = 1215B6EA1EAC956F00DC5A86 /* Build configuration list for PBXProject "tvOS Example" */;
			compatibilityVersion = "Xcode 3.2";
			developmentRegion = en;
			hasScannedForEncodings = 0;
			knownRegions = (
				en,
				Base,
				"zh-Hans",
			);
			mainGroup = 1215B6E61EAC956F00DC5A86;
			packageReferences = (
				127D586A2A6C336800E843D1 /* XCRemoteSwiftPackageReference "SnapKit" */,
			);
			productRefGroup = 1215B6F01EAC956F00DC5A86 /* Products */;
			projectDirPath = "";
			projectReferences = (
				{
					ProductGroup = 1215B7041EAC95AE00DC5A86 /* Products */;
					ProjectRef = 1215B7031EAC95AE00DC5A86 /* EFQRCode.xcodeproj */;
				},
			);
			projectRoot = "";
			targets = (
				1215B6EE1EAC956F00DC5A86 /* tvOS Example */,
			);
		};
/* End PBXProject section */

/* Begin PBXReferenceProxy section */
		1215B70D1EAC95AE00DC5A86 /* EFQRCode.framework */ = {
			isa = PBXReferenceProxy;
			fileType = wrapper.framework;
			path = EFQRCode.framework;
			remoteRef = 1215B70C1EAC95AE00DC5A86 /* PBXContainerItemProxy */;
			sourceTree = BUILT_PRODUCTS_DIR;
		};
		1215B70F1EAC95AE00DC5A86 /* EFQRCode iOS Tests.xctest */ = {
			isa = PBXReferenceProxy;
			fileType = wrapper.cfbundle;
			path = "EFQRCode iOS Tests.xctest";
			remoteRef = 1215B70E1EAC95AE00DC5A86 /* PBXContainerItemProxy */;
			sourceTree = BUILT_PRODUCTS_DIR;
		};
		1215B7111EAC95AE00DC5A86 /* EFQRCode.framework */ = {
			isa = PBXReferenceProxy;
			fileType = wrapper.framework;
			path = EFQRCode.framework;
			remoteRef = 1215B7101EAC95AE00DC5A86 /* PBXContainerItemProxy */;
			sourceTree = BUILT_PRODUCTS_DIR;
		};
		1215B7131EAC95AE00DC5A86 /* EFQRCode macOS Tests.xctest */ = {
			isa = PBXReferenceProxy;
			fileType = wrapper.cfbundle;
			path = "EFQRCode macOS Tests.xctest";
			remoteRef = 1215B7121EAC95AE00DC5A86 /* PBXContainerItemProxy */;
			sourceTree = BUILT_PRODUCTS_DIR;
		};
		1215B7151EAC95AE00DC5A86 /* EFQRCode.framework */ = {
			isa = PBXReferenceProxy;
			fileType = wrapper.framework;
			path = EFQRCode.framework;
			remoteRef = 1215B7141EAC95AE00DC5A86 /* PBXContainerItemProxy */;
			sourceTree = BUILT_PRODUCTS_DIR;
		};
		1215B7171EAC95AE00DC5A86 /* EFQRCode tvOS Tests.xctest */ = {
			isa = PBXReferenceProxy;
			fileType = wrapper.cfbundle;
			path = "EFQRCode tvOS Tests.xctest";
			remoteRef = 1215B7161EAC95AE00DC5A86 /* PBXContainerItemProxy */;
			sourceTree = BUILT_PRODUCTS_DIR;
		};
		5282BD151FF3ADFA00DFB36B /* EFQRCode.framework */ = {
			isa = PBXReferenceProxy;
			fileType = wrapper.framework;
			path = EFQRCode.framework;
			remoteRef = 5282BD141FF3ADFA00DFB36B /* PBXContainerItemProxy */;
			sourceTree = BUILT_PRODUCTS_DIR;
		};
/* End PBXReferenceProxy section */

/* Begin PBXResourcesBuildPhase section */
		1215B6ED1EAC956F00DC5A86 /* Resources */ = {
			isa = PBXResourcesBuildPhase;
			buildActionMask = 2147483647;
			files = (
				1215B6FA1EAC957000DC5A86 /* Assets.xcassets in Resources */,
				1215B6F81EAC956F00DC5A86 /* Main.storyboard in Resources */,
			);
			runOnlyForDeploymentPostprocessing = 0;
		};
/* End PBXResourcesBuildPhase section */

/* Begin PBXSourcesBuildPhase section */
		1215B6EB1EAC956F00DC5A86 /* Sources */ = {
			isa = PBXSourcesBuildPhase;
			buildActionMask = 2147483647;
			files = (
				12D0B9C0234A491200ECCAD5 /* CGFloat+Example.swift in Sources */,
				129783E52E0FE6F00066F378 /* UIImageView+Example.swift in Sources */,
				1215B7381EACA23E00DC5A86 /* AppDelegate.swift in Sources */,
				528EFA8922965AE50026663C /* Localized.swift in Sources */,
				12D0B9BF234A491200ECCAD5 /* UIImage+Example.swift in Sources */,
				1215B7341EAC9FD300DC5A86 /* ViewController.swift in Sources */,
				12DCACB62A5BDBCC009B5414 /* ShowController.swift in Sources */,
				D2FAEBD4274975A500DFA959 /* PointStyle.swift in Sources */,
				12DCACB42A5BCB3A009B5414 /* GeneratorController.swift in Sources */,
				12A22D0222106B340063EE1F /* StorageUserDefaults.swift in Sources */,
			);
			runOnlyForDeploymentPostprocessing = 0;
		};
/* End PBXSourcesBuildPhase section */

/* Begin PBXTargetDependency section */
		1215B7221EAC96D800DC5A86 /* PBXTargetDependency */ = {
			isa = PBXTargetDependency;
			name = "EFQRCode tvOS";
			targetProxy = 1215B7211EAC96D800DC5A86 /* PBXContainerItemProxy */;
		};
/* End PBXTargetDependency section */

/* Begin PBXVariantGroup section */
		1215B6F61EAC956F00DC5A86 /* Main.storyboard */ = {
			isa = PBXVariantGroup;
			children = (
				1215B6F71EAC956F00DC5A86 /* Base */,
				52B3BFCB229625980035D5EC /* zh-Hans */,
			);
			name = Main.storyboard;
			sourceTree = "<group>";
		};
/* End PBXVariantGroup section */

/* Begin XCBuildConfiguration section */
		1215B6FC1EAC957000DC5A86 /* Debug */ = {
			isa = XCBuildConfiguration;
			buildSettings = {
				ALWAYS_SEARCH_USER_PATHS = NO;
				CLANG_ANALYZER_LOCALIZABILITY_NONLOCALIZED = YES;
				CLANG_ANALYZER_NONNULL = YES;
				CLANG_ANALYZER_NUMBER_OBJECT_CONVERSION = YES_AGGRESSIVE;
				CLANG_CXX_LANGUAGE_STANDARD = "gnu++0x";
				CLANG_CXX_LIBRARY = "libc++";
				CLANG_ENABLE_MODULES = YES;
				CLANG_ENABLE_OBJC_ARC = YES;
				CLANG_WARN_BLOCK_CAPTURE_AUTORELEASING = YES;
				CLANG_WARN_BOOL_CONVERSION = YES;
				CLANG_WARN_COMMA = YES;
				CLANG_WARN_CONSTANT_CONVERSION = YES;
				CLANG_WARN_DEPRECATED_OBJC_IMPLEMENTATIONS = YES;
				CLANG_WARN_DIRECT_OBJC_ISA_USAGE = YES_ERROR;
				CLANG_WARN_DOCUMENTATION_COMMENTS = YES;
				CLANG_WARN_EMPTY_BODY = YES;
				CLANG_WARN_ENUM_CONVERSION = YES;
				CLANG_WARN_INFINITE_RECURSION = YES;
				CLANG_WARN_INT_CONVERSION = YES;
				CLANG_WARN_NON_LITERAL_NULL_CONVERSION = YES;
				CLANG_WARN_OBJC_IMPLICIT_RETAIN_SELF = YES;
				CLANG_WARN_OBJC_LITERAL_CONVERSION = YES;
				CLANG_WARN_OBJC_ROOT_CLASS = YES_ERROR;
				CLANG_WARN_QUOTED_INCLUDE_IN_FRAMEWORK_HEADER = YES;
				CLANG_WARN_RANGE_LOOP_ANALYSIS = YES;
				CLANG_WARN_STRICT_PROTOTYPES = YES;
				CLANG_WARN_SUSPICIOUS_MOVE = YES;
				CLANG_WARN_UNREACHABLE_CODE = YES;
				CLANG_WARN__DUPLICATE_METHOD_MATCH = YES;
				COPY_PHASE_STRIP = NO;
				DEBUG_INFORMATION_FORMAT = dwarf;
				ENABLE_STRICT_OBJC_MSGSEND = YES;
				ENABLE_TESTABILITY = YES;
				GCC_C_LANGUAGE_STANDARD = gnu99;
				GCC_DYNAMIC_NO_PIC = NO;
				GCC_NO_COMMON_BLOCKS = YES;
				GCC_OPTIMIZATION_LEVEL = 0;
				GCC_PREPROCESSOR_DEFINITIONS = (
					"DEBUG=1",
					"$(inherited)",
				);
				GCC_WARN_64_TO_32_BIT_CONVERSION = YES;
				GCC_WARN_ABOUT_RETURN_TYPE = YES_ERROR;
				GCC_WARN_UNDECLARED_SELECTOR = YES;
				GCC_WARN_UNINITIALIZED_AUTOS = YES_AGGRESSIVE;
				GCC_WARN_UNUSED_FUNCTION = YES;
				GCC_WARN_UNUSED_VARIABLE = YES;
				MTL_ENABLE_DEBUG_INFO = YES;
				ONLY_ACTIVE_ARCH = YES;
				SDKROOT = appletvos;
				SWIFT_ACTIVE_COMPILATION_CONDITIONS = DEBUG;
				SWIFT_OPTIMIZATION_LEVEL = "-Onone";
				SWIFT_VERSION = 5.0;
				TARGETED_DEVICE_FAMILY = 3;
			};
			name = Debug;
		};
		1215B6FD1EAC957000DC5A86 /* Release */ = {
			isa = XCBuildConfiguration;
			buildSettings = {
				ALWAYS_SEARCH_USER_PATHS = NO;
				CLANG_ANALYZER_LOCALIZABILITY_NONLOCALIZED = YES;
				CLANG_ANALYZER_NONNULL = YES;
				CLANG_ANALYZER_NUMBER_OBJECT_CONVERSION = YES_AGGRESSIVE;
				CLANG_CXX_LANGUAGE_STANDARD = "gnu++0x";
				CLANG_CXX_LIBRARY = "libc++";
				CLANG_ENABLE_MODULES = YES;
				CLANG_ENABLE_OBJC_ARC = YES;
				CLANG_WARN_BLOCK_CAPTURE_AUTORELEASING = YES;
				CLANG_WARN_BOOL_CONVERSION = YES;
				CLANG_WARN_COMMA = YES;
				CLANG_WARN_CONSTANT_CONVERSION = YES;
				CLANG_WARN_DEPRECATED_OBJC_IMPLEMENTATIONS = YES;
				CLANG_WARN_DIRECT_OBJC_ISA_USAGE = YES_ERROR;
				CLANG_WARN_DOCUMENTATION_COMMENTS = YES;
				CLANG_WARN_EMPTY_BODY = YES;
				CLANG_WARN_ENUM_CONVERSION = YES;
				CLANG_WARN_INFINITE_RECURSION = YES;
				CLANG_WARN_INT_CONVERSION = YES;
				CLANG_WARN_NON_LITERAL_NULL_CONVERSION = YES;
				CLANG_WARN_OBJC_IMPLICIT_RETAIN_SELF = YES;
				CLANG_WARN_OBJC_LITERAL_CONVERSION = YES;
				CLANG_WARN_OBJC_ROOT_CLASS = YES_ERROR;
				CLANG_WARN_QUOTED_INCLUDE_IN_FRAMEWORK_HEADER = YES;
				CLANG_WARN_RANGE_LOOP_ANALYSIS = YES;
				CLANG_WARN_STRICT_PROTOTYPES = YES;
				CLANG_WARN_SUSPICIOUS_MOVE = YES;
				CLANG_WARN_UNREACHABLE_CODE = YES;
				CLANG_WARN__DUPLICATE_METHOD_MATCH = YES;
				COPY_PHASE_STRIP = NO;
				DEBUG_INFORMATION_FORMAT = "dwarf-with-dsym";
				ENABLE_NS_ASSERTIONS = NO;
				ENABLE_STRICT_OBJC_MSGSEND = YES;
				GCC_C_LANGUAGE_STANDARD = gnu99;
				GCC_NO_COMMON_BLOCKS = YES;
				GCC_WARN_64_TO_32_BIT_CONVERSION = YES;
				GCC_WARN_ABOUT_RETURN_TYPE = YES_ERROR;
				GCC_WARN_UNDECLARED_SELECTOR = YES;
				GCC_WARN_UNINITIALIZED_AUTOS = YES_AGGRESSIVE;
				GCC_WARN_UNUSED_FUNCTION = YES;
				GCC_WARN_UNUSED_VARIABLE = YES;
				MTL_ENABLE_DEBUG_INFO = NO;
				SDKROOT = appletvos;
				SWIFT_COMPILATION_MODE = wholemodule;
				SWIFT_OPTIMIZATION_LEVEL = "-O";
				SWIFT_VERSION = 5.0;
				TARGETED_DEVICE_FAMILY = 3;
				VALIDATE_PRODUCT = YES;
			};
			name = Release;
		};
		1215B6FF1EAC957000DC5A86 /* Debug */ = {
			isa = XCBuildConfiguration;
			buildSettings = {
				ASSETCATALOG_COMPILER_APPICON_NAME = "App Icon & Top Shelf Image";
				ASSETCATALOG_COMPILER_LAUNCHIMAGE_NAME = LaunchImage;
				CURRENT_PROJECT_VERSION = 1690463520;
				DEVELOPMENT_TEAM = P3X2725LYY;
				INFOPLIST_FILE = "tvOS Example/Info.plist";
				LD_RUNPATH_SEARCH_PATHS = (
					"$(inherited)",
					"@executable_path/Frameworks",
				);
				MARKETING_VERSION = 7.0.2;
				PRODUCT_BUNDLE_IDENTIFIER = AppStore.EFQRCode;
				PRODUCT_NAME = EFQRCode.tvOS;
				SWIFT_VERSION = 5.0;
				TVOS_DEPLOYMENT_TARGET = 13.0;
			};
			name = Debug;
		};
		1215B7001EAC957000DC5A86 /* Release */ = {
			isa = XCBuildConfiguration;
			buildSettings = {
				ASSETCATALOG_COMPILER_APPICON_NAME = "App Icon & Top Shelf Image";
				ASSETCATALOG_COMPILER_LAUNCHIMAGE_NAME = LaunchImage;
				CURRENT_PROJECT_VERSION = 1690463520;
				DEVELOPMENT_TEAM = P3X2725LYY;
				INFOPLIST_FILE = "tvOS Example/Info.plist";
				LD_RUNPATH_SEARCH_PATHS = (
					"$(inherited)",
					"@executable_path/Frameworks",
				);
				MARKETING_VERSION = 7.0.2;
				PRODUCT_BUNDLE_IDENTIFIER = AppStore.EFQRCode;
				PRODUCT_NAME = EFQRCode.tvOS;
				SWIFT_VERSION = 5.0;
				TVOS_DEPLOYMENT_TARGET = 13.0;
			};
			name = Release;
		};
/* End XCBuildConfiguration section */

/* Begin XCConfigurationList section */
		1215B6EA1EAC956F00DC5A86 /* Build configuration list for PBXProject "tvOS Example" */ = {
			isa = XCConfigurationList;
			buildConfigurations = (
				1215B6FC1EAC957000DC5A86 /* Debug */,
				1215B6FD1EAC957000DC5A86 /* Release */,
			);
			defaultConfigurationIsVisible = 0;
			defaultConfigurationName = Release;
		};
		1215B6FE1EAC957000DC5A86 /* Build configuration list for PBXNativeTarget "tvOS Example" */ = {
			isa = XCConfigurationList;
			buildConfigurations = (
				1215B6FF1EAC957000DC5A86 /* Debug */,
				1215B7001EAC957000DC5A86 /* Release */,
			);
			defaultConfigurationIsVisible = 0;
			defaultConfigurationName = Release;
		};
/* End XCConfigurationList section */

/* Begin XCRemoteSwiftPackageReference section */
		127D586A2A6C336800E843D1 /* XCRemoteSwiftPackageReference "SnapKit" */ = {
			isa = XCRemoteSwiftPackageReference;
			repositoryURL = "https://github.com/SnapKit/SnapKit.git";
			requirement = {
				kind = exactVersion;
				version = 5.6.0;
			};
		};
/* End XCRemoteSwiftPackageReference section */

/* Begin XCSwiftPackageProductDependency section */
		127D586B2A6C336800E843D1 /* SnapKit */ = {
			isa = XCSwiftPackageProductDependency;
			package = 127D586A2A6C336800E843D1 /* XCRemoteSwiftPackageReference "SnapKit" */;
			productName = SnapKit;
		};
/* End XCSwiftPackageProductDependency section */
	};
	rootObject = 1215B6E71EAC956F00DC5A86 /* Project object */;
}
