PODS:
  - EFColorPicker (5.1.0)
  - EFFoundation (0.9.2):
    - EFFoundation/Core (= 0.9.2)
  - EFFoundation/Core (0.9.2)
  - SnapKit (5.0.1)

DEPENDENCIES:
  - EFColorPicker (= 5.1.0)
  - EFFoundation (= 0.9.2)
  - SnapKit (= 5.0.1)

SPEC REPOS:
  https://github.com/CocoaPods/Specs.git:
    - EFColorPicker
    - SnapKit
  trunk:
    - EFFoundation

SPEC CHECKSUMS:
  EFColorPicker: 6fa37bd9cde0f8dc58762698f1e9809f554dfe6c
  EFFoundation: cbda6c8d19891efa1dae71b2cfeaaa9636347fe3
  SnapKit: 97b92857e3df3a0c71833cce143274bf6ef8e5eb

PODFILE CHECKSUM: 4607dbaa2f52fe44168252bd4f0c94c19cdc2df2

COCOAPODS: 1.8.1
