// !$*UTF8*$!
{
	archiveVersion = 1;
	classes = {
	};
	objectVersion = 46;
	objects = {

/* Begin PBXBuildFile section */
		1215ADB41EAC908000F824B1 /* EFQRCode.framework in Frameworks */ = {isa = PBXBuildFile; fileRef = 12F371B41EA8DE740049DE67 /* EFQRCode.framework */; };
		1218B8241FBB2E8700560874 /* ViewController+Recognizer.swift in Sources */ = {isa = PBXBuildFile; fileRef = 1218B8231FBB2E8700560874 /* ViewController+Recognizer.swift */; };
		1218B82B1FBB2E9000560874 /* ViewController+Generator.swift in Sources */ = {isa = PBXBuildFile; fileRef = 1218B82A1FBB2E9000560874 /* ViewController+Generator.swift */; };
		122BB03B1FBEFA1B00BBCA0B /* NSImage+.swift in Sources */ = {isa = PBXBuildFile; fileRef = 122BB03A1FBEFA1B00BBCA0B /* NSImage+.swift */; };
		12409D681FC582D200719A02 /* EFDetailButton.swift in Sources */ = {isa = PBXBuildFile; fileRef = 12409D671FC582D200719A02 /* EFDetailButton.swift */; };
		125436EF1EABA98C00C46CC7 /* NSColor+.swift in Sources */ = {isa = PBXBuildFile; fileRef = 125436EE1EABA98C00C46CC7 /* NSColor+.swift */; };
		127948371FC81DE0002B056C /* EFQRCode.framework in Copy Frameworks */ = {isa = PBXBuildFile; fileRef = 12F371B41EA8DE740049DE67 /* EFQRCode.framework */; settings = {ATTRIBUTES = (CodeSignOnCopy, RemoveHeadersOnCopy, ); }; };
		12C4B5291FBECBF3006BD46D /* DragDropImageView.swift in Sources */ = {isa = PBXBuildFile; fileRef = 12C4B5281FBECBF3006BD46D /* DragDropImageView.swift */; };
		12F371971EA8DE3A0049DE67 /* AppDelegate.swift in Sources */ = {isa = PBXBuildFile; fileRef = 12F371961EA8DE3A0049DE67 /* AppDelegate.swift */; };
		12F371991EA8DE3A0049DE67 /* ViewController.swift in Sources */ = {isa = PBXBuildFile; fileRef = 12F371981EA8DE3A0049DE67 /* ViewController.swift */; };
		12F3719B1EA8DE3A0049DE67 /* Assets.xcassets in Resources */ = {isa = PBXBuildFile; fileRef = 12F3719A1EA8DE3A0049DE67 /* Assets.xcassets */; };
		12F3719E1EA8DE3A0049DE67 /* Main.storyboard in Resources */ = {isa = PBXBuildFile; fileRef = 12F3719C1EA8DE3A0049DE67 /* Main.storyboard */; };
		12F715531FBB17B100EAEFDE /* ConstraintMultiplierTarget.swift in Sources */ = {isa = PBXBuildFile; fileRef = 12F7152F1FBB17B100EAEFDE /* ConstraintMultiplierTarget.swift */; };
		12F715541FBB17B100EAEFDE /* LayoutConstraintItem.swift in Sources */ = {isa = PBXBuildFile; fileRef = 12F715301FBB17B100EAEFDE /* LayoutConstraintItem.swift */; };
		12F715551FBB17B100EAEFDE /* ConstraintDescription.swift in Sources */ = {isa = PBXBuildFile; fileRef = 12F715311FBB17B100EAEFDE /* ConstraintDescription.swift */; };
		12F715561FBB17B100EAEFDE /* ConstraintMakerPriortizable.swift in Sources */ = {isa = PBXBuildFile; fileRef = 12F715321FBB17B100EAEFDE /* ConstraintMakerPriortizable.swift */; };
		12F715571FBB17B100EAEFDE /* ConstraintAttributes.swift in Sources */ = {isa = PBXBuildFile; fileRef = 12F715331FBB17B100EAEFDE /* ConstraintAttributes.swift */; };
		12F715581FBB17B100EAEFDE /* ConstraintViewDSL.swift in Sources */ = {isa = PBXBuildFile; fileRef = 12F715341FBB17B100EAEFDE /* ConstraintViewDSL.swift */; };
		12F715591FBB17B100EAEFDE /* ConstraintPriorityTarget.swift in Sources */ = {isa = PBXBuildFile; fileRef = 12F715351FBB17B100EAEFDE /* ConstraintPriorityTarget.swift */; };
		12F7155A1FBB17B100EAEFDE /* ConstraintInsets.swift in Sources */ = {isa = PBXBuildFile; fileRef = 12F715361FBB17B100EAEFDE /* ConstraintInsets.swift */; };
		12F7155B1FBB17B100EAEFDE /* ConstraintMakerFinalizable.swift in Sources */ = {isa = PBXBuildFile; fileRef = 12F715371FBB17B100EAEFDE /* ConstraintMakerFinalizable.swift */; };
		12F7155C1FBB17B100EAEFDE /* ConstraintDSL.swift in Sources */ = {isa = PBXBuildFile; fileRef = 12F715381FBB17B100EAEFDE /* ConstraintDSL.swift */; };
		12F7155D1FBB17B100EAEFDE /* ConstraintMakerExtendable.swift in Sources */ = {isa = PBXBuildFile; fileRef = 12F715391FBB17B100EAEFDE /* ConstraintMakerExtendable.swift */; };
		12F7155E1FBB17B100EAEFDE /* ConstraintPriority.swift in Sources */ = {isa = PBXBuildFile; fileRef = 12F7153A1FBB17B100EAEFDE /* ConstraintPriority.swift */; };
		12F7155F1FBB17B100EAEFDE /* ConstraintInsetTarget.swift in Sources */ = {isa = PBXBuildFile; fileRef = 12F7153B1FBB17B100EAEFDE /* ConstraintInsetTarget.swift */; };
		12F715601FBB17B100EAEFDE /* ConstraintConfig.swift in Sources */ = {isa = PBXBuildFile; fileRef = 12F7153D1FBB17B100EAEFDE /* ConstraintConfig.swift */; };
		12F715611FBB17B100EAEFDE /* UILayoutSupport+Extensions.swift in Sources */ = {isa = PBXBuildFile; fileRef = 12F7153E1FBB17B100EAEFDE /* UILayoutSupport+Extensions.swift */; };
		12F715621FBB17B100EAEFDE /* ConstraintView.swift in Sources */ = {isa = PBXBuildFile; fileRef = 12F7153F1FBB17B100EAEFDE /* ConstraintView.swift */; };
		12F715631FBB17B100EAEFDE /* ConstraintLayoutGuide.swift in Sources */ = {isa = PBXBuildFile; fileRef = 12F715401FBB17B100EAEFDE /* ConstraintLayoutGuide.swift */; };
		12F715641FBB17B100EAEFDE /* ConstraintLayoutSupport.swift in Sources */ = {isa = PBXBuildFile; fileRef = 12F715411FBB17B100EAEFDE /* ConstraintLayoutSupport.swift */; };
		12F715651FBB17B100EAEFDE /* Typealiases.swift in Sources */ = {isa = PBXBuildFile; fileRef = 12F715421FBB17B100EAEFDE /* Typealiases.swift */; };
		12F715661FBB17B100EAEFDE /* ConstraintConstantTarget.swift in Sources */ = {isa = PBXBuildFile; fileRef = 12F715431FBB17B100EAEFDE /* ConstraintConstantTarget.swift */; };
		12F715671FBB17B100EAEFDE /* ConstraintOffsetTarget.swift in Sources */ = {isa = PBXBuildFile; fileRef = 12F715441FBB17B100EAEFDE /* ConstraintOffsetTarget.swift */; };
		12F715681FBB17B100EAEFDE /* ConstraintMakerEditable.swift in Sources */ = {isa = PBXBuildFile; fileRef = 12F715451FBB17B100EAEFDE /* ConstraintMakerEditable.swift */; };
		12F715691FBB17B100EAEFDE /* ConstraintMaker.swift in Sources */ = {isa = PBXBuildFile; fileRef = 12F715461FBB17B100EAEFDE /* ConstraintMaker.swift */; };
		12F7156A1FBB17B100EAEFDE /* ConstraintRelation.swift in Sources */ = {isa = PBXBuildFile; fileRef = 12F715471FBB17B100EAEFDE /* ConstraintRelation.swift */; };
		12F7156B1FBB17B100EAEFDE /* ConstraintLayoutGuideDSL.swift in Sources */ = {isa = PBXBuildFile; fileRef = 12F715481FBB17B100EAEFDE /* ConstraintLayoutGuideDSL.swift */; };
		12F7156C1FBB17B100EAEFDE /* ConstraintView+Extensions.swift in Sources */ = {isa = PBXBuildFile; fileRef = 12F715491FBB17B100EAEFDE /* ConstraintView+Extensions.swift */; };
		12F7156D1FBB17B100EAEFDE /* ConstraintItem.swift in Sources */ = {isa = PBXBuildFile; fileRef = 12F7154A1FBB17B100EAEFDE /* ConstraintItem.swift */; };
		12F7156E1FBB17B100EAEFDE /* Constraint.swift in Sources */ = {isa = PBXBuildFile; fileRef = 12F7154B1FBB17B100EAEFDE /* Constraint.swift */; };
		12F7156F1FBB17B100EAEFDE /* Debugging.swift in Sources */ = {isa = PBXBuildFile; fileRef = 12F7154C1FBB17B100EAEFDE /* Debugging.swift */; };
		12F715701FBB17B100EAEFDE /* ConstraintRelatableTarget.swift in Sources */ = {isa = PBXBuildFile; fileRef = 12F7154D1FBB17B100EAEFDE /* ConstraintRelatableTarget.swift */; };
		12F715721FBB17B100EAEFDE /* LayoutConstraint.swift in Sources */ = {isa = PBXBuildFile; fileRef = 12F7154F1FBB17B100EAEFDE /* LayoutConstraint.swift */; };
		12F715731FBB17B100EAEFDE /* ConstraintLayoutGuide+Extensions.swift in Sources */ = {isa = PBXBuildFile; fileRef = 12F715501FBB17B100EAEFDE /* ConstraintLayoutGuide+Extensions.swift */; };
		12F715741FBB17B100EAEFDE /* ConstraintLayoutSupportDSL.swift in Sources */ = {isa = PBXBuildFile; fileRef = 12F715511FBB17B100EAEFDE /* ConstraintLayoutSupportDSL.swift */; };
		12F715751FBB17B100EAEFDE /* ConstraintMakerRelatable.swift in Sources */ = {isa = PBXBuildFile; fileRef = 12F715521FBB17B100EAEFDE /* ConstraintMakerRelatable.swift */; };
/* End PBXBuildFile section */

/* Begin PBXContainerItemProxy section */
		1215ADAC1EAC907800F824B1 /* PBXContainerItemProxy */ = {
			isa = PBXContainerItemProxy;
			containerPortal = 12F371A61EA8DE740049DE67 /* EFQRCode.xcodeproj */;
			proxyType = 1;
			remoteGlobalIDString = 4DD67C0A1A5C55C900ED2280;
			remoteInfo = "EFQRCode macOS";
		};
		12F371AF1EA8DE740049DE67 /* PBXContainerItemProxy */ = {
			isa = PBXContainerItemProxy;
			containerPortal = 12F371A61EA8DE740049DE67 /* EFQRCode.xcodeproj */;
			proxyType = 2;
			remoteGlobalIDString = F8111E3319A95C8B0040E7D1;
			remoteInfo = "EFQRCode iOS";
		};
		12F371B11EA8DE740049DE67 /* PBXContainerItemProxy */ = {
			isa = PBXContainerItemProxy;
			containerPortal = 12F371A61EA8DE740049DE67 /* EFQRCode.xcodeproj */;
			proxyType = 2;
			remoteGlobalIDString = F8111E3E19A95C8B0040E7D1;
			remoteInfo = "EFQRCode iOS Tests";
		};
		12F371B31EA8DE740049DE67 /* PBXContainerItemProxy */ = {
			isa = PBXContainerItemProxy;
			containerPortal = 12F371A61EA8DE740049DE67 /* EFQRCode.xcodeproj */;
			proxyType = 2;
			remoteGlobalIDString = 4DD67C0B1A5C55C900ED2280;
			remoteInfo = "EFQRCode macOS";
		};
		12F371B51EA8DE740049DE67 /* PBXContainerItemProxy */ = {
			isa = PBXContainerItemProxy;
			containerPortal = 12F371A61EA8DE740049DE67 /* EFQRCode.xcodeproj */;
			proxyType = 2;
			remoteGlobalIDString = F829C6B21A7A94F100A2CD59;
			remoteInfo = "EFQRCode macOS Tests";
		};
		12F371B71EA8DE740049DE67 /* PBXContainerItemProxy */ = {
			isa = PBXContainerItemProxy;
			containerPortal = 12F371A61EA8DE740049DE67 /* EFQRCode.xcodeproj */;
			proxyType = 2;
			remoteGlobalIDString = 4CF626EF1BA7CB3E0011A099;
			remoteInfo = "EFQRCode tvOS";
		};
		12F371B91EA8DE740049DE67 /* PBXContainerItemProxy */ = {
			isa = PBXContainerItemProxy;
			containerPortal = 12F371A61EA8DE740049DE67 /* EFQRCode.xcodeproj */;
			proxyType = 2;
			remoteGlobalIDString = 4CF626F81BA7CB3E0011A099;
			remoteInfo = "EFQRCode tvOS Tests";
		};
		5282BD1C1FF3AE0300DFB36B /* PBXContainerItemProxy */ = {
			isa = PBXContainerItemProxy;
			containerPortal = 12F371A61EA8DE740049DE67 /* EFQRCode.xcodeproj */;
			proxyType = 2;
			remoteGlobalIDString = 5282BCAD1FF38F8100DFB36B;
			remoteInfo = "EFQRCode watchOS";
		};
/* End PBXContainerItemProxy section */

/* Begin PBXCopyFilesBuildPhase section */
		1215ADBA1EAC909D00F824B1 /* Copy Frameworks */ = {
			isa = PBXCopyFilesBuildPhase;
			buildActionMask = 2147483647;
			dstPath = "";
			dstSubfolderSpec = 10;
			files = (
				127948371FC81DE0002B056C /* EFQRCode.framework in Copy Frameworks */,
			);
			name = "Copy Frameworks";
			runOnlyForDeploymentPostprocessing = 0;
		};
/* End PBXCopyFilesBuildPhase section */

/* Begin PBXFileReference section */
		1218B8231FBB2E8700560874 /* ViewController+Recognizer.swift */ = {isa = PBXFileReference; lastKnownFileType = sourcecode.swift; path = "ViewController+Recognizer.swift"; sourceTree = "<group>"; };
		1218B82A1FBB2E9000560874 /* ViewController+Generator.swift */ = {isa = PBXFileReference; lastKnownFileType = sourcecode.swift; path = "ViewController+Generator.swift"; sourceTree = "<group>"; };
		122BB0391FBEF5E100BBCA0B /* EFQRCode.macOS.entitlements */ = {isa = PBXFileReference; lastKnownFileType = text.plist.entitlements; path = EFQRCode.macOS.entitlements; sourceTree = "<group>"; };
		122BB03A1FBEFA1B00BBCA0B /* NSImage+.swift */ = {isa = PBXFileReference; lastKnownFileType = sourcecode.swift; path = "NSImage+.swift"; sourceTree = "<group>"; };
		12409D671FC582D200719A02 /* EFDetailButton.swift */ = {isa = PBXFileReference; lastKnownFileType = sourcecode.swift; path = EFDetailButton.swift; sourceTree = "<group>"; };
		125436EE1EABA98C00C46CC7 /* NSColor+.swift */ = {isa = PBXFileReference; fileEncoding = 4; lastKnownFileType = sourcecode.swift; path = "NSColor+.swift"; sourceTree = "<group>"; };
		12C4B5281FBECBF3006BD46D /* DragDropImageView.swift */ = {isa = PBXFileReference; lastKnownFileType = sourcecode.swift; path = DragDropImageView.swift; sourceTree = "<group>"; };
		12F371931EA8DE3A0049DE67 /* EFQRCode.app */ = {isa = PBXFileReference; explicitFileType = wrapper.application; includeInIndex = 0; path = EFQRCode.app; sourceTree = BUILT_PRODUCTS_DIR; };
		12F371961EA8DE3A0049DE67 /* AppDelegate.swift */ = {isa = PBXFileReference; lastKnownFileType = sourcecode.swift; path = AppDelegate.swift; sourceTree = "<group>"; };
		12F371981EA8DE3A0049DE67 /* ViewController.swift */ = {isa = PBXFileReference; lastKnownFileType = sourcecode.swift; path = ViewController.swift; sourceTree = "<group>"; };
		12F3719A1EA8DE3A0049DE67 /* Assets.xcassets */ = {isa = PBXFileReference; lastKnownFileType = folder.assetcatalog; path = Assets.xcassets; sourceTree = "<group>"; };
		12F3719D1EA8DE3A0049DE67 /* Base */ = {isa = PBXFileReference; lastKnownFileType = file.storyboard; name = Base; path = Base.lproj/Main.storyboard; sourceTree = "<group>"; };
		12F3719F1EA8DE3A0049DE67 /* Info.plist */ = {isa = PBXFileReference; lastKnownFileType = text.plist.xml; path = Info.plist; sourceTree = "<group>"; };
		12F371A61EA8DE740049DE67 /* EFQRCode.xcodeproj */ = {isa = PBXFileReference; lastKnownFileType = "wrapper.pb-project"; name = EFQRCode.xcodeproj; path = ../../EFQRCode.xcodeproj; sourceTree = "<group>"; };
		12F7152F1FBB17B100EAEFDE /* ConstraintMultiplierTarget.swift */ = {isa = PBXFileReference; fileEncoding = 4; lastKnownFileType = sourcecode.swift; path = ConstraintMultiplierTarget.swift; sourceTree = "<group>"; };
		12F715301FBB17B100EAEFDE /* LayoutConstraintItem.swift */ = {isa = PBXFileReference; fileEncoding = 4; lastKnownFileType = sourcecode.swift; path = LayoutConstraintItem.swift; sourceTree = "<group>"; };
		12F715311FBB17B100EAEFDE /* ConstraintDescription.swift */ = {isa = PBXFileReference; fileEncoding = 4; lastKnownFileType = sourcecode.swift; path = ConstraintDescription.swift; sourceTree = "<group>"; };
		12F715321FBB17B100EAEFDE /* ConstraintMakerPriortizable.swift */ = {isa = PBXFileReference; fileEncoding = 4; lastKnownFileType = sourcecode.swift; path = ConstraintMakerPriortizable.swift; sourceTree = "<group>"; };
		12F715331FBB17B100EAEFDE /* ConstraintAttributes.swift */ = {isa = PBXFileReference; fileEncoding = 4; lastKnownFileType = sourcecode.swift; path = ConstraintAttributes.swift; sourceTree = "<group>"; };
		12F715341FBB17B100EAEFDE /* ConstraintViewDSL.swift */ = {isa = PBXFileReference; fileEncoding = 4; lastKnownFileType = sourcecode.swift; path = ConstraintViewDSL.swift; sourceTree = "<group>"; };
		12F715351FBB17B100EAEFDE /* ConstraintPriorityTarget.swift */ = {isa = PBXFileReference; fileEncoding = 4; lastKnownFileType = sourcecode.swift; path = ConstraintPriorityTarget.swift; sourceTree = "<group>"; };
		12F715361FBB17B100EAEFDE /* ConstraintInsets.swift */ = {isa = PBXFileReference; fileEncoding = 4; lastKnownFileType = sourcecode.swift; path = ConstraintInsets.swift; sourceTree = "<group>"; };
		12F715371FBB17B100EAEFDE /* ConstraintMakerFinalizable.swift */ = {isa = PBXFileReference; fileEncoding = 4; lastKnownFileType = sourcecode.swift; path = ConstraintMakerFinalizable.swift; sourceTree = "<group>"; };
		12F715381FBB17B100EAEFDE /* ConstraintDSL.swift */ = {isa = PBXFileReference; fileEncoding = 4; lastKnownFileType = sourcecode.swift; path = ConstraintDSL.swift; sourceTree = "<group>"; };
		12F715391FBB17B100EAEFDE /* ConstraintMakerExtendable.swift */ = {isa = PBXFileReference; fileEncoding = 4; lastKnownFileType = sourcecode.swift; path = ConstraintMakerExtendable.swift; sourceTree = "<group>"; };
		12F7153A1FBB17B100EAEFDE /* ConstraintPriority.swift */ = {isa = PBXFileReference; fileEncoding = 4; lastKnownFileType = sourcecode.swift; path = ConstraintPriority.swift; sourceTree = "<group>"; };
		12F7153B1FBB17B100EAEFDE /* ConstraintInsetTarget.swift */ = {isa = PBXFileReference; fileEncoding = 4; lastKnownFileType = sourcecode.swift; path = ConstraintInsetTarget.swift; sourceTree = "<group>"; };
		12F7153C1FBB17B100EAEFDE /* SnapKit.h */ = {isa = PBXFileReference; fileEncoding = 4; lastKnownFileType = sourcecode.c.h; path = SnapKit.h; sourceTree = "<group>"; };
		12F7153D1FBB17B100EAEFDE /* ConstraintConfig.swift */ = {isa = PBXFileReference; fileEncoding = 4; lastKnownFileType = sourcecode.swift; path = ConstraintConfig.swift; sourceTree = "<group>"; };
		12F7153E1FBB17B100EAEFDE /* UILayoutSupport+Extensions.swift */ = {isa = PBXFileReference; fileEncoding = 4; lastKnownFileType = sourcecode.swift; path = "UILayoutSupport+Extensions.swift"; sourceTree = "<group>"; };
		12F7153F1FBB17B100EAEFDE /* ConstraintView.swift */ = {isa = PBXFileReference; fileEncoding = 4; lastKnownFileType = sourcecode.swift; path = ConstraintView.swift; sourceTree = "<group>"; };
		12F715401FBB17B100EAEFDE /* ConstraintLayoutGuide.swift */ = {isa = PBXFileReference; fileEncoding = 4; lastKnownFileType = sourcecode.swift; path = ConstraintLayoutGuide.swift; sourceTree = "<group>"; };
		12F715411FBB17B100EAEFDE /* ConstraintLayoutSupport.swift */ = {isa = PBXFileReference; fileEncoding = 4; lastKnownFileType = sourcecode.swift; path = ConstraintLayoutSupport.swift; sourceTree = "<group>"; };
		12F715421FBB17B100EAEFDE /* Typealiases.swift */ = {isa = PBXFileReference; fileEncoding = 4; lastKnownFileType = sourcecode.swift; path = Typealiases.swift; sourceTree = "<group>"; };
		12F715431FBB17B100EAEFDE /* ConstraintConstantTarget.swift */ = {isa = PBXFileReference; fileEncoding = 4; lastKnownFileType = sourcecode.swift; path = ConstraintConstantTarget.swift; sourceTree = "<group>"; };
		12F715441FBB17B100EAEFDE /* ConstraintOffsetTarget.swift */ = {isa = PBXFileReference; fileEncoding = 4; lastKnownFileType = sourcecode.swift; path = ConstraintOffsetTarget.swift; sourceTree = "<group>"; };
		12F715451FBB17B100EAEFDE /* ConstraintMakerEditable.swift */ = {isa = PBXFileReference; fileEncoding = 4; lastKnownFileType = sourcecode.swift; path = ConstraintMakerEditable.swift; sourceTree = "<group>"; };
		12F715461FBB17B100EAEFDE /* ConstraintMaker.swift */ = {isa = PBXFileReference; fileEncoding = 4; lastKnownFileType = sourcecode.swift; path = ConstraintMaker.swift; sourceTree = "<group>"; };
		12F715471FBB17B100EAEFDE /* ConstraintRelation.swift */ = {isa = PBXFileReference; fileEncoding = 4; lastKnownFileType = sourcecode.swift; path = ConstraintRelation.swift; sourceTree = "<group>"; };
		12F715481FBB17B100EAEFDE /* ConstraintLayoutGuideDSL.swift */ = {isa = PBXFileReference; fileEncoding = 4; lastKnownFileType = sourcecode.swift; path = ConstraintLayoutGuideDSL.swift; sourceTree = "<group>"; };
		12F715491FBB17B100EAEFDE /* ConstraintView+Extensions.swift */ = {isa = PBXFileReference; fileEncoding = 4; lastKnownFileType = sourcecode.swift; path = "ConstraintView+Extensions.swift"; sourceTree = "<group>"; };
		12F7154A1FBB17B100EAEFDE /* ConstraintItem.swift */ = {isa = PBXFileReference; fileEncoding = 4; lastKnownFileType = sourcecode.swift; path = ConstraintItem.swift; sourceTree = "<group>"; };
		12F7154B1FBB17B100EAEFDE /* Constraint.swift */ = {isa = PBXFileReference; fileEncoding = 4; lastKnownFileType = sourcecode.swift; path = Constraint.swift; sourceTree = "<group>"; };
		12F7154C1FBB17B100EAEFDE /* Debugging.swift */ = {isa = PBXFileReference; fileEncoding = 4; lastKnownFileType = sourcecode.swift; path = Debugging.swift; sourceTree = "<group>"; };
		12F7154D1FBB17B100EAEFDE /* ConstraintRelatableTarget.swift */ = {isa = PBXFileReference; fileEncoding = 4; lastKnownFileType = sourcecode.swift; path = ConstraintRelatableTarget.swift; sourceTree = "<group>"; };
		12F7154E1FBB17B100EAEFDE /* Info.plist */ = {isa = PBXFileReference; fileEncoding = 4; lastKnownFileType = text.plist.xml; path = Info.plist; sourceTree = "<group>"; };
		12F7154F1FBB17B100EAEFDE /* LayoutConstraint.swift */ = {isa = PBXFileReference; fileEncoding = 4; lastKnownFileType = sourcecode.swift; path = LayoutConstraint.swift; sourceTree = "<group>"; };
		12F715501FBB17B100EAEFDE /* ConstraintLayoutGuide+Extensions.swift */ = {isa = PBXFileReference; fileEncoding = 4; lastKnownFileType = sourcecode.swift; path = "ConstraintLayoutGuide+Extensions.swift"; sourceTree = "<group>"; };
		12F715511FBB17B100EAEFDE /* ConstraintLayoutSupportDSL.swift */ = {isa = PBXFileReference; fileEncoding = 4; lastKnownFileType = sourcecode.swift; path = ConstraintLayoutSupportDSL.swift; sourceTree = "<group>"; };
		12F715521FBB17B100EAEFDE /* ConstraintMakerRelatable.swift */ = {isa = PBXFileReference; fileEncoding = 4; lastKnownFileType = sourcecode.swift; path = ConstraintMakerRelatable.swift; sourceTree = "<group>"; };
/* End PBXFileReference section */

/* Begin PBXFrameworksBuildPhase section */
		12F371901EA8DE3A0049DE67 /* Frameworks */ = {
			isa = PBXFrameworksBuildPhase;
			buildActionMask = 2147483647;
			files = (
				1215ADB41EAC908000F824B1 /* EFQRCode.framework in Frameworks */,
			);
			runOnlyForDeploymentPostprocessing = 0;
		};
/* End PBXFrameworksBuildPhase section */

/* Begin PBXGroup section */
		125436E71EABA97900C46CC7 /* Extension */ = {
			isa = PBXGroup;
			children = (
				125436EE1EABA98C00C46CC7 /* NSColor+.swift */,
				122BB03A1FBEFA1B00BBCA0B /* NSImage+.swift */,
			);
			name = Extension;
			sourceTree = "<group>";
		};
		125436F01EABA9B000C46CC7 /* Supporting Files */ = {
			isa = PBXGroup;
			children = (
				12F3719F1EA8DE3A0049DE67 /* Info.plist */,
			);
			name = "Supporting Files";
			sourceTree = "<group>";
		};
		125436F11EABA9BA00C46CC7 /* Res */ = {
			isa = PBXGroup;
			children = (
				12F3719A1EA8DE3A0049DE67 /* Assets.xcassets */,
				12F3719C1EA8DE3A0049DE67 /* Main.storyboard */,
			);
			name = Res;
			sourceTree = "<group>";
		};
		125436F21EABA9D000C46CC7 /* Controller */ = {
			isa = PBXGroup;
			children = (
				12F371981EA8DE3A0049DE67 /* ViewController.swift */,
				1218B8231FBB2E8700560874 /* ViewController+Recognizer.swift */,
				1218B82A1FBB2E9000560874 /* ViewController+Generator.swift */,
			);
			name = Controller;
			sourceTree = "<group>";
		};
		12C4B5221FBECBD7006BD46D /* View */ = {
			isa = PBXGroup;
			children = (
				12C4B5281FBECBF3006BD46D /* DragDropImageView.swift */,
				12409D671FC582D200719A02 /* EFDetailButton.swift */,
			);
			name = View;
			sourceTree = "<group>";
		};
		12F3718A1EA8DE3A0049DE67 = {
			isa = PBXGroup;
			children = (
				12F371951EA8DE3A0049DE67 /* macOS Example */,
				12F371941EA8DE3A0049DE67 /* Products */,
				12F371A61EA8DE740049DE67 /* EFQRCode.xcodeproj */,
			);
			sourceTree = "<group>";
		};
		12F371941EA8DE3A0049DE67 /* Products */ = {
			isa = PBXGroup;
			children = (
				12F371931EA8DE3A0049DE67 /* EFQRCode.app */,
			);
			name = Products;
			sourceTree = "<group>";
		};
		12F371951EA8DE3A0049DE67 /* macOS Example */ = {
			isa = PBXGroup;
			children = (
				122BB0391FBEF5E100BBCA0B /* EFQRCode.macOS.entitlements */,
				12F371961EA8DE3A0049DE67 /* AppDelegate.swift */,
				12F715281FBB16D700EAEFDE /* 3rd */,
				125436F11EABA9BA00C46CC7 /* Res */,
				125436E71EABA97900C46CC7 /* Extension */,
				125436F21EABA9D000C46CC7 /* Controller */,
				12C4B5221FBECBD7006BD46D /* View */,
				125436F01EABA9B000C46CC7 /* Supporting Files */,
			);
			path = "macOS Example";
			sourceTree = "<group>";
		};
		12F371A71EA8DE740049DE67 /* Products */ = {
			isa = PBXGroup;
			children = (
				12F371B01EA8DE740049DE67 /* EFQRCode.framework */,
				12F371B21EA8DE740049DE67 /* EFQRCode iOS Tests.xctest */,
				12F371B41EA8DE740049DE67 /* EFQRCode.framework */,
				12F371B61EA8DE740049DE67 /* EFQRCode macOS Tests.xctest */,
				12F371B81EA8DE740049DE67 /* EFQRCode.framework */,
				12F371BA1EA8DE740049DE67 /* EFQRCode tvOS Tests.xctest */,
				5282BD1D1FF3AE0300DFB36B /* EFQRCode.framework */,
			);
			name = Products;
			sourceTree = "<group>";
		};
		12F715281FBB16D700EAEFDE /* 3rd */ = {
			isa = PBXGroup;
			children = (
				12F7152E1FBB17B100EAEFDE /* SnapKit */,
			);
			name = 3rd;
			sourceTree = "<group>";
		};
		12F7152E1FBB17B100EAEFDE /* SnapKit */ = {
			isa = PBXGroup;
			children = (
				12F7152F1FBB17B100EAEFDE /* ConstraintMultiplierTarget.swift */,
				12F715301FBB17B100EAEFDE /* LayoutConstraintItem.swift */,
				12F715311FBB17B100EAEFDE /* ConstraintDescription.swift */,
				12F715321FBB17B100EAEFDE /* ConstraintMakerPriortizable.swift */,
				12F715331FBB17B100EAEFDE /* ConstraintAttributes.swift */,
				12F715341FBB17B100EAEFDE /* ConstraintViewDSL.swift */,
				12F715351FBB17B100EAEFDE /* ConstraintPriorityTarget.swift */,
				12F715361FBB17B100EAEFDE /* ConstraintInsets.swift */,
				12F715371FBB17B100EAEFDE /* ConstraintMakerFinalizable.swift */,
				12F715381FBB17B100EAEFDE /* ConstraintDSL.swift */,
				12F715391FBB17B100EAEFDE /* ConstraintMakerExtendable.swift */,
				12F7153A1FBB17B100EAEFDE /* ConstraintPriority.swift */,
				12F7153B1FBB17B100EAEFDE /* ConstraintInsetTarget.swift */,
				12F7153C1FBB17B100EAEFDE /* SnapKit.h */,
				12F7153D1FBB17B100EAEFDE /* ConstraintConfig.swift */,
				12F7153E1FBB17B100EAEFDE /* UILayoutSupport+Extensions.swift */,
				12F7153F1FBB17B100EAEFDE /* ConstraintView.swift */,
				12F715401FBB17B100EAEFDE /* ConstraintLayoutGuide.swift */,
				12F715411FBB17B100EAEFDE /* ConstraintLayoutSupport.swift */,
				12F715421FBB17B100EAEFDE /* Typealiases.swift */,
				12F715431FBB17B100EAEFDE /* ConstraintConstantTarget.swift */,
				12F715441FBB17B100EAEFDE /* ConstraintOffsetTarget.swift */,
				12F715451FBB17B100EAEFDE /* ConstraintMakerEditable.swift */,
				12F715461FBB17B100EAEFDE /* ConstraintMaker.swift */,
				12F715471FBB17B100EAEFDE /* ConstraintRelation.swift */,
				12F715481FBB17B100EAEFDE /* ConstraintLayoutGuideDSL.swift */,
				12F715491FBB17B100EAEFDE /* ConstraintView+Extensions.swift */,
				12F7154A1FBB17B100EAEFDE /* ConstraintItem.swift */,
				12F7154B1FBB17B100EAEFDE /* Constraint.swift */,
				12F7154C1FBB17B100EAEFDE /* Debugging.swift */,
				12F7154D1FBB17B100EAEFDE /* ConstraintRelatableTarget.swift */,
				12F7154E1FBB17B100EAEFDE /* Info.plist */,
				12F7154F1FBB17B100EAEFDE /* LayoutConstraint.swift */,
				12F715501FBB17B100EAEFDE /* ConstraintLayoutGuide+Extensions.swift */,
				12F715511FBB17B100EAEFDE /* ConstraintLayoutSupportDSL.swift */,
				12F715521FBB17B100EAEFDE /* ConstraintMakerRelatable.swift */,
			);
			name = SnapKit;
			path = ../../iOS/SnapKit;
			sourceTree = "<group>";
		};
/* End PBXGroup section */

/* Begin PBXNativeTarget section */
		12F371921EA8DE3A0049DE67 /* macOS Example */ = {
			isa = PBXNativeTarget;
			buildConfigurationList = 12F371A21EA8DE3A0049DE67 /* Build configuration list for PBXNativeTarget "macOS Example" */;
			buildPhases = (
				12F3718F1EA8DE3A0049DE67 /* Sources */,
				12F371901EA8DE3A0049DE67 /* Frameworks */,
				12F371911EA8DE3A0049DE67 /* Resources */,
				1215ADBA1EAC909D00F824B1 /* Copy Frameworks */,
			);
			buildRules = (
			);
			dependencies = (
				1215ADAD1EAC907800F824B1 /* PBXTargetDependency */,
			);
			name = "macOS Example";
			productName = "macOS Example";
			productReference = 12F371931EA8DE3A0049DE67 /* EFQRCode.app */;
			productType = "com.apple.product-type.application";
		};
/* End PBXNativeTarget section */

/* Begin PBXProject section */
		12F3718B1EA8DE3A0049DE67 /* Project object */ = {
			isa = PBXProject;
			attributes = {
				LastSwiftUpdateCheck = 0830;
				LastUpgradeCheck = 0900;
				ORGANIZATIONNAME = EyreFree;
				TargetAttributes = {
					12F371921EA8DE3A0049DE67 = {
						CreatedOnToolsVersion = 8.3;
						DevelopmentTeam = P3X2725LYY;
						LastSwiftMigration = 0900;
						ProvisioningStyle = Automatic;
						SystemCapabilities = {
							com.apple.Sandbox = {
								enabled = 1;
							};
						};
					};
				};
			};
			buildConfigurationList = 12F3718E1EA8DE3A0049DE67 /* Build configuration list for PBXProject "macOS Example" */;
			compatibilityVersion = "Xcode 3.2";
			developmentRegion = English;
			hasScannedForEncodings = 0;
			knownRegions = (
				en,
				Base,
			);
			mainGroup = 12F3718A1EA8DE3A0049DE67;
			productRefGroup = 12F371941EA8DE3A0049DE67 /* Products */;
			projectDirPath = "";
			projectReferences = (
				{
					ProductGroup = 12F371A71EA8DE740049DE67 /* Products */;
					ProjectRef = 12F371A61EA8DE740049DE67 /* EFQRCode.xcodeproj */;
				},
			);
			projectRoot = "";
			targets = (
				12F371921EA8DE3A0049DE67 /* macOS Example */,
			);
		};
/* End PBXProject section */

/* Begin PBXReferenceProxy section */
		12F371B01EA8DE740049DE67 /* EFQRCode.framework */ = {
			isa = PBXReferenceProxy;
			fileType = wrapper.framework;
			path = EFQRCode.framework;
			remoteRef = 12F371AF1EA8DE740049DE67 /* PBXContainerItemProxy */;
			sourceTree = BUILT_PRODUCTS_DIR;
		};
		12F371B21EA8DE740049DE67 /* EFQRCode iOS Tests.xctest */ = {
			isa = PBXReferenceProxy;
			fileType = wrapper.cfbundle;
			path = "EFQRCode iOS Tests.xctest";
			remoteRef = 12F371B11EA8DE740049DE67 /* PBXContainerItemProxy */;
			sourceTree = BUILT_PRODUCTS_DIR;
		};
		12F371B41EA8DE740049DE67 /* EFQRCode.framework */ = {
			isa = PBXReferenceProxy;
			fileType = wrapper.framework;
			path = EFQRCode.framework;
			remoteRef = 12F371B31EA8DE740049DE67 /* PBXContainerItemProxy */;
			sourceTree = BUILT_PRODUCTS_DIR;
		};
		12F371B61EA8DE740049DE67 /* EFQRCode macOS Tests.xctest */ = {
			isa = PBXReferenceProxy;
			fileType = wrapper.cfbundle;
			path = "EFQRCode macOS Tests.xctest";
			remoteRef = 12F371B51EA8DE740049DE67 /* PBXContainerItemProxy */;
			sourceTree = BUILT_PRODUCTS_DIR;
		};
		12F371B81EA8DE740049DE67 /* EFQRCode.framework */ = {
			isa = PBXReferenceProxy;
			fileType = wrapper.framework;
			path = EFQRCode.framework;
			remoteRef = 12F371B71EA8DE740049DE67 /* PBXContainerItemProxy */;
			sourceTree = BUILT_PRODUCTS_DIR;
		};
		12F371BA1EA8DE740049DE67 /* EFQRCode tvOS Tests.xctest */ = {
			isa = PBXReferenceProxy;
			fileType = wrapper.cfbundle;
			path = "EFQRCode tvOS Tests.xctest";
			remoteRef = 12F371B91EA8DE740049DE67 /* PBXContainerItemProxy */;
			sourceTree = BUILT_PRODUCTS_DIR;
		};
		5282BD1D1FF3AE0300DFB36B /* EFQRCode.framework */ = {
			isa = PBXReferenceProxy;
			fileType = wrapper.framework;
			path = EFQRCode.framework;
			remoteRef = 5282BD1C1FF3AE0300DFB36B /* PBXContainerItemProxy */;
			sourceTree = BUILT_PRODUCTS_DIR;
		};
/* End PBXReferenceProxy section */

/* Begin PBXResourcesBuildPhase section */
		12F371911EA8DE3A0049DE67 /* Resources */ = {
			isa = PBXResourcesBuildPhase;
			buildActionMask = 2147483647;
			files = (
				12F3719B1EA8DE3A0049DE67 /* Assets.xcassets in Resources */,
				12F3719E1EA8DE3A0049DE67 /* Main.storyboard in Resources */,
			);
			runOnlyForDeploymentPostprocessing = 0;
		};
/* End PBXResourcesBuildPhase section */

/* Begin PBXSourcesBuildPhase section */
		12F3718F1EA8DE3A0049DE67 /* Sources */ = {
			isa = PBXSourcesBuildPhase;
			buildActionMask = 2147483647;
			files = (
				12F715611FBB17B100EAEFDE /* UILayoutSupport+Extensions.swift in Sources */,
				12F7156A1FBB17B100EAEFDE /* ConstraintRelation.swift in Sources */,
				12F715561FBB17B100EAEFDE /* ConstraintMakerPriortizable.swift in Sources */,
				12F715571FBB17B100EAEFDE /* ConstraintAttributes.swift in Sources */,
				12F715531FBB17B100EAEFDE /* ConstraintMultiplierTarget.swift in Sources */,
				12F715601FBB17B100EAEFDE /* ConstraintConfig.swift in Sources */,
				12F7155D1FBB17B100EAEFDE /* ConstraintMakerExtendable.swift in Sources */,
				12F715701FBB17B100EAEFDE /* ConstraintRelatableTarget.swift in Sources */,
				12F715741FBB17B100EAEFDE /* ConstraintLayoutSupportDSL.swift in Sources */,
				12F7156E1FBB17B100EAEFDE /* Constraint.swift in Sources */,
				12F715681FBB17B100EAEFDE /* ConstraintMakerEditable.swift in Sources */,
				1218B82B1FBB2E9000560874 /* ViewController+Generator.swift in Sources */,
				12F371991EA8DE3A0049DE67 /* ViewController.swift in Sources */,
				122BB03B1FBEFA1B00BBCA0B /* NSImage+.swift in Sources */,
				12F715731FBB17B100EAEFDE /* ConstraintLayoutGuide+Extensions.swift in Sources */,
				12409D681FC582D200719A02 /* EFDetailButton.swift in Sources */,
				12F7155F1FBB17B100EAEFDE /* ConstraintInsetTarget.swift in Sources */,
				12F7156C1FBB17B100EAEFDE /* ConstraintView+Extensions.swift in Sources */,
				12F715541FBB17B100EAEFDE /* LayoutConstraintItem.swift in Sources */,
				12F715721FBB17B100EAEFDE /* LayoutConstraint.swift in Sources */,
				1218B8241FBB2E8700560874 /* ViewController+Recognizer.swift in Sources */,
				12F7155A1FBB17B100EAEFDE /* ConstraintInsets.swift in Sources */,
				12F715671FBB17B100EAEFDE /* ConstraintOffsetTarget.swift in Sources */,
				125436EF1EABA98C00C46CC7 /* NSColor+.swift in Sources */,
				12F371971EA8DE3A0049DE67 /* AppDelegate.swift in Sources */,
				12F715751FBB17B100EAEFDE /* ConstraintMakerRelatable.swift in Sources */,
				12F715591FBB17B100EAEFDE /* ConstraintPriorityTarget.swift in Sources */,
				12F715641FBB17B100EAEFDE /* ConstraintLayoutSupport.swift in Sources */,
				12F715621FBB17B100EAEFDE /* ConstraintView.swift in Sources */,
				12C4B5291FBECBF3006BD46D /* DragDropImageView.swift in Sources */,
				12F7155C1FBB17B100EAEFDE /* ConstraintDSL.swift in Sources */,
				12F715661FBB17B100EAEFDE /* ConstraintConstantTarget.swift in Sources */,
				12F7156F1FBB17B100EAEFDE /* Debugging.swift in Sources */,
				12F7155E1FBB17B100EAEFDE /* ConstraintPriority.swift in Sources */,
				12F715551FBB17B100EAEFDE /* ConstraintDescription.swift in Sources */,
				12F715651FBB17B100EAEFDE /* Typealiases.swift in Sources */,
				12F7155B1FBB17B100EAEFDE /* ConstraintMakerFinalizable.swift in Sources */,
				12F715691FBB17B100EAEFDE /* ConstraintMaker.swift in Sources */,
				12F7156B1FBB17B100EAEFDE /* ConstraintLayoutGuideDSL.swift in Sources */,
				12F715581FBB17B100EAEFDE /* ConstraintViewDSL.swift in Sources */,
				12F715631FBB17B100EAEFDE /* ConstraintLayoutGuide.swift in Sources */,
				12F7156D1FBB17B100EAEFDE /* ConstraintItem.swift in Sources */,
			);
			runOnlyForDeploymentPostprocessing = 0;
		};
/* End PBXSourcesBuildPhase section */

/* Begin PBXTargetDependency section */
		1215ADAD1EAC907800F824B1 /* PBXTargetDependency */ = {
			isa = PBXTargetDependency;
			name = "EFQRCode macOS";
			targetProxy = 1215ADAC1EAC907800F824B1 /* PBXContainerItemProxy */;
		};
/* End PBXTargetDependency section */

/* Begin PBXVariantGroup section */
		12F3719C1EA8DE3A0049DE67 /* Main.storyboard */ = {
			isa = PBXVariantGroup;
			children = (
				12F3719D1EA8DE3A0049DE67 /* Base */,
			);
			name = Main.storyboard;
			sourceTree = "<group>";
		};
/* End PBXVariantGroup section */

/* Begin XCBuildConfiguration section */
		12F371A01EA8DE3A0049DE67 /* Debug */ = {
			isa = XCBuildConfiguration;
			buildSettings = {
				ALWAYS_SEARCH_USER_PATHS = NO;
				CLANG_ANALYZER_NONNULL = YES;
				CLANG_ANALYZER_NUMBER_OBJECT_CONVERSION = YES_AGGRESSIVE;
				CLANG_CXX_LANGUAGE_STANDARD = "gnu++0x";
				CLANG_CXX_LIBRARY = "libc++";
				CLANG_ENABLE_MODULES = YES;
				CLANG_ENABLE_OBJC_ARC = YES;
				CLANG_WARN_BLOCK_CAPTURE_AUTORELEASING = YES;
				CLANG_WARN_BOOL_CONVERSION = YES;
				CLANG_WARN_COMMA = YES;
				CLANG_WARN_CONSTANT_CONVERSION = YES;
				CLANG_WARN_DIRECT_OBJC_ISA_USAGE = YES_ERROR;
				CLANG_WARN_DOCUMENTATION_COMMENTS = YES;
				CLANG_WARN_EMPTY_BODY = YES;
				CLANG_WARN_ENUM_CONVERSION = YES;
				CLANG_WARN_INFINITE_RECURSION = YES;
				CLANG_WARN_INT_CONVERSION = YES;
				CLANG_WARN_NON_LITERAL_NULL_CONVERSION = YES;
				CLANG_WARN_OBJC_LITERAL_CONVERSION = YES;
				CLANG_WARN_OBJC_ROOT_CLASS = YES_ERROR;
				CLANG_WARN_RANGE_LOOP_ANALYSIS = YES;
				CLANG_WARN_STRICT_PROTOTYPES = YES;
				CLANG_WARN_SUSPICIOUS_MOVE = YES;
				CLANG_WARN_UNREACHABLE_CODE = YES;
				CLANG_WARN__DUPLICATE_METHOD_MATCH = YES;
				CODE_SIGN_IDENTITY = "-";
				COPY_PHASE_STRIP = NO;
				DEBUG_INFORMATION_FORMAT = dwarf;
				ENABLE_STRICT_OBJC_MSGSEND = YES;
				ENABLE_TESTABILITY = YES;
				GCC_C_LANGUAGE_STANDARD = gnu99;
				GCC_DYNAMIC_NO_PIC = NO;
				GCC_NO_COMMON_BLOCKS = YES;
				GCC_OPTIMIZATION_LEVEL = 0;
				GCC_PREPROCESSOR_DEFINITIONS = (
					"DEBUG=1",
					"$(inherited)",
				);
				GCC_WARN_64_TO_32_BIT_CONVERSION = YES;
				GCC_WARN_ABOUT_RETURN_TYPE = YES_ERROR;
				GCC_WARN_UNDECLARED_SELECTOR = YES;
				GCC_WARN_UNINITIALIZED_AUTOS = YES_AGGRESSIVE;
				GCC_WARN_UNUSED_FUNCTION = YES;
				GCC_WARN_UNUSED_VARIABLE = YES;
				MACOSX_DEPLOYMENT_TARGET = 10.11;
				MTL_ENABLE_DEBUG_INFO = YES;
				ONLY_ACTIVE_ARCH = YES;
				SDKROOT = macosx;
				SWIFT_ACTIVE_COMPILATION_CONDITIONS = DEBUG;
				SWIFT_OPTIMIZATION_LEVEL = "-Onone";
				SWIFT_VERSION = 4.0;
			};
			name = Debug;
		};
		12F371A11EA8DE3A0049DE67 /* Release */ = {
			isa = XCBuildConfiguration;
			buildSettings = {
				ALWAYS_SEARCH_USER_PATHS = NO;
				CLANG_ANALYZER_NONNULL = YES;
				CLANG_ANALYZER_NUMBER_OBJECT_CONVERSION = YES_AGGRESSIVE;
				CLANG_CXX_LANGUAGE_STANDARD = "gnu++0x";
				CLANG_CXX_LIBRARY = "libc++";
				CLANG_ENABLE_MODULES = YES;
				CLANG_ENABLE_OBJC_ARC = YES;
				CLANG_WARN_BLOCK_CAPTURE_AUTORELEASING = YES;
				CLANG_WARN_BOOL_CONVERSION = YES;
				CLANG_WARN_COMMA = YES;
				CLANG_WARN_CONSTANT_CONVERSION = YES;
				CLANG_WARN_DIRECT_OBJC_ISA_USAGE = YES_ERROR;
				CLANG_WARN_DOCUMENTATION_COMMENTS = YES;
				CLANG_WARN_EMPTY_BODY = YES;
				CLANG_WARN_ENUM_CONVERSION = YES;
				CLANG_WARN_INFINITE_RECURSION = YES;
				CLANG_WARN_INT_CONVERSION = YES;
				CLANG_WARN_NON_LITERAL_NULL_CONVERSION = YES;
				CLANG_WARN_OBJC_LITERAL_CONVERSION = YES;
				CLANG_WARN_OBJC_ROOT_CLASS = YES_ERROR;
				CLANG_WARN_RANGE_LOOP_ANALYSIS = YES;
				CLANG_WARN_STRICT_PROTOTYPES = YES;
				CLANG_WARN_SUSPICIOUS_MOVE = YES;
				CLANG_WARN_UNREACHABLE_CODE = YES;
				CLANG_WARN__DUPLICATE_METHOD_MATCH = YES;
				CODE_SIGN_IDENTITY = "-";
				COPY_PHASE_STRIP = NO;
				DEBUG_INFORMATION_FORMAT = "dwarf-with-dsym";
				ENABLE_NS_ASSERTIONS = NO;
				ENABLE_STRICT_OBJC_MSGSEND = YES;
				GCC_C_LANGUAGE_STANDARD = gnu99;
				GCC_NO_COMMON_BLOCKS = YES;
				GCC_WARN_64_TO_32_BIT_CONVERSION = YES;
				GCC_WARN_ABOUT_RETURN_TYPE = YES_ERROR;
				GCC_WARN_UNDECLARED_SELECTOR = YES;
				GCC_WARN_UNINITIALIZED_AUTOS = YES_AGGRESSIVE;
				GCC_WARN_UNUSED_FUNCTION = YES;
				GCC_WARN_UNUSED_VARIABLE = YES;
				MACOSX_DEPLOYMENT_TARGET = 10.11;
				MTL_ENABLE_DEBUG_INFO = NO;
				SDKROOT = macosx;
				SWIFT_OPTIMIZATION_LEVEL = "-Owholemodule";
				SWIFT_VERSION = 4.0;
			};
			name = Release;
		};
		12F371A31EA8DE3A0049DE67 /* Debug */ = {
			isa = XCBuildConfiguration;
			buildSettings = {
				ASSETCATALOG_COMPILER_APPICON_NAME = AppIcon;
				CODE_SIGN_ENTITLEMENTS = "macOS Example/EFQRCode.macOS.entitlements";
				CODE_SIGN_IDENTITY = "Mac Developer";
				COMBINE_HIDPI_IMAGES = YES;
				DEVELOPMENT_TEAM = P3X2725LYY;
				INFOPLIST_FILE = "macOS Example/Info.plist";
				LD_RUNPATH_SEARCH_PATHS = "$(inherited) @executable_path/../Frameworks";
				MACOSX_DEPLOYMENT_TARGET = 10.11;
				PRODUCT_BUNDLE_IDENTIFIER = MacAppStore.EFQRCode;
				PRODUCT_MODULE_NAME = EFQRCode_Module;
				PRODUCT_NAME = EFQRCode;
				PROVISIONING_PROFILE_SPECIFIER = "";
				SWIFT_SWIFT3_OBJC_INFERENCE = Default;
				SWIFT_VERSION = 4.0;
			};
			name = Debug;
		};
		12F371A41EA8DE3A0049DE67 /* Release */ = {
			isa = XCBuildConfiguration;
			buildSettings = {
				ASSETCATALOG_COMPILER_APPICON_NAME = AppIcon;
				CODE_SIGN_ENTITLEMENTS = "macOS Example/EFQRCode.macOS.entitlements";
				CODE_SIGN_IDENTITY = "Mac Developer";
				COMBINE_HIDPI_IMAGES = YES;
				DEVELOPMENT_TEAM = P3X2725LYY;
				INFOPLIST_FILE = "macOS Example/Info.plist";
				LD_RUNPATH_SEARCH_PATHS = "$(inherited) @executable_path/../Frameworks";
				MACOSX_DEPLOYMENT_TARGET = 10.11;
				PRODUCT_BUNDLE_IDENTIFIER = MacAppStore.EFQRCode;
				PRODUCT_MODULE_NAME = EFQRCode_Module;
				PRODUCT_NAME = EFQRCode;
				PROVISIONING_PROFILE_SPECIFIER = "";
				SWIFT_SWIFT3_OBJC_INFERENCE = Default;
				SWIFT_VERSION = 4.0;
			};
			name = Release;
		};
/* End XCBuildConfiguration section */

/* Begin XCConfigurationList section */
		12F3718E1EA8DE3A0049DE67 /* Build configuration list for PBXProject "macOS Example" */ = {
			isa = XCConfigurationList;
			buildConfigurations = (
				12F371A01EA8DE3A0049DE67 /* Debug */,
				12F371A11EA8DE3A0049DE67 /* Release */,
			);
			defaultConfigurationIsVisible = 0;
			defaultConfigurationName = Release;
		};
		12F371A21EA8DE3A0049DE67 /* Build configuration list for PBXNativeTarget "macOS Example" */ = {
			isa = XCConfigurationList;
			buildConfigurations = (
				12F371A31EA8DE3A0049DE67 /* Debug */,
				12F371A41EA8DE3A0049DE67 /* Release */,
			);
			defaultConfigurationIsVisible = 0;
			defaultConfigurationName = Release;
		};
/* End XCConfigurationList section */
	};
	rootObject = 12F3718B1EA8DE3A0049DE67 /* Project object */;
}
