// !$*UTF8*$!
{
	archiveVersion = 1;
	classes = {
	};
	objectVersion = 46;
	objects = {

/* Begin PBXBuildFile section */
		1215ADB41EAC908000F824B1 /* EFQRCode.framework in Frameworks */ = {isa = PBXBuildFile; fileRef = 12F371B41EA8DE740049DE67 /* EFQRCode.framework */; };
		1218B8241FBB2E8700560874 /* ViewController+Recognizer.swift in Sources */ = {isa = PBXBuildFile; fileRef = 1218B8231FBB2E8700560874 /* ViewController+Recognizer.swift */; };
		1218B82B1FBB2E9000560874 /* ViewController+Generator.swift in Sources */ = {isa = PBXBuildFile; fileRef = 1218B82A1FBB2E9000560874 /* ViewController+Generator.swift */; };
		122BB03B1FBEFA1B00BBCA0B /* NSImage+.swift in Sources */ = {isa = PBXBuildFile; fileRef = 122BB03A1FBEFA1B00BBCA0B /* NSImage+.swift */; };
		12409D681FC582D200719A02 /* EFDetailButton.swift in Sources */ = {isa = PBXBuildFile; fileRef = 12409D671FC582D200719A02 /* EFDetailButton.swift */; };
		125436EF1EABA98C00C46CC7 /* NSColor+.swift in Sources */ = {isa = PBXBuildFile; fileRef = 125436EE1EABA98C00C46CC7 /* NSColor+.swift */; };
		1259BA3B2190881900E41FCD /* ConstraintMakerRelatable.swift in Sources */ = {isa = PBXBuildFile; fileRef = 1259BA172190881800E41FCD /* ConstraintMakerRelatable.swift */; };
		1259BA3C2190881900E41FCD /* ConstraintLayoutGuide+Extensions.swift in Sources */ = {isa = PBXBuildFile; fileRef = 1259BA182190881800E41FCD /* ConstraintLayoutGuide+Extensions.swift */; };
		1259BA3D2190881900E41FCD /* Typealiases.swift in Sources */ = {isa = PBXBuildFile; fileRef = 1259BA192190881800E41FCD /* Typealiases.swift */; };
		1259BA3E2190881900E41FCD /* Constraint.swift in Sources */ = {isa = PBXBuildFile; fileRef = 1259BA1A2190881800E41FCD /* Constraint.swift */; };
		1259BA402190881900E41FCD /* ConstraintMakerFinalizable.swift in Sources */ = {isa = PBXBuildFile; fileRef = 1259BA1C2190881800E41FCD /* ConstraintMakerFinalizable.swift */; };
		1259BA412190881900E41FCD /* ConstraintInsetTarget.swift in Sources */ = {isa = PBXBuildFile; fileRef = 1259BA1D2190881800E41FCD /* ConstraintInsetTarget.swift */; };
		1259BA422190881900E41FCD /* ConstraintMakerPriortizable.swift in Sources */ = {isa = PBXBuildFile; fileRef = 1259BA1E2190881800E41FCD /* ConstraintMakerPriortizable.swift */; };
		1259BA432190881900E41FCD /* ConstraintViewDSL.swift in Sources */ = {isa = PBXBuildFile; fileRef = 1259BA1F2190881800E41FCD /* ConstraintViewDSL.swift */; };
		1259BA442190881900E41FCD /* ConstraintDSL.swift in Sources */ = {isa = PBXBuildFile; fileRef = 1259BA202190881800E41FCD /* ConstraintDSL.swift */; };
		1259BA452190881900E41FCD /* ConstraintView.swift in Sources */ = {isa = PBXBuildFile; fileRef = 1259BA212190881800E41FCD /* ConstraintView.swift */; };
		1259BA462190881900E41FCD /* Debugging.swift in Sources */ = {isa = PBXBuildFile; fileRef = 1259BA222190881800E41FCD /* Debugging.swift */; };
		1259BA472190881900E41FCD /* LayoutConstraint.swift in Sources */ = {isa = PBXBuildFile; fileRef = 1259BA232190881800E41FCD /* LayoutConstraint.swift */; };
		1259BA482190881900E41FCD /* ConstraintLayoutGuideDSL.swift in Sources */ = {isa = PBXBuildFile; fileRef = 1259BA242190881800E41FCD /* ConstraintLayoutGuideDSL.swift */; };
		1259BA492190881900E41FCD /* ConstraintLayoutSupportDSL.swift in Sources */ = {isa = PBXBuildFile; fileRef = 1259BA252190881800E41FCD /* ConstraintLayoutSupportDSL.swift */; };
		1259BA4A2190881900E41FCD /* ConstraintView+Extensions.swift in Sources */ = {isa = PBXBuildFile; fileRef = 1259BA262190881800E41FCD /* ConstraintView+Extensions.swift */; };
		1259BA4B2190881900E41FCD /* LayoutConstraintItem.swift in Sources */ = {isa = PBXBuildFile; fileRef = 1259BA272190881800E41FCD /* LayoutConstraintItem.swift */; };
		1259BA4C2190881900E41FCD /* ConstraintPriority.swift in Sources */ = {isa = PBXBuildFile; fileRef = 1259BA292190881800E41FCD /* ConstraintPriority.swift */; };
		1259BA4D2190881900E41FCD /* ConstraintMultiplierTarget.swift in Sources */ = {isa = PBXBuildFile; fileRef = 1259BA2A2190881800E41FCD /* ConstraintMultiplierTarget.swift */; };
		1259BA4E2190881900E41FCD /* ConstraintConstantTarget.swift in Sources */ = {isa = PBXBuildFile; fileRef = 1259BA2B2190881800E41FCD /* ConstraintConstantTarget.swift */; };
		1259BA4F2190881900E41FCD /* ConstraintDescription.swift in Sources */ = {isa = PBXBuildFile; fileRef = 1259BA2C2190881800E41FCD /* ConstraintDescription.swift */; };
		1259BA502190881900E41FCD /* ConstraintRelation.swift in Sources */ = {isa = PBXBuildFile; fileRef = 1259BA2D2190881800E41FCD /* ConstraintRelation.swift */; };
		1259BA512190881900E41FCD /* ConstraintItem.swift in Sources */ = {isa = PBXBuildFile; fileRef = 1259BA2E2190881800E41FCD /* ConstraintItem.swift */; };
		1259BA522190881900E41FCD /* ConstraintLayoutSupport.swift in Sources */ = {isa = PBXBuildFile; fileRef = 1259BA2F2190881800E41FCD /* ConstraintLayoutSupport.swift */; };
		1259BA532190881900E41FCD /* ConstraintMakerExtendable.swift in Sources */ = {isa = PBXBuildFile; fileRef = 1259BA302190881900E41FCD /* ConstraintMakerExtendable.swift */; };
		1259BA542190881900E41FCD /* ConstraintLayoutGuide.swift in Sources */ = {isa = PBXBuildFile; fileRef = 1259BA312190881900E41FCD /* ConstraintLayoutGuide.swift */; };
		1259BA552190881900E41FCD /* ConstraintPriorityTarget.swift in Sources */ = {isa = PBXBuildFile; fileRef = 1259BA322190881900E41FCD /* ConstraintPriorityTarget.swift */; };
		1259BA562190881900E41FCD /* ConstraintAttributes.swift in Sources */ = {isa = PBXBuildFile; fileRef = 1259BA332190881900E41FCD /* ConstraintAttributes.swift */; };
		1259BA572190881900E41FCD /* ConstraintOffsetTarget.swift in Sources */ = {isa = PBXBuildFile; fileRef = 1259BA342190881900E41FCD /* ConstraintOffsetTarget.swift */; };
		1259BA582190881900E41FCD /* ConstraintInsets.swift in Sources */ = {isa = PBXBuildFile; fileRef = 1259BA352190881900E41FCD /* ConstraintInsets.swift */; };
		1259BA592190881900E41FCD /* ConstraintRelatableTarget.swift in Sources */ = {isa = PBXBuildFile; fileRef = 1259BA362190881900E41FCD /* ConstraintRelatableTarget.swift */; };
		1259BA5A2190881900E41FCD /* ConstraintMaker.swift in Sources */ = {isa = PBXBuildFile; fileRef = 1259BA372190881900E41FCD /* ConstraintMaker.swift */; };
		1259BA5B2190881900E41FCD /* ConstraintConfig.swift in Sources */ = {isa = PBXBuildFile; fileRef = 1259BA382190881900E41FCD /* ConstraintConfig.swift */; };
		1259BA5C2190881900E41FCD /* ConstraintMakerEditable.swift in Sources */ = {isa = PBXBuildFile; fileRef = 1259BA392190881900E41FCD /* ConstraintMakerEditable.swift */; };
		1259BA5D2190881900E41FCD /* UILayoutSupport+Extensions.swift in Sources */ = {isa = PBXBuildFile; fileRef = 1259BA3A2190881900E41FCD /* UILayoutSupport+Extensions.swift */; };
		127948371FC81DE0002B056C /* EFQRCode.framework in Copy Frameworks */ = {isa = PBXBuildFile; fileRef = 12F371B41EA8DE740049DE67 /* EFQRCode.framework */; settings = {ATTRIBUTES = (CodeSignOnCopy, RemoveHeadersOnCopy, ); }; };
		12C4B5291FBECBF3006BD46D /* DragDropImageView.swift in Sources */ = {isa = PBXBuildFile; fileRef = 12C4B5281FBECBF3006BD46D /* DragDropImageView.swift */; };
		12F371971EA8DE3A0049DE67 /* AppDelegate.swift in Sources */ = {isa = PBXBuildFile; fileRef = 12F371961EA8DE3A0049DE67 /* AppDelegate.swift */; };
		12F371991EA8DE3A0049DE67 /* ViewController.swift in Sources */ = {isa = PBXBuildFile; fileRef = 12F371981EA8DE3A0049DE67 /* ViewController.swift */; };
		12F3719B1EA8DE3A0049DE67 /* Assets.xcassets in Resources */ = {isa = PBXBuildFile; fileRef = 12F3719A1EA8DE3A0049DE67 /* Assets.xcassets */; };
		12F3719E1EA8DE3A0049DE67 /* Main.storyboard in Resources */ = {isa = PBXBuildFile; fileRef = 12F3719C1EA8DE3A0049DE67 /* Main.storyboard */; };
/* End PBXBuildFile section */

/* Begin PBXContainerItemProxy section */
		1215ADAC1EAC907800F824B1 /* PBXContainerItemProxy */ = {
			isa = PBXContainerItemProxy;
			containerPortal = 12F371A61EA8DE740049DE67 /* EFQRCode.xcodeproj */;
			proxyType = 1;
			remoteGlobalIDString = 4DD67C0A1A5C55C900ED2280;
			remoteInfo = "EFQRCode macOS";
		};
		12F371AF1EA8DE740049DE67 /* PBXContainerItemProxy */ = {
			isa = PBXContainerItemProxy;
			containerPortal = 12F371A61EA8DE740049DE67 /* EFQRCode.xcodeproj */;
			proxyType = 2;
			remoteGlobalIDString = F8111E3319A95C8B0040E7D1;
			remoteInfo = "EFQRCode iOS";
		};
		12F371B11EA8DE740049DE67 /* PBXContainerItemProxy */ = {
			isa = PBXContainerItemProxy;
			containerPortal = 12F371A61EA8DE740049DE67 /* EFQRCode.xcodeproj */;
			proxyType = 2;
			remoteGlobalIDString = F8111E3E19A95C8B0040E7D1;
			remoteInfo = "EFQRCode iOS Tests";
		};
		12F371B31EA8DE740049DE67 /* PBXContainerItemProxy */ = {
			isa = PBXContainerItemProxy;
			containerPortal = 12F371A61EA8DE740049DE67 /* EFQRCode.xcodeproj */;
			proxyType = 2;
			remoteGlobalIDString = 4DD67C0B1A5C55C900ED2280;
			remoteInfo = "EFQRCode macOS";
		};
		12F371B51EA8DE740049DE67 /* PBXContainerItemProxy */ = {
			isa = PBXContainerItemProxy;
			containerPortal = 12F371A61EA8DE740049DE67 /* EFQRCode.xcodeproj */;
			proxyType = 2;
			remoteGlobalIDString = F829C6B21A7A94F100A2CD59;
			remoteInfo = "EFQRCode macOS Tests";
		};
		12F371B71EA8DE740049DE67 /* PBXContainerItemProxy */ = {
			isa = PBXContainerItemProxy;
			containerPortal = 12F371A61EA8DE740049DE67 /* EFQRCode.xcodeproj */;
			proxyType = 2;
			remoteGlobalIDString = 4CF626EF1BA7CB3E0011A099;
			remoteInfo = "EFQRCode tvOS";
		};
		12F371B91EA8DE740049DE67 /* PBXContainerItemProxy */ = {
			isa = PBXContainerItemProxy;
			containerPortal = 12F371A61EA8DE740049DE67 /* EFQRCode.xcodeproj */;
			proxyType = 2;
			remoteGlobalIDString = 4CF626F81BA7CB3E0011A099;
			remoteInfo = "EFQRCode tvOS Tests";
		};
		5282BD1C1FF3AE0300DFB36B /* PBXContainerItemProxy */ = {
			isa = PBXContainerItemProxy;
			containerPortal = 12F371A61EA8DE740049DE67 /* EFQRCode.xcodeproj */;
			proxyType = 2;
			remoteGlobalIDString = 5282BCAD1FF38F8100DFB36B;
			remoteInfo = "EFQRCode watchOS";
		};
/* End PBXContainerItemProxy section */

/* Begin PBXCopyFilesBuildPhase section */
		1215ADBA1EAC909D00F824B1 /* Copy Frameworks */ = {
			isa = PBXCopyFilesBuildPhase;
			buildActionMask = 2147483647;
			dstPath = "";
			dstSubfolderSpec = 10;
			files = (
				127948371FC81DE0002B056C /* EFQRCode.framework in Copy Frameworks */,
			);
			name = "Copy Frameworks";
			runOnlyForDeploymentPostprocessing = 0;
		};
/* End PBXCopyFilesBuildPhase section */

/* Begin PBXFileReference section */
		1218B8231FBB2E8700560874 /* ViewController+Recognizer.swift */ = {isa = PBXFileReference; lastKnownFileType = sourcecode.swift; path = "ViewController+Recognizer.swift"; sourceTree = "<group>"; };
		1218B82A1FBB2E9000560874 /* ViewController+Generator.swift */ = {isa = PBXFileReference; lastKnownFileType = sourcecode.swift; path = "ViewController+Generator.swift"; sourceTree = "<group>"; };
		122BB0391FBEF5E100BBCA0B /* EFQRCode.macOS.entitlements */ = {isa = PBXFileReference; lastKnownFileType = text.plist.entitlements; path = EFQRCode.macOS.entitlements; sourceTree = "<group>"; };
		122BB03A1FBEFA1B00BBCA0B /* NSImage+.swift */ = {isa = PBXFileReference; lastKnownFileType = sourcecode.swift; path = "NSImage+.swift"; sourceTree = "<group>"; };
		12409D671FC582D200719A02 /* EFDetailButton.swift */ = {isa = PBXFileReference; lastKnownFileType = sourcecode.swift; path = EFDetailButton.swift; sourceTree = "<group>"; };
		125436EE1EABA98C00C46CC7 /* NSColor+.swift */ = {isa = PBXFileReference; fileEncoding = 4; lastKnownFileType = sourcecode.swift; path = "NSColor+.swift"; sourceTree = "<group>"; };
		1259BA172190881800E41FCD /* ConstraintMakerRelatable.swift */ = {isa = PBXFileReference; fileEncoding = 4; lastKnownFileType = sourcecode.swift; name = ConstraintMakerRelatable.swift; path = ../../3rd/SnapKit/Source/ConstraintMakerRelatable.swift; sourceTree = "<group>"; };
		1259BA182190881800E41FCD /* ConstraintLayoutGuide+Extensions.swift */ = {isa = PBXFileReference; fileEncoding = 4; lastKnownFileType = sourcecode.swift; name = "ConstraintLayoutGuide+Extensions.swift"; path = "../../3rd/SnapKit/Source/ConstraintLayoutGuide+Extensions.swift"; sourceTree = "<group>"; };
		1259BA192190881800E41FCD /* Typealiases.swift */ = {isa = PBXFileReference; fileEncoding = 4; lastKnownFileType = sourcecode.swift; name = Typealiases.swift; path = ../../3rd/SnapKit/Source/Typealiases.swift; sourceTree = "<group>"; };
		1259BA1A2190881800E41FCD /* Constraint.swift */ = {isa = PBXFileReference; fileEncoding = 4; lastKnownFileType = sourcecode.swift; name = Constraint.swift; path = ../../3rd/SnapKit/Source/Constraint.swift; sourceTree = "<group>"; };
		1259BA1C2190881800E41FCD /* ConstraintMakerFinalizable.swift */ = {isa = PBXFileReference; fileEncoding = 4; lastKnownFileType = sourcecode.swift; name = ConstraintMakerFinalizable.swift; path = ../../3rd/SnapKit/Source/ConstraintMakerFinalizable.swift; sourceTree = "<group>"; };
		1259BA1D2190881800E41FCD /* ConstraintInsetTarget.swift */ = {isa = PBXFileReference; fileEncoding = 4; lastKnownFileType = sourcecode.swift; name = ConstraintInsetTarget.swift; path = ../../3rd/SnapKit/Source/ConstraintInsetTarget.swift; sourceTree = "<group>"; };
		1259BA1E2190881800E41FCD /* ConstraintMakerPriortizable.swift */ = {isa = PBXFileReference; fileEncoding = 4; lastKnownFileType = sourcecode.swift; name = ConstraintMakerPriortizable.swift; path = ../../3rd/SnapKit/Source/ConstraintMakerPriortizable.swift; sourceTree = "<group>"; };
		1259BA1F2190881800E41FCD /* ConstraintViewDSL.swift */ = {isa = PBXFileReference; fileEncoding = 4; lastKnownFileType = sourcecode.swift; name = ConstraintViewDSL.swift; path = ../../3rd/SnapKit/Source/ConstraintViewDSL.swift; sourceTree = "<group>"; };
		1259BA202190881800E41FCD /* ConstraintDSL.swift */ = {isa = PBXFileReference; fileEncoding = 4; lastKnownFileType = sourcecode.swift; name = ConstraintDSL.swift; path = ../../3rd/SnapKit/Source/ConstraintDSL.swift; sourceTree = "<group>"; };
		1259BA212190881800E41FCD /* ConstraintView.swift */ = {isa = PBXFileReference; fileEncoding = 4; lastKnownFileType = sourcecode.swift; name = ConstraintView.swift; path = ../../3rd/SnapKit/Source/ConstraintView.swift; sourceTree = "<group>"; };
		1259BA222190881800E41FCD /* Debugging.swift */ = {isa = PBXFileReference; fileEncoding = 4; lastKnownFileType = sourcecode.swift; name = Debugging.swift; path = ../../3rd/SnapKit/Source/Debugging.swift; sourceTree = "<group>"; };
		1259BA232190881800E41FCD /* LayoutConstraint.swift */ = {isa = PBXFileReference; fileEncoding = 4; lastKnownFileType = sourcecode.swift; name = LayoutConstraint.swift; path = ../../3rd/SnapKit/Source/LayoutConstraint.swift; sourceTree = "<group>"; };
		1259BA242190881800E41FCD /* ConstraintLayoutGuideDSL.swift */ = {isa = PBXFileReference; fileEncoding = 4; lastKnownFileType = sourcecode.swift; name = ConstraintLayoutGuideDSL.swift; path = ../../3rd/SnapKit/Source/ConstraintLayoutGuideDSL.swift; sourceTree = "<group>"; };
		1259BA252190881800E41FCD /* ConstraintLayoutSupportDSL.swift */ = {isa = PBXFileReference; fileEncoding = 4; lastKnownFileType = sourcecode.swift; name = ConstraintLayoutSupportDSL.swift; path = ../../3rd/SnapKit/Source/ConstraintLayoutSupportDSL.swift; sourceTree = "<group>"; };
		1259BA262190881800E41FCD /* ConstraintView+Extensions.swift */ = {isa = PBXFileReference; fileEncoding = 4; lastKnownFileType = sourcecode.swift; name = "ConstraintView+Extensions.swift"; path = "../../3rd/SnapKit/Source/ConstraintView+Extensions.swift"; sourceTree = "<group>"; };
		1259BA272190881800E41FCD /* LayoutConstraintItem.swift */ = {isa = PBXFileReference; fileEncoding = 4; lastKnownFileType = sourcecode.swift; name = LayoutConstraintItem.swift; path = ../../3rd/SnapKit/Source/LayoutConstraintItem.swift; sourceTree = "<group>"; };
		1259BA282190881800E41FCD /* SnapKit.h */ = {isa = PBXFileReference; fileEncoding = 4; lastKnownFileType = sourcecode.c.h; name = SnapKit.h; path = ../../3rd/SnapKit/Source/SnapKit.h; sourceTree = "<group>"; };
		1259BA292190881800E41FCD /* ConstraintPriority.swift */ = {isa = PBXFileReference; fileEncoding = 4; lastKnownFileType = sourcecode.swift; name = ConstraintPriority.swift; path = ../../3rd/SnapKit/Source/ConstraintPriority.swift; sourceTree = "<group>"; };
		1259BA2A2190881800E41FCD /* ConstraintMultiplierTarget.swift */ = {isa = PBXFileReference; fileEncoding = 4; lastKnownFileType = sourcecode.swift; name = ConstraintMultiplierTarget.swift; path = ../../3rd/SnapKit/Source/ConstraintMultiplierTarget.swift; sourceTree = "<group>"; };
		1259BA2B2190881800E41FCD /* ConstraintConstantTarget.swift */ = {isa = PBXFileReference; fileEncoding = 4; lastKnownFileType = sourcecode.swift; name = ConstraintConstantTarget.swift; path = ../../3rd/SnapKit/Source/ConstraintConstantTarget.swift; sourceTree = "<group>"; };
		1259BA2C2190881800E41FCD /* ConstraintDescription.swift */ = {isa = PBXFileReference; fileEncoding = 4; lastKnownFileType = sourcecode.swift; name = ConstraintDescription.swift; path = ../../3rd/SnapKit/Source/ConstraintDescription.swift; sourceTree = "<group>"; };
		1259BA2D2190881800E41FCD /* ConstraintRelation.swift */ = {isa = PBXFileReference; fileEncoding = 4; lastKnownFileType = sourcecode.swift; name = ConstraintRelation.swift; path = ../../3rd/SnapKit/Source/ConstraintRelation.swift; sourceTree = "<group>"; };
		1259BA2E2190881800E41FCD /* ConstraintItem.swift */ = {isa = PBXFileReference; fileEncoding = 4; lastKnownFileType = sourcecode.swift; name = ConstraintItem.swift; path = ../../3rd/SnapKit/Source/ConstraintItem.swift; sourceTree = "<group>"; };
		1259BA2F2190881800E41FCD /* ConstraintLayoutSupport.swift */ = {isa = PBXFileReference; fileEncoding = 4; lastKnownFileType = sourcecode.swift; name = ConstraintLayoutSupport.swift; path = ../../3rd/SnapKit/Source/ConstraintLayoutSupport.swift; sourceTree = "<group>"; };
		1259BA302190881900E41FCD /* ConstraintMakerExtendable.swift */ = {isa = PBXFileReference; fileEncoding = 4; lastKnownFileType = sourcecode.swift; name = ConstraintMakerExtendable.swift; path = ../../3rd/SnapKit/Source/ConstraintMakerExtendable.swift; sourceTree = "<group>"; };
		1259BA312190881900E41FCD /* ConstraintLayoutGuide.swift */ = {isa = PBXFileReference; fileEncoding = 4; lastKnownFileType = sourcecode.swift; name = ConstraintLayoutGuide.swift; path = ../../3rd/SnapKit/Source/ConstraintLayoutGuide.swift; sourceTree = "<group>"; };
		1259BA322190881900E41FCD /* ConstraintPriorityTarget.swift */ = {isa = PBXFileReference; fileEncoding = 4; lastKnownFileType = sourcecode.swift; name = ConstraintPriorityTarget.swift; path = ../../3rd/SnapKit/Source/ConstraintPriorityTarget.swift; sourceTree = "<group>"; };
		1259BA332190881900E41FCD /* ConstraintAttributes.swift */ = {isa = PBXFileReference; fileEncoding = 4; lastKnownFileType = sourcecode.swift; name = ConstraintAttributes.swift; path = ../../3rd/SnapKit/Source/ConstraintAttributes.swift; sourceTree = "<group>"; };
		1259BA342190881900E41FCD /* ConstraintOffsetTarget.swift */ = {isa = PBXFileReference; fileEncoding = 4; lastKnownFileType = sourcecode.swift; name = ConstraintOffsetTarget.swift; path = ../../3rd/SnapKit/Source/ConstraintOffsetTarget.swift; sourceTree = "<group>"; };
		1259BA352190881900E41FCD /* ConstraintInsets.swift */ = {isa = PBXFileReference; fileEncoding = 4; lastKnownFileType = sourcecode.swift; name = ConstraintInsets.swift; path = ../../3rd/SnapKit/Source/ConstraintInsets.swift; sourceTree = "<group>"; };
		1259BA362190881900E41FCD /* ConstraintRelatableTarget.swift */ = {isa = PBXFileReference; fileEncoding = 4; lastKnownFileType = sourcecode.swift; name = ConstraintRelatableTarget.swift; path = ../../3rd/SnapKit/Source/ConstraintRelatableTarget.swift; sourceTree = "<group>"; };
		1259BA372190881900E41FCD /* ConstraintMaker.swift */ = {isa = PBXFileReference; fileEncoding = 4; lastKnownFileType = sourcecode.swift; name = ConstraintMaker.swift; path = ../../3rd/SnapKit/Source/ConstraintMaker.swift; sourceTree = "<group>"; };
		1259BA382190881900E41FCD /* ConstraintConfig.swift */ = {isa = PBXFileReference; fileEncoding = 4; lastKnownFileType = sourcecode.swift; name = ConstraintConfig.swift; path = ../../3rd/SnapKit/Source/ConstraintConfig.swift; sourceTree = "<group>"; };
		1259BA392190881900E41FCD /* ConstraintMakerEditable.swift */ = {isa = PBXFileReference; fileEncoding = 4; lastKnownFileType = sourcecode.swift; name = ConstraintMakerEditable.swift; path = ../../3rd/SnapKit/Source/ConstraintMakerEditable.swift; sourceTree = "<group>"; };
		1259BA3A2190881900E41FCD /* UILayoutSupport+Extensions.swift */ = {isa = PBXFileReference; fileEncoding = 4; lastKnownFileType = sourcecode.swift; name = "UILayoutSupport+Extensions.swift"; path = "../../3rd/SnapKit/Source/UILayoutSupport+Extensions.swift"; sourceTree = "<group>"; };
		12C4B5281FBECBF3006BD46D /* DragDropImageView.swift */ = {isa = PBXFileReference; lastKnownFileType = sourcecode.swift; path = DragDropImageView.swift; sourceTree = "<group>"; };
		12F371931EA8DE3A0049DE67 /* EFQRCode.app */ = {isa = PBXFileReference; explicitFileType = wrapper.application; includeInIndex = 0; path = EFQRCode.app; sourceTree = BUILT_PRODUCTS_DIR; };
		12F371961EA8DE3A0049DE67 /* AppDelegate.swift */ = {isa = PBXFileReference; lastKnownFileType = sourcecode.swift; path = AppDelegate.swift; sourceTree = "<group>"; };
		12F371981EA8DE3A0049DE67 /* ViewController.swift */ = {isa = PBXFileReference; lastKnownFileType = sourcecode.swift; path = ViewController.swift; sourceTree = "<group>"; };
		12F3719A1EA8DE3A0049DE67 /* Assets.xcassets */ = {isa = PBXFileReference; lastKnownFileType = folder.assetcatalog; path = Assets.xcassets; sourceTree = "<group>"; };
		12F3719D1EA8DE3A0049DE67 /* Base */ = {isa = PBXFileReference; lastKnownFileType = file.storyboard; name = Base; path = Base.lproj/Main.storyboard; sourceTree = "<group>"; };
		12F3719F1EA8DE3A0049DE67 /* Info.plist */ = {isa = PBXFileReference; lastKnownFileType = text.plist.xml; path = Info.plist; sourceTree = "<group>"; };
		12F371A61EA8DE740049DE67 /* EFQRCode.xcodeproj */ = {isa = PBXFileReference; lastKnownFileType = "wrapper.pb-project"; name = EFQRCode.xcodeproj; path = ../../EFQRCode.xcodeproj; sourceTree = "<group>"; };
/* End PBXFileReference section */

/* Begin PBXFrameworksBuildPhase section */
		12F371901EA8DE3A0049DE67 /* Frameworks */ = {
			isa = PBXFrameworksBuildPhase;
			buildActionMask = 2147483647;
			files = (
				1215ADB41EAC908000F824B1 /* EFQRCode.framework in Frameworks */,
			);
			runOnlyForDeploymentPostprocessing = 0;
		};
/* End PBXFrameworksBuildPhase section */

/* Begin PBXGroup section */
		125436E71EABA97900C46CC7 /* Extension */ = {
			isa = PBXGroup;
			children = (
				125436EE1EABA98C00C46CC7 /* NSColor+.swift */,
				122BB03A1FBEFA1B00BBCA0B /* NSImage+.swift */,
			);
			name = Extension;
			sourceTree = "<group>";
		};
		125436F01EABA9B000C46CC7 /* Supporting Files */ = {
			isa = PBXGroup;
			children = (
				12F3719F1EA8DE3A0049DE67 /* Info.plist */,
			);
			name = "Supporting Files";
			sourceTree = "<group>";
		};
		125436F11EABA9BA00C46CC7 /* Res */ = {
			isa = PBXGroup;
			children = (
				12F3719A1EA8DE3A0049DE67 /* Assets.xcassets */,
				12F3719C1EA8DE3A0049DE67 /* Main.storyboard */,
			);
			name = Res;
			sourceTree = "<group>";
		};
		125436F21EABA9D000C46CC7 /* Controller */ = {
			isa = PBXGroup;
			children = (
				12F371981EA8DE3A0049DE67 /* ViewController.swift */,
				1218B8231FBB2E8700560874 /* ViewController+Recognizer.swift */,
				1218B82A1FBB2E9000560874 /* ViewController+Generator.swift */,
			);
			name = Controller;
			sourceTree = "<group>";
		};
		1259BA162190880100E41FCD /* SnapKit */ = {
			isa = PBXGroup;
			children = (
				1259BA1A2190881800E41FCD /* Constraint.swift */,
				1259BA332190881900E41FCD /* ConstraintAttributes.swift */,
				1259BA382190881900E41FCD /* ConstraintConfig.swift */,
				1259BA2B2190881800E41FCD /* ConstraintConstantTarget.swift */,
				1259BA2C2190881800E41FCD /* ConstraintDescription.swift */,
				1259BA202190881800E41FCD /* ConstraintDSL.swift */,
				1259BA352190881900E41FCD /* ConstraintInsets.swift */,
				1259BA1D2190881800E41FCD /* ConstraintInsetTarget.swift */,
				1259BA2E2190881800E41FCD /* ConstraintItem.swift */,
				1259BA312190881900E41FCD /* ConstraintLayoutGuide.swift */,
				1259BA182190881800E41FCD /* ConstraintLayoutGuide+Extensions.swift */,
				1259BA242190881800E41FCD /* ConstraintLayoutGuideDSL.swift */,
				1259BA2F2190881800E41FCD /* ConstraintLayoutSupport.swift */,
				1259BA252190881800E41FCD /* ConstraintLayoutSupportDSL.swift */,
				1259BA372190881900E41FCD /* ConstraintMaker.swift */,
				1259BA392190881900E41FCD /* ConstraintMakerEditable.swift */,
				1259BA302190881900E41FCD /* ConstraintMakerExtendable.swift */,
				1259BA1C2190881800E41FCD /* ConstraintMakerFinalizable.swift */,
				1259BA1E2190881800E41FCD /* ConstraintMakerPriortizable.swift */,
				1259BA172190881800E41FCD /* ConstraintMakerRelatable.swift */,
				1259BA2A2190881800E41FCD /* ConstraintMultiplierTarget.swift */,
				1259BA342190881900E41FCD /* ConstraintOffsetTarget.swift */,
				1259BA292190881800E41FCD /* ConstraintPriority.swift */,
				1259BA322190881900E41FCD /* ConstraintPriorityTarget.swift */,
				1259BA362190881900E41FCD /* ConstraintRelatableTarget.swift */,
				1259BA2D2190881800E41FCD /* ConstraintRelation.swift */,
				1259BA212190881800E41FCD /* ConstraintView.swift */,
				1259BA262190881800E41FCD /* ConstraintView+Extensions.swift */,
				1259BA1F2190881800E41FCD /* ConstraintViewDSL.swift */,
				1259BA222190881800E41FCD /* Debugging.swift */,
				1259BA232190881800E41FCD /* LayoutConstraint.swift */,
				1259BA272190881800E41FCD /* LayoutConstraintItem.swift */,
				1259BA282190881800E41FCD /* SnapKit.h */,
				1259BA192190881800E41FCD /* Typealiases.swift */,
				1259BA3A2190881900E41FCD /* UILayoutSupport+Extensions.swift */,
			);
			name = SnapKit;
			sourceTree = "<group>";
		};
		12C4B5221FBECBD7006BD46D /* View */ = {
			isa = PBXGroup;
			children = (
				12C4B5281FBECBF3006BD46D /* DragDropImageView.swift */,
				12409D671FC582D200719A02 /* EFDetailButton.swift */,
			);
			name = View;
			sourceTree = "<group>";
		};
		12F3718A1EA8DE3A0049DE67 = {
			isa = PBXGroup;
			children = (
				12F371951EA8DE3A0049DE67 /* macOS Example */,
				12F371941EA8DE3A0049DE67 /* Products */,
				12F371A61EA8DE740049DE67 /* EFQRCode.xcodeproj */,
			);
			sourceTree = "<group>";
		};
		12F371941EA8DE3A0049DE67 /* Products */ = {
			isa = PBXGroup;
			children = (
				12F371931EA8DE3A0049DE67 /* EFQRCode.app */,
			);
			name = Products;
			sourceTree = "<group>";
		};
		12F371951EA8DE3A0049DE67 /* macOS Example */ = {
			isa = PBXGroup;
			children = (
				122BB0391FBEF5E100BBCA0B /* EFQRCode.macOS.entitlements */,
				12F371961EA8DE3A0049DE67 /* AppDelegate.swift */,
				12F715281FBB16D700EAEFDE /* 3rd */,
				125436F11EABA9BA00C46CC7 /* Res */,
				125436E71EABA97900C46CC7 /* Extension */,
				125436F21EABA9D000C46CC7 /* Controller */,
				12C4B5221FBECBD7006BD46D /* View */,
				125436F01EABA9B000C46CC7 /* Supporting Files */,
			);
			path = "macOS Example";
			sourceTree = "<group>";
		};
		12F371A71EA8DE740049DE67 /* Products */ = {
			isa = PBXGroup;
			children = (
				12F371B01EA8DE740049DE67 /* EFQRCode.framework */,
				12F371B21EA8DE740049DE67 /* EFQRCode iOS Tests.xctest */,
				12F371B41EA8DE740049DE67 /* EFQRCode.framework */,
				12F371B61EA8DE740049DE67 /* EFQRCode macOS Tests.xctest */,
				12F371B81EA8DE740049DE67 /* EFQRCode.framework */,
				12F371BA1EA8DE740049DE67 /* EFQRCode tvOS Tests.xctest */,
				5282BD1D1FF3AE0300DFB36B /* EFQRCode.framework */,
			);
			name = Products;
			sourceTree = "<group>";
		};
		12F715281FBB16D700EAEFDE /* 3rd */ = {
			isa = PBXGroup;
			children = (
				1259BA162190880100E41FCD /* SnapKit */,
			);
			name = 3rd;
			sourceTree = "<group>";
		};
/* End PBXGroup section */

/* Begin PBXNativeTarget section */
		12F371921EA8DE3A0049DE67 /* macOS Example */ = {
			isa = PBXNativeTarget;
			buildConfigurationList = 12F371A21EA8DE3A0049DE67 /* Build configuration list for PBXNativeTarget "macOS Example" */;
			buildPhases = (
				12F3718F1EA8DE3A0049DE67 /* Sources */,
				12F371901EA8DE3A0049DE67 /* Frameworks */,
				12F371911EA8DE3A0049DE67 /* Resources */,
				1215ADBA1EAC909D00F824B1 /* Copy Frameworks */,
			);
			buildRules = (
			);
			dependencies = (
				1215ADAD1EAC907800F824B1 /* PBXTargetDependency */,
			);
			name = "macOS Example";
			productName = "macOS Example";
			productReference = 12F371931EA8DE3A0049DE67 /* EFQRCode.app */;
			productType = "com.apple.product-type.application";
		};
/* End PBXNativeTarget section */

/* Begin PBXProject section */
		12F3718B1EA8DE3A0049DE67 /* Project object */ = {
			isa = PBXProject;
			attributes = {
				LastSwiftUpdateCheck = 0830;
				LastUpgradeCheck = 1010;
				ORGANIZATIONNAME = EyreFree;
				TargetAttributes = {
					12F371921EA8DE3A0049DE67 = {
						CreatedOnToolsVersion = 8.3;
						DevelopmentTeam = P3X2725LYY;
						LastSwiftMigration = 1010;
						ProvisioningStyle = Automatic;
						SystemCapabilities = {
							com.apple.Sandbox = {
								enabled = 1;
							};
						};
					};
				};
			};
			buildConfigurationList = 12F3718E1EA8DE3A0049DE67 /* Build configuration list for PBXProject "macOS Example" */;
			compatibilityVersion = "Xcode 3.2";
			developmentRegion = English;
			hasScannedForEncodings = 0;
			knownRegions = (
				en,
				Base,
			);
			mainGroup = 12F3718A1EA8DE3A0049DE67;
			productRefGroup = 12F371941EA8DE3A0049DE67 /* Products */;
			projectDirPath = "";
			projectReferences = (
				{
					ProductGroup = 12F371A71EA8DE740049DE67 /* Products */;
					ProjectRef = 12F371A61EA8DE740049DE67 /* EFQRCode.xcodeproj */;
				},
			);
			projectRoot = "";
			targets = (
				12F371921EA8DE3A0049DE67 /* macOS Example */,
			);
		};
/* End PBXProject section */

/* Begin PBXReferenceProxy section */
		12F371B01EA8DE740049DE67 /* EFQRCode.framework */ = {
			isa = PBXReferenceProxy;
			fileType = wrapper.framework;
			path = EFQRCode.framework;
			remoteRef = 12F371AF1EA8DE740049DE67 /* PBXContainerItemProxy */;
			sourceTree = BUILT_PRODUCTS_DIR;
		};
		12F371B21EA8DE740049DE67 /* EFQRCode iOS Tests.xctest */ = {
			isa = PBXReferenceProxy;
			fileType = wrapper.cfbundle;
			path = "EFQRCode iOS Tests.xctest";
			remoteRef = 12F371B11EA8DE740049DE67 /* PBXContainerItemProxy */;
			sourceTree = BUILT_PRODUCTS_DIR;
		};
		12F371B41EA8DE740049DE67 /* EFQRCode.framework */ = {
			isa = PBXReferenceProxy;
			fileType = wrapper.framework;
			path = EFQRCode.framework;
			remoteRef = 12F371B31EA8DE740049DE67 /* PBXContainerItemProxy */;
			sourceTree = BUILT_PRODUCTS_DIR;
		};
		12F371B61EA8DE740049DE67 /* EFQRCode macOS Tests.xctest */ = {
			isa = PBXReferenceProxy;
			fileType = wrapper.cfbundle;
			path = "EFQRCode macOS Tests.xctest";
			remoteRef = 12F371B51EA8DE740049DE67 /* PBXContainerItemProxy */;
			sourceTree = BUILT_PRODUCTS_DIR;
		};
		12F371B81EA8DE740049DE67 /* EFQRCode.framework */ = {
			isa = PBXReferenceProxy;
			fileType = wrapper.framework;
			path = EFQRCode.framework;
			remoteRef = 12F371B71EA8DE740049DE67 /* PBXContainerItemProxy */;
			sourceTree = BUILT_PRODUCTS_DIR;
		};
		12F371BA1EA8DE740049DE67 /* EFQRCode tvOS Tests.xctest */ = {
			isa = PBXReferenceProxy;
			fileType = wrapper.cfbundle;
			path = "EFQRCode tvOS Tests.xctest";
			remoteRef = 12F371B91EA8DE740049DE67 /* PBXContainerItemProxy */;
			sourceTree = BUILT_PRODUCTS_DIR;
		};
		5282BD1D1FF3AE0300DFB36B /* EFQRCode.framework */ = {
			isa = PBXReferenceProxy;
			fileType = wrapper.framework;
			path = EFQRCode.framework;
			remoteRef = 5282BD1C1FF3AE0300DFB36B /* PBXContainerItemProxy */;
			sourceTree = BUILT_PRODUCTS_DIR;
		};
/* End PBXReferenceProxy section */

/* Begin PBXResourcesBuildPhase section */
		12F371911EA8DE3A0049DE67 /* Resources */ = {
			isa = PBXResourcesBuildPhase;
			buildActionMask = 2147483647;
			files = (
				12F3719B1EA8DE3A0049DE67 /* Assets.xcassets in Resources */,
				12F3719E1EA8DE3A0049DE67 /* Main.storyboard in Resources */,
			);
			runOnlyForDeploymentPostprocessing = 0;
		};
/* End PBXResourcesBuildPhase section */

/* Begin PBXSourcesBuildPhase section */
		12F3718F1EA8DE3A0049DE67 /* Sources */ = {
			isa = PBXSourcesBuildPhase;
			buildActionMask = 2147483647;
			files = (
				1259BA502190881900E41FCD /* ConstraintRelation.swift in Sources */,
				1259BA4E2190881900E41FCD /* ConstraintConstantTarget.swift in Sources */,
				1259BA472190881900E41FCD /* LayoutConstraint.swift in Sources */,
				1259BA3E2190881900E41FCD /* Constraint.swift in Sources */,
				1218B82B1FBB2E9000560874 /* ViewController+Generator.swift in Sources */,
				1259BA3C2190881900E41FCD /* ConstraintLayoutGuide+Extensions.swift in Sources */,
				1259BA542190881900E41FCD /* ConstraintLayoutGuide.swift in Sources */,
				12F371991EA8DE3A0049DE67 /* ViewController.swift in Sources */,
				1259BA3B2190881900E41FCD /* ConstraintMakerRelatable.swift in Sources */,
				1259BA432190881900E41FCD /* ConstraintViewDSL.swift in Sources */,
				1259BA572190881900E41FCD /* ConstraintOffsetTarget.swift in Sources */,
				122BB03B1FBEFA1B00BBCA0B /* NSImage+.swift in Sources */,
				12409D681FC582D200719A02 /* EFDetailButton.swift in Sources */,
				1259BA532190881900E41FCD /* ConstraintMakerExtendable.swift in Sources */,
				1218B8241FBB2E8700560874 /* ViewController+Recognizer.swift in Sources */,
				1259BA452190881900E41FCD /* ConstraintView.swift in Sources */,
				1259BA482190881900E41FCD /* ConstraintLayoutGuideDSL.swift in Sources */,
				1259BA492190881900E41FCD /* ConstraintLayoutSupportDSL.swift in Sources */,
				1259BA592190881900E41FCD /* ConstraintRelatableTarget.swift in Sources */,
				1259BA3D2190881900E41FCD /* Typealiases.swift in Sources */,
				1259BA522190881900E41FCD /* ConstraintLayoutSupport.swift in Sources */,
				125436EF1EABA98C00C46CC7 /* NSColor+.swift in Sources */,
				12F371971EA8DE3A0049DE67 /* AppDelegate.swift in Sources */,
				1259BA5A2190881900E41FCD /* ConstraintMaker.swift in Sources */,
				1259BA4C2190881900E41FCD /* ConstraintPriority.swift in Sources */,
				12C4B5291FBECBF3006BD46D /* DragDropImageView.swift in Sources */,
				1259BA562190881900E41FCD /* ConstraintAttributes.swift in Sources */,
				1259BA4F2190881900E41FCD /* ConstraintDescription.swift in Sources */,
				1259BA462190881900E41FCD /* Debugging.swift in Sources */,
				1259BA4A2190881900E41FCD /* ConstraintView+Extensions.swift in Sources */,
				1259BA402190881900E41FCD /* ConstraintMakerFinalizable.swift in Sources */,
				1259BA412190881900E41FCD /* ConstraintInsetTarget.swift in Sources */,
				1259BA4D2190881900E41FCD /* ConstraintMultiplierTarget.swift in Sources */,
				1259BA5C2190881900E41FCD /* ConstraintMakerEditable.swift in Sources */,
				1259BA552190881900E41FCD /* ConstraintPriorityTarget.swift in Sources */,
				1259BA422190881900E41FCD /* ConstraintMakerPriortizable.swift in Sources */,
				1259BA5D2190881900E41FCD /* UILayoutSupport+Extensions.swift in Sources */,
				1259BA442190881900E41FCD /* ConstraintDSL.swift in Sources */,
				1259BA5B2190881900E41FCD /* ConstraintConfig.swift in Sources */,
				1259BA4B2190881900E41FCD /* LayoutConstraintItem.swift in Sources */,
				1259BA582190881900E41FCD /* ConstraintInsets.swift in Sources */,
				1259BA512190881900E41FCD /* ConstraintItem.swift in Sources */,
			);
			runOnlyForDeploymentPostprocessing = 0;
		};
/* End PBXSourcesBuildPhase section */

/* Begin PBXTargetDependency section */
		1215ADAD1EAC907800F824B1 /* PBXTargetDependency */ = {
			isa = PBXTargetDependency;
			name = "EFQRCode macOS";
			targetProxy = 1215ADAC1EAC907800F824B1 /* PBXContainerItemProxy */;
		};
/* End PBXTargetDependency section */

/* Begin PBXVariantGroup section */
		12F3719C1EA8DE3A0049DE67 /* Main.storyboard */ = {
			isa = PBXVariantGroup;
			children = (
				12F3719D1EA8DE3A0049DE67 /* Base */,
			);
			name = Main.storyboard;
			sourceTree = "<group>";
		};
/* End PBXVariantGroup section */

/* Begin XCBuildConfiguration section */
		12F371A01EA8DE3A0049DE67 /* Debug */ = {
			isa = XCBuildConfiguration;
			buildSettings = {
				ALWAYS_SEARCH_USER_PATHS = NO;
				CLANG_ANALYZER_NONNULL = YES;
				CLANG_ANALYZER_NUMBER_OBJECT_CONVERSION = YES_AGGRESSIVE;
				CLANG_CXX_LANGUAGE_STANDARD = "gnu++0x";
				CLANG_CXX_LIBRARY = "libc++";
				CLANG_ENABLE_MODULES = YES;
				CLANG_ENABLE_OBJC_ARC = YES;
				CLANG_WARN_BLOCK_CAPTURE_AUTORELEASING = YES;
				CLANG_WARN_BOOL_CONVERSION = YES;
				CLANG_WARN_COMMA = YES;
				CLANG_WARN_CONSTANT_CONVERSION = YES;
				CLANG_WARN_DEPRECATED_OBJC_IMPLEMENTATIONS = YES;
				CLANG_WARN_DIRECT_OBJC_ISA_USAGE = YES_ERROR;
				CLANG_WARN_DOCUMENTATION_COMMENTS = YES;
				CLANG_WARN_EMPTY_BODY = YES;
				CLANG_WARN_ENUM_CONVERSION = YES;
				CLANG_WARN_INFINITE_RECURSION = YES;
				CLANG_WARN_INT_CONVERSION = YES;
				CLANG_WARN_NON_LITERAL_NULL_CONVERSION = YES;
				CLANG_WARN_OBJC_IMPLICIT_RETAIN_SELF = YES;
				CLANG_WARN_OBJC_LITERAL_CONVERSION = YES;
				CLANG_WARN_OBJC_ROOT_CLASS = YES_ERROR;
				CLANG_WARN_RANGE_LOOP_ANALYSIS = YES;
				CLANG_WARN_STRICT_PROTOTYPES = YES;
				CLANG_WARN_SUSPICIOUS_MOVE = YES;
				CLANG_WARN_UNREACHABLE_CODE = YES;
				CLANG_WARN__DUPLICATE_METHOD_MATCH = YES;
				CODE_SIGN_IDENTITY = "-";
				COPY_PHASE_STRIP = NO;
				DEBUG_INFORMATION_FORMAT = dwarf;
				ENABLE_STRICT_OBJC_MSGSEND = YES;
				ENABLE_TESTABILITY = YES;
				GCC_C_LANGUAGE_STANDARD = gnu99;
				GCC_DYNAMIC_NO_PIC = NO;
				GCC_NO_COMMON_BLOCKS = YES;
				GCC_OPTIMIZATION_LEVEL = 0;
				GCC_PREPROCESSOR_DEFINITIONS = (
					"DEBUG=1",
					"$(inherited)",
				);
				GCC_WARN_64_TO_32_BIT_CONVERSION = YES;
				GCC_WARN_ABOUT_RETURN_TYPE = YES_ERROR;
				GCC_WARN_UNDECLARED_SELECTOR = YES;
				GCC_WARN_UNINITIALIZED_AUTOS = YES_AGGRESSIVE;
				GCC_WARN_UNUSED_FUNCTION = YES;
				GCC_WARN_UNUSED_VARIABLE = YES;
				MACOSX_DEPLOYMENT_TARGET = 10.11;
				MTL_ENABLE_DEBUG_INFO = YES;
				ONLY_ACTIVE_ARCH = YES;
				SDKROOT = macosx;
				SWIFT_ACTIVE_COMPILATION_CONDITIONS = DEBUG;
				SWIFT_OPTIMIZATION_LEVEL = "-Onone";
				SWIFT_VERSION = 4.2;
			};
			name = Debug;
		};
		12F371A11EA8DE3A0049DE67 /* Release */ = {
			isa = XCBuildConfiguration;
			buildSettings = {
				ALWAYS_SEARCH_USER_PATHS = NO;
				CLANG_ANALYZER_NONNULL = YES;
				CLANG_ANALYZER_NUMBER_OBJECT_CONVERSION = YES_AGGRESSIVE;
				CLANG_CXX_LANGUAGE_STANDARD = "gnu++0x";
				CLANG_CXX_LIBRARY = "libc++";
				CLANG_ENABLE_MODULES = YES;
				CLANG_ENABLE_OBJC_ARC = YES;
				CLANG_WARN_BLOCK_CAPTURE_AUTORELEASING = YES;
				CLANG_WARN_BOOL_CONVERSION = YES;
				CLANG_WARN_COMMA = YES;
				CLANG_WARN_CONSTANT_CONVERSION = YES;
				CLANG_WARN_DEPRECATED_OBJC_IMPLEMENTATIONS = YES;
				CLANG_WARN_DIRECT_OBJC_ISA_USAGE = YES_ERROR;
				CLANG_WARN_DOCUMENTATION_COMMENTS = YES;
				CLANG_WARN_EMPTY_BODY = YES;
				CLANG_WARN_ENUM_CONVERSION = YES;
				CLANG_WARN_INFINITE_RECURSION = YES;
				CLANG_WARN_INT_CONVERSION = YES;
				CLANG_WARN_NON_LITERAL_NULL_CONVERSION = YES;
				CLANG_WARN_OBJC_IMPLICIT_RETAIN_SELF = YES;
				CLANG_WARN_OBJC_LITERAL_CONVERSION = YES;
				CLANG_WARN_OBJC_ROOT_CLASS = YES_ERROR;
				CLANG_WARN_RANGE_LOOP_ANALYSIS = YES;
				CLANG_WARN_STRICT_PROTOTYPES = YES;
				CLANG_WARN_SUSPICIOUS_MOVE = YES;
				CLANG_WARN_UNREACHABLE_CODE = YES;
				CLANG_WARN__DUPLICATE_METHOD_MATCH = YES;
				CODE_SIGN_IDENTITY = "-";
				COPY_PHASE_STRIP = NO;
				DEBUG_INFORMATION_FORMAT = "dwarf-with-dsym";
				ENABLE_NS_ASSERTIONS = NO;
				ENABLE_STRICT_OBJC_MSGSEND = YES;
				GCC_C_LANGUAGE_STANDARD = gnu99;
				GCC_NO_COMMON_BLOCKS = YES;
				GCC_WARN_64_TO_32_BIT_CONVERSION = YES;
				GCC_WARN_ABOUT_RETURN_TYPE = YES_ERROR;
				GCC_WARN_UNDECLARED_SELECTOR = YES;
				GCC_WARN_UNINITIALIZED_AUTOS = YES_AGGRESSIVE;
				GCC_WARN_UNUSED_FUNCTION = YES;
				GCC_WARN_UNUSED_VARIABLE = YES;
				MACOSX_DEPLOYMENT_TARGET = 10.11;
				MTL_ENABLE_DEBUG_INFO = NO;
				SDKROOT = macosx;
				SWIFT_OPTIMIZATION_LEVEL = "-Owholemodule";
				SWIFT_VERSION = 4.2;
			};
			name = Release;
		};
		12F371A31EA8DE3A0049DE67 /* Debug */ = {
			isa = XCBuildConfiguration;
			buildSettings = {
				ASSETCATALOG_COMPILER_APPICON_NAME = AppIcon;
				CODE_SIGN_ENTITLEMENTS = "macOS Example/EFQRCode.macOS.entitlements";
				CODE_SIGN_IDENTITY = "Mac Developer";
				COMBINE_HIDPI_IMAGES = YES;
				DEVELOPMENT_TEAM = P3X2725LYY;
				INFOPLIST_FILE = "macOS Example/Info.plist";
				LD_RUNPATH_SEARCH_PATHS = "$(inherited) @executable_path/../Frameworks";
				MACOSX_DEPLOYMENT_TARGET = 10.11;
				PRODUCT_BUNDLE_IDENTIFIER = MacAppStore.EFQRCode;
				PRODUCT_MODULE_NAME = EFQRCode_Module;
				PRODUCT_NAME = EFQRCode;
				PROVISIONING_PROFILE_SPECIFIER = "";
				SWIFT_VERSION = 4.2;
			};
			name = Debug;
		};
		12F371A41EA8DE3A0049DE67 /* Release */ = {
			isa = XCBuildConfiguration;
			buildSettings = {
				ASSETCATALOG_COMPILER_APPICON_NAME = AppIcon;
				CODE_SIGN_ENTITLEMENTS = "macOS Example/EFQRCode.macOS.entitlements";
				CODE_SIGN_IDENTITY = "Mac Developer";
				COMBINE_HIDPI_IMAGES = YES;
				DEVELOPMENT_TEAM = P3X2725LYY;
				INFOPLIST_FILE = "macOS Example/Info.plist";
				LD_RUNPATH_SEARCH_PATHS = "$(inherited) @executable_path/../Frameworks";
				MACOSX_DEPLOYMENT_TARGET = 10.11;
				PRODUCT_BUNDLE_IDENTIFIER = MacAppStore.EFQRCode;
				PRODUCT_MODULE_NAME = EFQRCode_Module;
				PRODUCT_NAME = EFQRCode;
				PROVISIONING_PROFILE_SPECIFIER = "";
				SWIFT_VERSION = 4.2;
			};
			name = Release;
		};
/* End XCBuildConfiguration section */

/* Begin XCConfigurationList section */
		12F3718E1EA8DE3A0049DE67 /* Build configuration list for PBXProject "macOS Example" */ = {
			isa = XCConfigurationList;
			buildConfigurations = (
				12F371A01EA8DE3A0049DE67 /* Debug */,
				12F371A11EA8DE3A0049DE67 /* Release */,
			);
			defaultConfigurationIsVisible = 0;
			defaultConfigurationName = Release;
		};
		12F371A21EA8DE3A0049DE67 /* Build configuration list for PBXNativeTarget "macOS Example" */ = {
			isa = XCConfigurationList;
			buildConfigurations = (
				12F371A31EA8DE3A0049DE67 /* Debug */,
				12F371A41EA8DE3A0049DE67 /* Release */,
			);
			defaultConfigurationIsVisible = 0;
			defaultConfigurationName = Release;
		};
/* End XCConfigurationList section */
	};
	rootObject = 12F3718B1EA8DE3A0049DE67 /* Project object */;
}
