{
  "originHash" : "11f86398518dcbf41e872014094fd3b1bfe927bfb72c93803a72971c0282f595",
  "pins" : [
    {
      "identity" : "efcolorpicker",
      "kind" : "remoteSourceControl",
      "location" : "https://github.com/EFPrefix/EFColorPicker.git",
      "state" : {
        "revision" : "706c8412c38df821d5bff2751e8961bc5fdd4154",
        "version" : "5.2.2"
      }
    },
    {
      "identity" : "effoundation",
      "kind" : "remoteSourceControl",
      "location" : "https://github.com/EFPrefix/EFFoundation.git",
      "state" : {
        "revision" : "afb22ded5e2dfd8b375b9e4236ea9c20ecd5815f",
        "version" : "1.7.1"
      }
    },
    {
      "identity" : "snapkit",
      "kind" : "remoteSourceControl",
      "location" : "https://github.com/SnapKit/SnapKit.git",
      "state" : {
        "revision" : "f222cbdf325885926566172f6f5f06af95473158",
        "version" : "5.6.0"
      }
    },
    {
      "identity" : "swift_qrcodejs",
      "kind" : "remoteSourceControl",
      "location" : "https://github.com/EFPrefix/swift_qrcodejs.git",
      "state" : {
        "revision" : "0b504067933381616058a951382b226d6b3f47f7"
      }
    },
    {
      "identity" : "swiftdraw",
      "kind" : "remoteSourceControl",
      "location" : "https://github.com/swhitty/SwiftDraw.git",
      "state" : {
        "revision" : "67ed5e44fe41b5df72bb41ccb4342044f823e198"
      }
    }
  ],
  "version" : 3
}
